
Microsoft Visual Studio Solution File, Format Version 12.00
# Visual Studio Version 17
VisualStudioVersion = 17.0.31410.414
MinimumVisualStudioVersion = 10.0.40219.1
Project("{9A19103F-16F7-4668-BE54-9A1E7A4F7556}") = "AnyLayout", "AnyLayout\AnyLayout.csproj", "{2796EC08-660C-4223-B715-B02BA20AE2A6}"
EndProject
Project("{9A19103F-16F7-4668-BE54-9A1E7A4F7556}") = "DeviceTools.RawInput", "DeviceTools.RawInput\DeviceTools.RawInput.csproj", "{44C7D63A-D185-480A-BB51-10F0D35336D4}"
EndProject
Project("{2150E333-8FDC-42A3-9474-1A3956D46DE8}") = "Solution Items", "Solution Items", "{355E12EE-3C82-4B68-B800-448487790C0E}"
	ProjectSection(SolutionItems) = preProject
		.editorconfig = .editorconfig
		Directory.Build.props = Directory.Build.props
		Directory.Build.targets = Directory.Build.targets
		global.json = global.json
		Useful Bits.md = Useful Bits.md
	EndProjectSection
EndProject
Project("{9A19103F-16F7-4668-BE54-9A1E7A4F7556}") = "DeviceTools.Cli", "DeviceTools.Cli\DeviceTools.Cli.csproj", "{6912E342-533E-4A26-9C07-D95B752E94CF}"
EndProject
Project("{9A19103F-16F7-4668-BE54-9A1E7A4F7556}") = "DeviceTools.DeviceIds.Usb", "DeviceTools.DeviceIds.Usb\DeviceTools.DeviceIds.Usb.csproj", "{B089488B-0DE0-467B-897D-3941397F7124}"
EndProject
Project("{9A19103F-16F7-4668-BE54-9A1E7A4F7556}") = "DeviceTools.SourceGenerators", "DeviceTools.SourceGenerators\DeviceTools.SourceGenerators.csproj", "{90C2B7AF-165E-484B-86AD-C91C96D9F08E}"
EndProject
Project("{9A19103F-16F7-4668-BE54-9A1E7A4F7556}") = "RgbFusionControl", "RgbFusionControl\RgbFusionControl.csproj", "{C2885B64-FCA4-44DC-8AD8-BA16A921B371}"
EndProject
Project("{2150E333-8FDC-42A3-9474-1A3956D46DE8}") = "Docs", "Docs", "{08303426-8BFF-41F1-8589-922D8BE1B233}"
	ProjectSection(SolutionItems) = preProject
		Apple USB Keyboard.md = Apple USB Keyboard.md
		Corsair HX1200i.md = Corsair HX1200i.md
		Gigabyte Z490 Vision D.md = Gigabyte Z490 Vision D.md
		NZXT Kraken Z63.md = NZXT Kraken Z63.md
		Razer Mamba Chroma.md = Razer Mamba Chroma.md
		ViewSonic VP2785-4K.md = ViewSonic VP2785-4K.md
	EndProjectSection
EndProject
Project("{9A19103F-16F7-4668-BE54-9A1E7A4F7556}") = "DeviceTools.DisplayDevices", "DeviceTools.DisplayDevices\DeviceTools.DisplayDevices.csproj", "{066B767B-6335-4AD0-98C6-3B313A8A0689}"
EndProject
Project("{9A19103F-16F7-4668-BE54-9A1E7A4F7556}") = "DeviceTools.DisplayDevices.Tests", "DeviceTools.DisplayDevices.Tests\DeviceTools.DisplayDevices.Tests.csproj", "{D1DCAD46-5791-4637-8566-82A05C537E13}"
EndProject
Project("{9A19103F-16F7-4668-BE54-9A1E7A4F7556}") = "DeviceTools.Core", "DeviceTools.Core\DeviceTools.Core.csproj", "{DA47CCA3-B07B-47D3-87E3-23C1C2246A14}"
EndProject
Project("{9A19103F-16F7-4668-BE54-9A1E7A4F7556}") = "Exo.Cli", "Exo.Cli\Exo.Cli.csproj", "{712AE2A9-3108-4F30-8657-B6D8B42F03EA}"
EndProject
Project("{9A19103F-16F7-4668-BE54-9A1E7A4F7556}") = "Exo.Core", "Exo.Core\Exo.Core.csproj", "{E72FBFB4-3CF1-4CBA-AB7C-67CE2525E55C}"
EndProject
Project("{9A19103F-16F7-4668-BE54-9A1E7A4F7556}") = "Exo.Devices.Apple.Keyboard", "Exo.Devices.Apple.Keyboard\Exo.Devices.Apple.Keyboard.csproj", "{B48149B4-130C-4277-9727-D97C648C91AD}"
EndProject
Project("{9A19103F-16F7-4668-BE54-9A1E7A4F7556}") = "Exo.Devices.Gigabyte.IT5702", "Exo.Devices.Gigabyte.IT5702\Exo.Devices.Gigabyte.IT5702.csproj", "{453DBCD7-A3E3-4BC4-89D6-DEA0F1BA7AF6}"
EndProject
Project("{9A19103F-16F7-4668-BE54-9A1E7A4F7556}") = "Exo.DeviceNotifications", "Exo.DeviceNotifications\Exo.DeviceNotifications.csproj", "{8DAF49D0-B373-47E7-8DE9-B4963E6DE82E}"
EndProject
Project("{9A19103F-16F7-4668-BE54-9A1E7A4F7556}") = "DeviceTools.DeviceIds.Databases", "DeviceTools.DeviceIds.Databases\DeviceTools.DeviceIds.Databases.csproj", "{3476FF98-7AB8-44D0-811C-AC8453C32387}"
EndProject
Project("{9A19103F-16F7-4668-BE54-9A1E7A4F7556}") = "DeviceTools.HumanInterfaceDevices", "DeviceTools.HumanInterfaceDevices\DeviceTools.HumanInterfaceDevices.csproj", "{67C58445-F269-4BB6-91CA-A9B1712C7DEA}"
EndProject
Global
	GlobalSection(SolutionConfigurationPlatforms) = preSolution
		Debug|Any CPU = Debug|Any CPU
		Debug|arm64 = Debug|arm64
		Debug|x64 = Debug|x64
		Debug|x86 = Debug|x86
		Release|Any CPU = Release|Any CPU
		Release|arm64 = Release|arm64
		Release|x64 = Release|x64
		Release|x86 = Release|x86
	EndGlobalSection
	GlobalSection(ProjectConfigurationPlatforms) = postSolution
		{2796EC08-660C-4223-B715-B02BA20AE2A6}.Debug|Any CPU.ActiveCfg = Debug|Any CPU
		{2796EC08-660C-4223-B715-B02BA20AE2A6}.Debug|Any CPU.Build.0 = Debug|Any CPU
		{2796EC08-660C-4223-B715-B02BA20AE2A6}.Debug|arm64.ActiveCfg = Debug|Any CPU
		{2796EC08-660C-4223-B715-B02BA20AE2A6}.Debug|arm64.Build.0 = Debug|Any CPU
		{2796EC08-660C-4223-B715-B02BA20AE2A6}.Debug|x64.ActiveCfg = Debug|Any CPU
		{2796EC08-660C-4223-B715-B02BA20AE2A6}.Debug|x64.Build.0 = Debug|Any CPU
		{2796EC08-660C-4223-B715-B02BA20AE2A6}.Debug|x86.ActiveCfg = Debug|Any CPU
		{2796EC08-660C-4223-B715-B02BA20AE2A6}.Debug|x86.Build.0 = Debug|Any CPU
		{2796EC08-660C-4223-B715-B02BA20AE2A6}.Release|Any CPU.ActiveCfg = Release|Any CPU
		{2796EC08-660C-4223-B715-B02BA20AE2A6}.Release|Any CPU.Build.0 = Release|Any CPU
		{2796EC08-660C-4223-B715-B02BA20AE2A6}.Release|arm64.ActiveCfg = Release|Any CPU
		{2796EC08-660C-4223-B715-B02BA20AE2A6}.Release|arm64.Build.0 = Release|Any CPU
		{2796EC08-660C-4223-B715-B02BA20AE2A6}.Release|x64.ActiveCfg = Release|Any CPU
		{2796EC08-660C-4223-B715-B02BA20AE2A6}.Release|x64.Build.0 = Release|Any CPU
		{2796EC08-660C-4223-B715-B02BA20AE2A6}.Release|x86.ActiveCfg = Release|Any CPU
		{2796EC08-660C-4223-B715-B02BA20AE2A6}.Release|x86.Build.0 = Release|Any CPU
		{44C7D63A-D185-480A-BB51-10F0D35336D4}.Debug|Any CPU.ActiveCfg = Debug|Any CPU
		{44C7D63A-D185-480A-BB51-10F0D35336D4}.Debug|Any CPU.Build.0 = Debug|Any CPU
		{44C7D63A-D185-480A-BB51-10F0D35336D4}.Debug|arm64.ActiveCfg = Debug|Any CPU
		{44C7D63A-D185-480A-BB51-10F0D35336D4}.Debug|arm64.Build.0 = Debug|Any CPU
		{44C7D63A-D185-480A-BB51-10F0D35336D4}.Debug|x64.ActiveCfg = Debug|Any CPU
		{44C7D63A-D185-480A-BB51-10F0D35336D4}.Debug|x64.Build.0 = Debug|Any CPU
		{44C7D63A-D185-480A-BB51-10F0D35336D4}.Debug|x86.ActiveCfg = Debug|Any CPU
		{44C7D63A-D185-480A-BB51-10F0D35336D4}.Debug|x86.Build.0 = Debug|Any CPU
		{44C7D63A-D185-480A-BB51-10F0D35336D4}.Release|Any CPU.ActiveCfg = Release|Any CPU
		{44C7D63A-D185-480A-BB51-10F0D35336D4}.Release|Any CPU.Build.0 = Release|Any CPU
		{44C7D63A-D185-480A-BB51-10F0D35336D4}.Release|arm64.ActiveCfg = Release|Any CPU
		{44C7D63A-D185-480A-BB51-10F0D35336D4}.Release|arm64.Build.0 = Release|Any CPU
		{44C7D63A-D185-480A-BB51-10F0D35336D4}.Release|x64.ActiveCfg = Release|Any CPU
		{44C7D63A-D185-480A-BB51-10F0D35336D4}.Release|x64.Build.0 = Release|Any CPU
		{44C7D63A-D185-480A-BB51-10F0D35336D4}.Release|x86.ActiveCfg = Release|Any CPU
		{44C7D63A-D185-480A-BB51-10F0D35336D4}.Release|x86.Build.0 = Release|Any CPU
		{6912E342-533E-4A26-9C07-D95B752E94CF}.Debug|Any CPU.ActiveCfg = Debug|Any CPU
		{6912E342-533E-4A26-9C07-D95B752E94CF}.Debug|Any CPU.Build.0 = Debug|Any CPU
		{6912E342-533E-4A26-9C07-D95B752E94CF}.Debug|arm64.ActiveCfg = Debug|Any CPU
		{6912E342-533E-4A26-9C07-D95B752E94CF}.Debug|arm64.Build.0 = Debug|Any CPU
		{6912E342-533E-4A26-9C07-D95B752E94CF}.Debug|x64.ActiveCfg = Debug|Any CPU
		{6912E342-533E-4A26-9C07-D95B752E94CF}.Debug|x64.Build.0 = Debug|Any CPU
		{6912E342-533E-4A26-9C07-D95B752E94CF}.Debug|x86.ActiveCfg = Debug|Any CPU
		{6912E342-533E-4A26-9C07-D95B752E94CF}.Debug|x86.Build.0 = Debug|Any CPU
		{6912E342-533E-4A26-9C07-D95B752E94CF}.Release|Any CPU.ActiveCfg = Release|Any CPU
		{6912E342-533E-4A26-9C07-D95B752E94CF}.Release|Any CPU.Build.0 = Release|Any CPU
		{6912E342-533E-4A26-9C07-D95B752E94CF}.Release|arm64.ActiveCfg = Release|Any CPU
		{6912E342-533E-4A26-9C07-D95B752E94CF}.Release|arm64.Build.0 = Release|Any CPU
		{6912E342-533E-4A26-9C07-D95B752E94CF}.Release|x64.ActiveCfg = Release|Any CPU
		{6912E342-533E-4A26-9C07-D95B752E94CF}.Release|x64.Build.0 = Release|Any CPU
		{6912E342-533E-4A26-9C07-D95B752E94CF}.Release|x86.ActiveCfg = Release|Any CPU
		{6912E342-533E-4A26-9C07-D95B752E94CF}.Release|x86.Build.0 = Release|Any CPU
		{B089488B-0DE0-467B-897D-3941397F7124}.Debug|Any CPU.ActiveCfg = Debug|Any CPU
		{B089488B-0DE0-467B-897D-3941397F7124}.Debug|Any CPU.Build.0 = Debug|Any CPU
		{B089488B-0DE0-467B-897D-3941397F7124}.Debug|arm64.ActiveCfg = Debug|Any CPU
		{B089488B-0DE0-467B-897D-3941397F7124}.Debug|arm64.Build.0 = Debug|Any CPU
		{B089488B-0DE0-467B-897D-3941397F7124}.Debug|x64.ActiveCfg = Debug|Any CPU
		{B089488B-0DE0-467B-897D-3941397F7124}.Debug|x64.Build.0 = Debug|Any CPU
		{B089488B-0DE0-467B-897D-3941397F7124}.Debug|x86.ActiveCfg = Debug|Any CPU
		{B089488B-0DE0-467B-897D-3941397F7124}.Debug|x86.Build.0 = Debug|Any CPU
		{B089488B-0DE0-467B-897D-3941397F7124}.Release|Any CPU.ActiveCfg = Release|Any CPU
		{B089488B-0DE0-467B-897D-3941397F7124}.Release|Any CPU.Build.0 = Release|Any CPU
		{B089488B-0DE0-467B-897D-3941397F7124}.Release|arm64.ActiveCfg = Release|Any CPU
		{B089488B-0DE0-467B-897D-3941397F7124}.Release|arm64.Build.0 = Release|Any CPU
		{B089488B-0DE0-467B-897D-3941397F7124}.Release|x64.ActiveCfg = Release|Any CPU
		{B089488B-0DE0-467B-897D-3941397F7124}.Release|x64.Build.0 = Release|Any CPU
		{B089488B-0DE0-467B-897D-3941397F7124}.Release|x86.ActiveCfg = Release|Any CPU
		{B089488B-0DE0-467B-897D-3941397F7124}.Release|x86.Build.0 = Release|Any CPU
		{90C2B7AF-165E-484B-86AD-C91C96D9F08E}.Debug|Any CPU.ActiveCfg = Debug|Any CPU
		{90C2B7AF-165E-484B-86AD-C91C96D9F08E}.Debug|Any CPU.Build.0 = Debug|Any CPU
		{90C2B7AF-165E-484B-86AD-C91C96D9F08E}.Debug|arm64.ActiveCfg = Debug|Any CPU
		{90C2B7AF-165E-484B-86AD-C91C96D9F08E}.Debug|arm64.Build.0 = Debug|Any CPU
		{90C2B7AF-165E-484B-86AD-C91C96D9F08E}.Debug|x64.ActiveCfg = Debug|Any CPU
		{90C2B7AF-165E-484B-86AD-C91C96D9F08E}.Debug|x64.Build.0 = Debug|Any CPU
		{90C2B7AF-165E-484B-86AD-C91C96D9F08E}.Debug|x86.ActiveCfg = Debug|Any CPU
		{90C2B7AF-165E-484B-86AD-C91C96D9F08E}.Debug|x86.Build.0 = Debug|Any CPU
		{90C2B7AF-165E-484B-86AD-C91C96D9F08E}.Release|Any CPU.ActiveCfg = Release|Any CPU
		{90C2B7AF-165E-484B-86AD-C91C96D9F08E}.Release|Any CPU.Build.0 = Release|Any CPU
		{90C2B7AF-165E-484B-86AD-C91C96D9F08E}.Release|arm64.ActiveCfg = Release|Any CPU
		{90C2B7AF-165E-484B-86AD-C91C96D9F08E}.Release|arm64.Build.0 = Release|Any CPU
		{90C2B7AF-165E-484B-86AD-C91C96D9F08E}.Release|x64.ActiveCfg = Release|Any CPU
		{90C2B7AF-165E-484B-86AD-C91C96D9F08E}.Release|x64.Build.0 = Release|Any CPU
		{90C2B7AF-165E-484B-86AD-C91C96D9F08E}.Release|x86.ActiveCfg = Release|Any CPU
		{90C2B7AF-165E-484B-86AD-C91C96D9F08E}.Release|x86.Build.0 = Release|Any CPU
		{C2885B64-FCA4-44DC-8AD8-BA16A921B371}.Debug|Any CPU.ActiveCfg = Debug|Any CPU
		{C2885B64-FCA4-44DC-8AD8-BA16A921B371}.Debug|Any CPU.Build.0 = Debug|Any CPU
		{C2885B64-FCA4-44DC-8AD8-BA16A921B371}.Debug|arm64.ActiveCfg = Debug|Any CPU
		{C2885B64-FCA4-44DC-8AD8-BA16A921B371}.Debug|arm64.Build.0 = Debug|Any CPU
		{C2885B64-FCA4-44DC-8AD8-BA16A921B371}.Debug|x64.ActiveCfg = Debug|Any CPU
		{C2885B64-FCA4-44DC-8AD8-BA16A921B371}.Debug|x64.Build.0 = Debug|Any CPU
		{C2885B64-FCA4-44DC-8AD8-BA16A921B371}.Debug|x86.ActiveCfg = Debug|Any CPU
		{C2885B64-FCA4-44DC-8AD8-BA16A921B371}.Debug|x86.Build.0 = Debug|Any CPU
		{C2885B64-FCA4-44DC-8AD8-BA16A921B371}.Release|Any CPU.ActiveCfg = Release|Any CPU
		{C2885B64-FCA4-44DC-8AD8-BA16A921B371}.Release|Any CPU.Build.0 = Release|Any CPU
		{C2885B64-FCA4-44DC-8AD8-BA16A921B371}.Release|arm64.ActiveCfg = Release|Any CPU
		{C2885B64-FCA4-44DC-8AD8-BA16A921B371}.Release|arm64.Build.0 = Release|Any CPU
		{C2885B64-FCA4-44DC-8AD8-BA16A921B371}.Release|x64.ActiveCfg = Release|Any CPU
		{C2885B64-FCA4-44DC-8AD8-BA16A921B371}.Release|x64.Build.0 = Release|Any CPU
		{C2885B64-FCA4-44DC-8AD8-BA16A921B371}.Release|x86.ActiveCfg = Release|Any CPU
		{C2885B64-FCA4-44DC-8AD8-BA16A921B371}.Release|x86.Build.0 = Release|Any CPU
		{066B767B-6335-4AD0-98C6-3B313A8A0689}.Debug|Any CPU.ActiveCfg = Debug|Any CPU
		{066B767B-6335-4AD0-98C6-3B313A8A0689}.Debug|Any CPU.Build.0 = Debug|Any CPU
		{066B767B-6335-4AD0-98C6-3B313A8A0689}.Debug|arm64.ActiveCfg = Debug|Any CPU
		{066B767B-6335-4AD0-98C6-3B313A8A0689}.Debug|arm64.Build.0 = Debug|Any CPU
		{066B767B-6335-4AD0-98C6-3B313A8A0689}.Debug|x64.ActiveCfg = Debug|Any CPU
		{066B767B-6335-4AD0-98C6-3B313A8A0689}.Debug|x64.Build.0 = Debug|Any CPU
		{066B767B-6335-4AD0-98C6-3B313A8A0689}.Debug|x86.ActiveCfg = Debug|Any CPU
		{066B767B-6335-4AD0-98C6-3B313A8A0689}.Debug|x86.Build.0 = Debug|Any CPU
		{066B767B-6335-4AD0-98C6-3B313A8A0689}.Release|Any CPU.ActiveCfg = Release|Any CPU
		{066B767B-6335-4AD0-98C6-3B313A8A0689}.Release|Any CPU.Build.0 = Release|Any CPU
		{066B767B-6335-4AD0-98C6-3B313A8A0689}.Release|arm64.ActiveCfg = Release|Any CPU
		{066B767B-6335-4AD0-98C6-3B313A8A0689}.Release|arm64.Build.0 = Release|Any CPU
		{066B767B-6335-4AD0-98C6-3B313A8A0689}.Release|x64.ActiveCfg = Release|Any CPU
		{066B767B-6335-4AD0-98C6-3B313A8A0689}.Release|x64.Build.0 = Release|Any CPU
		{066B767B-6335-4AD0-98C6-3B313A8A0689}.Release|x86.ActiveCfg = Release|Any CPU
		{066B767B-6335-4AD0-98C6-3B313A8A0689}.Release|x86.Build.0 = Release|Any CPU
		{D1DCAD46-5791-4637-8566-82A05C537E13}.Debug|Any CPU.ActiveCfg = Debug|Any CPU
		{D1DCAD46-5791-4637-8566-82A05C537E13}.Debug|Any CPU.Build.0 = Debug|Any CPU
		{D1DCAD46-5791-4637-8566-82A05C537E13}.Debug|arm64.ActiveCfg = Debug|Any CPU
		{D1DCAD46-5791-4637-8566-82A05C537E13}.Debug|arm64.Build.0 = Debug|Any CPU
		{D1DCAD46-5791-4637-8566-82A05C537E13}.Debug|x64.ActiveCfg = Debug|Any CPU
		{D1DCAD46-5791-4637-8566-82A05C537E13}.Debug|x64.Build.0 = Debug|Any CPU
		{D1DCAD46-5791-4637-8566-82A05C537E13}.Debug|x86.ActiveCfg = Debug|Any CPU
		{D1DCAD46-5791-4637-8566-82A05C537E13}.Debug|x86.Build.0 = Debug|Any CPU
		{D1DCAD46-5791-4637-8566-82A05C537E13}.Release|Any CPU.ActiveCfg = Release|Any CPU
		{D1DCAD46-5791-4637-8566-82A05C537E13}.Release|Any CPU.Build.0 = Release|Any CPU
		{D1DCAD46-5791-4637-8566-82A05C537E13}.Release|arm64.ActiveCfg = Release|Any CPU
		{D1DCAD46-5791-4637-8566-82A05C537E13}.Release|arm64.Build.0 = Release|Any CPU
		{D1DCAD46-5791-4637-8566-82A05C537E13}.Release|x64.ActiveCfg = Release|Any CPU
		{D1DCAD46-5791-4637-8566-82A05C537E13}.Release|x64.Build.0 = Release|Any CPU
		{D1DCAD46-5791-4637-8566-82A05C537E13}.Release|x86.ActiveCfg = Release|Any CPU
		{D1DCAD46-5791-4637-8566-82A05C537E13}.Release|x86.Build.0 = Release|Any CPU
		{DA47CCA3-B07B-47D3-87E3-23C1C2246A14}.Debug|Any CPU.ActiveCfg = Debug|Any CPU
		{DA47CCA3-B07B-47D3-87E3-23C1C2246A14}.Debug|Any CPU.Build.0 = Debug|Any CPU
		{DA47CCA3-B07B-47D3-87E3-23C1C2246A14}.Debug|arm64.ActiveCfg = Debug|Any CPU
		{DA47CCA3-B07B-47D3-87E3-23C1C2246A14}.Debug|arm64.Build.0 = Debug|Any CPU
		{DA47CCA3-B07B-47D3-87E3-23C1C2246A14}.Debug|x64.ActiveCfg = Debug|Any CPU
		{DA47CCA3-B07B-47D3-87E3-23C1C2246A14}.Debug|x64.Build.0 = Debug|Any CPU
		{DA47CCA3-B07B-47D3-87E3-23C1C2246A14}.Debug|x86.ActiveCfg = Debug|Any CPU
		{DA47CCA3-B07B-47D3-87E3-23C1C2246A14}.Debug|x86.Build.0 = Debug|Any CPU
		{DA47CCA3-B07B-47D3-87E3-23C1C2246A14}.Release|Any CPU.ActiveCfg = Release|Any CPU
		{DA47CCA3-B07B-47D3-87E3-23C1C2246A14}.Release|Any CPU.Build.0 = Release|Any CPU
		{DA47CCA3-B07B-47D3-87E3-23C1C2246A14}.Release|arm64.ActiveCfg = Release|Any CPU
		{DA47CCA3-B07B-47D3-87E3-23C1C2246A14}.Release|arm64.Build.0 = Release|Any CPU
		{DA47CCA3-B07B-47D3-87E3-23C1C2246A14}.Release|x64.ActiveCfg = Release|Any CPU
		{DA47CCA3-B07B-47D3-87E3-23C1C2246A14}.Release|x64.Build.0 = Release|Any CPU
		{DA47CCA3-B07B-47D3-87E3-23C1C2246A14}.Release|x86.ActiveCfg = Release|Any CPU
		{DA47CCA3-B07B-47D3-87E3-23C1C2246A14}.Release|x86.Build.0 = Release|Any CPU
		{712AE2A9-3108-4F30-8657-B6D8B42F03EA}.Debug|Any CPU.ActiveCfg = Debug|Any CPU
		{712AE2A9-3108-4F30-8657-B6D8B42F03EA}.Debug|Any CPU.Build.0 = Debug|Any CPU
		{712AE2A9-3108-4F30-8657-B6D8B42F03EA}.Debug|arm64.ActiveCfg = Debug|Any CPU
		{712AE2A9-3108-4F30-8657-B6D8B42F03EA}.Debug|arm64.Build.0 = Debug|Any CPU
		{712AE2A9-3108-4F30-8657-B6D8B42F03EA}.Debug|x64.ActiveCfg = Debug|Any CPU
		{712AE2A9-3108-4F30-8657-B6D8B42F03EA}.Debug|x64.Build.0 = Debug|Any CPU
		{712AE2A9-3108-4F30-8657-B6D8B42F03EA}.Debug|x86.ActiveCfg = Debug|Any CPU
		{712AE2A9-3108-4F30-8657-B6D8B42F03EA}.Debug|x86.Build.0 = Debug|Any CPU
		{712AE2A9-3108-4F30-8657-B6D8B42F03EA}.Release|Any CPU.ActiveCfg = Release|Any CPU
		{712AE2A9-3108-4F30-8657-B6D8B42F03EA}.Release|Any CPU.Build.0 = Release|Any CPU
		{712AE2A9-3108-4F30-8657-B6D8B42F03EA}.Release|arm64.ActiveCfg = Release|Any CPU
		{712AE2A9-3108-4F30-8657-B6D8B42F03EA}.Release|arm64.Build.0 = Release|Any CPU
		{712AE2A9-3108-4F30-8657-B6D8B42F03EA}.Release|x64.ActiveCfg = Release|Any CPU
		{712AE2A9-3108-4F30-8657-B6D8B42F03EA}.Release|x64.Build.0 = Release|Any CPU
		{712AE2A9-3108-4F30-8657-B6D8B42F03EA}.Release|x86.ActiveCfg = Release|Any CPU
		{712AE2A9-3108-4F30-8657-B6D8B42F03EA}.Release|x86.Build.0 = Release|Any CPU
		{E72FBFB4-3CF1-4CBA-AB7C-67CE2525E55C}.Debug|Any CPU.ActiveCfg = Debug|Any CPU
		{E72FBFB4-3CF1-4CBA-AB7C-67CE2525E55C}.Debug|Any CPU.Build.0 = Debug|Any CPU
		{E72FBFB4-3CF1-4CBA-AB7C-67CE2525E55C}.Debug|arm64.ActiveCfg = Debug|Any CPU
		{E72FBFB4-3CF1-4CBA-AB7C-67CE2525E55C}.Debug|arm64.Build.0 = Debug|Any CPU
		{E72FBFB4-3CF1-4CBA-AB7C-67CE2525E55C}.Debug|x64.ActiveCfg = Debug|Any CPU
		{E72FBFB4-3CF1-4CBA-AB7C-67CE2525E55C}.Debug|x64.Build.0 = Debug|Any CPU
		{E72FBFB4-3CF1-4CBA-AB7C-67CE2525E55C}.Debug|x86.ActiveCfg = Debug|Any CPU
		{E72FBFB4-3CF1-4CBA-AB7C-67CE2525E55C}.Debug|x86.Build.0 = Debug|Any CPU
		{E72FBFB4-3CF1-4CBA-AB7C-67CE2525E55C}.Release|Any CPU.ActiveCfg = Release|Any CPU
		{E72FBFB4-3CF1-4CBA-AB7C-67CE2525E55C}.Release|Any CPU.Build.0 = Release|Any CPU
		{E72FBFB4-3CF1-4CBA-AB7C-67CE2525E55C}.Release|arm64.ActiveCfg = Release|Any CPU
		{E72FBFB4-3CF1-4CBA-AB7C-67CE2525E55C}.Release|arm64.Build.0 = Release|Any CPU
		{E72FBFB4-3CF1-4CBA-AB7C-67CE2525E55C}.Release|x64.ActiveCfg = Release|Any CPU
		{E72FBFB4-3CF1-4CBA-AB7C-67CE2525E55C}.Release|x64.Build.0 = Release|Any CPU
		{E72FBFB4-3CF1-4CBA-AB7C-67CE2525E55C}.Release|x86.ActiveCfg = Release|Any CPU
		{E72FBFB4-3CF1-4CBA-AB7C-67CE2525E55C}.Release|x86.Build.0 = Release|Any CPU
		{B48149B4-130C-4277-9727-D97C648C91AD}.Debug|Any CPU.ActiveCfg = Debug|Any CPU
		{B48149B4-130C-4277-9727-D97C648C91AD}.Debug|Any CPU.Build.0 = Debug|Any CPU
		{B48149B4-130C-4277-9727-D97C648C91AD}.Debug|arm64.ActiveCfg = Debug|Any CPU
		{B48149B4-130C-4277-9727-D97C648C91AD}.Debug|arm64.Build.0 = Debug|Any CPU
		{B48149B4-130C-4277-9727-D97C648C91AD}.Debug|x64.ActiveCfg = Debug|Any CPU
		{B48149B4-130C-4277-9727-D97C648C91AD}.Debug|x64.Build.0 = Debug|Any CPU
		{B48149B4-130C-4277-9727-D97C648C91AD}.Debug|x86.ActiveCfg = Debug|Any CPU
		{B48149B4-130C-4277-9727-D97C648C91AD}.Debug|x86.Build.0 = Debug|Any CPU
		{B48149B4-130C-4277-9727-D97C648C91AD}.Release|Any CPU.ActiveCfg = Release|Any CPU
		{B48149B4-130C-4277-9727-D97C648C91AD}.Release|Any CPU.Build.0 = Release|Any CPU
		{B48149B4-130C-4277-9727-D97C648C91AD}.Release|arm64.ActiveCfg = Release|Any CPU
		{B48149B4-130C-4277-9727-D97C648C91AD}.Release|arm64.Build.0 = Release|Any CPU
		{B48149B4-130C-4277-9727-D97C648C91AD}.Release|x64.ActiveCfg = Release|Any CPU
		{B48149B4-130C-4277-9727-D97C648C91AD}.Release|x64.Build.0 = Release|Any CPU
		{B48149B4-130C-4277-9727-D97C648C91AD}.Release|x86.ActiveCfg = Release|Any CPU
		{B48149B4-130C-4277-9727-D97C648C91AD}.Release|x86.Build.0 = Release|Any CPU
		{453DBCD7-A3E3-4BC4-89D6-DEA0F1BA7AF6}.Debug|Any CPU.ActiveCfg = Debug|Any CPU
		{453DBCD7-A3E3-4BC4-89D6-DEA0F1BA7AF6}.Debug|Any CPU.Build.0 = Debug|Any CPU
		{453DBCD7-A3E3-4BC4-89D6-DEA0F1BA7AF6}.Debug|arm64.ActiveCfg = Debug|Any CPU
		{453DBCD7-A3E3-4BC4-89D6-DEA0F1BA7AF6}.Debug|arm64.Build.0 = Debug|Any CPU
		{453DBCD7-A3E3-4BC4-89D6-DEA0F1BA7AF6}.Debug|x64.ActiveCfg = Debug|Any CPU
		{453DBCD7-A3E3-4BC4-89D6-DEA0F1BA7AF6}.Debug|x64.Build.0 = Debug|Any CPU
		{453DBCD7-A3E3-4BC4-89D6-DEA0F1BA7AF6}.Debug|x86.ActiveCfg = Debug|Any CPU
		{453DBCD7-A3E3-4BC4-89D6-DEA0F1BA7AF6}.Debug|x86.Build.0 = Debug|Any CPU
		{453DBCD7-A3E3-4BC4-89D6-DEA0F1BA7AF6}.Release|Any CPU.ActiveCfg = Release|Any CPU
		{453DBCD7-A3E3-4BC4-89D6-DEA0F1BA7AF6}.Release|Any CPU.Build.0 = Release|Any CPU
		{453DBCD7-A3E3-4BC4-89D6-DEA0F1BA7AF6}.Release|arm64.ActiveCfg = Release|Any CPU
		{453DBCD7-A3E3-4BC4-89D6-DEA0F1BA7AF6}.Release|arm64.Build.0 = Release|Any CPU
		{453DBCD7-A3E3-4BC4-89D6-DEA0F1BA7AF6}.Release|x64.ActiveCfg = Release|Any CPU
		{453DBCD7-A3E3-4BC4-89D6-DEA0F1BA7AF6}.Release|x64.Build.0 = Release|Any CPU
		{453DBCD7-A3E3-4BC4-89D6-DEA0F1BA7AF6}.Release|x86.ActiveCfg = Release|Any CPU
		{453DBCD7-A3E3-4BC4-89D6-DEA0F1BA7AF6}.Release|x86.Build.0 = Release|Any CPU
		{8DAF49D0-B373-47E7-8DE9-B4963E6DE82E}.Debug|Any CPU.ActiveCfg = Debug|Any CPU
		{8DAF49D0-B373-47E7-8DE9-B4963E6DE82E}.Debug|Any CPU.Build.0 = Debug|Any CPU
		{8DAF49D0-B373-47E7-8DE9-B4963E6DE82E}.Debug|arm64.ActiveCfg = Debug|Any CPU
		{8DAF49D0-B373-47E7-8DE9-B4963E6DE82E}.Debug|arm64.Build.0 = Debug|Any CPU
		{8DAF49D0-B373-47E7-8DE9-B4963E6DE82E}.Debug|x64.ActiveCfg = Debug|Any CPU
		{8DAF49D0-B373-47E7-8DE9-B4963E6DE82E}.Debug|x64.Build.0 = Debug|Any CPU
		{8DAF49D0-B373-47E7-8DE9-B4963E6DE82E}.Debug|x86.ActiveCfg = Debug|Any CPU
		{8DAF49D0-B373-47E7-8DE9-B4963E6DE82E}.Debug|x86.Build.0 = Debug|Any CPU
		{8DAF49D0-B373-47E7-8DE9-B4963E6DE82E}.Release|Any CPU.ActiveCfg = Release|Any CPU
		{8DAF49D0-B373-47E7-8DE9-B4963E6DE82E}.Release|Any CPU.Build.0 = Release|Any CPU
		{8DAF49D0-B373-47E7-8DE9-B4963E6DE82E}.Release|arm64.ActiveCfg = Release|Any CPU
		{8DAF49D0-B373-47E7-8DE9-B4963E6DE82E}.Release|arm64.Build.0 = Release|Any CPU
		{8DAF49D0-B373-47E7-8DE9-B4963E6DE82E}.Release|x64.ActiveCfg = Release|Any CPU
		{8DAF49D0-B373-47E7-8DE9-B4963E6DE82E}.Release|x64.Build.0 = Release|Any CPU
		{8DAF49D0-B373-47E7-8DE9-B4963E6DE82E}.Release|x86.ActiveCfg = Release|Any CPU
		{8DAF49D0-B373-47E7-8DE9-B4963E6DE82E}.Release|x86.Build.0 = Release|Any CPU
		{3476FF98-7AB8-44D0-811C-AC8453C32387}.Debug|Any CPU.ActiveCfg = Debug|Any CPU
		{3476FF98-7AB8-44D0-811C-AC8453C32387}.Debug|Any CPU.Build.0 = Debug|Any CPU
		{3476FF98-7AB8-44D0-811C-AC8453C32387}.Debug|arm64.ActiveCfg = Debug|Any CPU
		{3476FF98-7AB8-44D0-811C-AC8453C32387}.Debug|arm64.Build.0 = Debug|Any CPU
		{3476FF98-7AB8-44D0-811C-AC8453C32387}.Debug|x64.ActiveCfg = Debug|Any CPU
		{3476FF98-7AB8-44D0-811C-AC8453C32387}.Debug|x64.Build.0 = Debug|Any CPU
		{3476FF98-7AB8-44D0-811C-AC8453C32387}.Debug|x86.ActiveCfg = Debug|Any CPU
		{3476FF98-7AB8-44D0-811C-AC8453C32387}.Debug|x86.Build.0 = Debug|Any CPU
		{3476FF98-7AB8-44D0-811C-AC8453C32387}.Release|Any CPU.ActiveCfg = Release|Any CPU
		{3476FF98-7AB8-44D0-811C-AC8453C32387}.Release|Any CPU.Build.0 = Release|Any CPU
		{3476FF98-7AB8-44D0-811C-AC8453C32387}.Release|arm64.ActiveCfg = Release|Any CPU
		{3476FF98-7AB8-44D0-811C-AC8453C32387}.Release|arm64.Build.0 = Release|Any CPU
		{3476FF98-7AB8-44D0-811C-AC8453C32387}.Release|x64.ActiveCfg = Release|Any CPU
		{3476FF98-7AB8-44D0-811C-AC8453C32387}.Release|x64.Build.0 = Release|Any CPU
		{3476FF98-7AB8-44D0-811C-AC8453C32387}.Release|x86.ActiveCfg = Release|Any CPU
		{3476FF98-7AB8-44D0-811C-AC8453C32387}.Release|x86.Build.0 = Release|Any CPU
		{67C58445-F269-4BB6-91CA-A9B1712C7DEA}.Debug|Any CPU.ActiveCfg = Debug|Any CPU
		{67C58445-F269-4BB6-91CA-A9B1712C7DEA}.Debug|Any CPU.Build.0 = Debug|Any CPU
		{67C58445-F269-4BB6-91CA-A9B1712C7DEA}.Debug|arm64.ActiveCfg = Debug|Any CPU
		{67C58445-F269-4BB6-91CA-A9B1712C7DEA}.Debug|arm64.Build.0 = Debug|Any CPU
		{67C58445-F269-4BB6-91CA-A9B1712C7DEA}.Debug|x64.ActiveCfg = Debug|Any CPU
		{67C58445-F269-4BB6-91CA-A9B1712C7DEA}.Debug|x64.Build.0 = Debug|Any CPU
		{67C58445-F269-4BB6-91CA-A9B1712C7DEA}.Debug|x86.ActiveCfg = Debug|Any CPU
		{67C58445-F269-4BB6-91CA-A9B1712C7DEA}.Debug|x86.Build.0 = Debug|Any CPU
		{67C58445-F269-4BB6-91CA-A9B1712C7DEA}.Release|Any CPU.ActiveCfg = Release|Any CPU
		{67C58445-F269-4BB6-91CA-A9B1712C7DEA}.Release|Any CPU.Build.0 = Release|Any CPU
		{67C58445-F269-4BB6-91CA-A9B1712C7DEA}.Release|arm64.ActiveCfg = Release|Any CPU
		{67C58445-F269-4BB6-91CA-A9B1712C7DEA}.Release|arm64.Build.0 = Release|Any CPU
		{67C58445-F269-4BB6-91CA-A9B1712C7DEA}.Release|x64.ActiveCfg = Release|Any CPU
		{67C58445-F269-4BB6-91CA-A9B1712C7DEA}.Release|x64.Build.0 = Release|Any CPU
		{67C58445-F269-4BB6-91CA-A9B1712C7DEA}.Release|x86.ActiveCfg = Release|Any CPU
		{67C58445-F269-4BB6-91CA-A9B1712C7DEA}.Release|x86.Build.0 = Release|Any CPU
	EndGlobalSection
	GlobalSection(SolutionProperties) = preSolution
		HideSolutionNode = FALSE
	EndGlobalSection
	GlobalSection(ExtensibilityGlobals) = postSolution
		SolutionGuid = {E9FEED7F-27EC-4720-9CAB-C2E6FDD8556D}
	EndGlobalSection
EndGlobal
