
Microsoft Visual Studio Solution File, Format Version 12.00
# Visual Studio Version 16
VisualStudioVersion = 16.0.30001.183
MinimumVisualStudioVersion = 10.0.40219.1
Project("{9A19103F-16F7-4668-BE54-9A1E7A4F7556}") = "AnyLayout", "AnyLayout\AnyLayout.csproj", "{2796EC08-660C-4223-B715-B02BA20AE2A6}"
EndProject
Project("{9A19103F-16F7-4668-BE54-9A1E7A4F7556}") = "DeviceTools.RawInput", "DeviceTools.RawInput\DeviceTools.RawInput.csproj", "{44C7D63A-D185-480A-BB51-10F0D35336D4}"
EndProject
Project("{2150E333-8FDC-42A3-9474-1A3956D46DE8}") = "Solution Items", "Solution Items", "{355E12EE-3C82-4B68-B800-448487790C0E}"
	ProjectSection(SolutionItems) = preProject
		Directory.Build.props = Directory.Build.props
		Directory.Build.targets = Directory.Build.targets
		Useful Bits.md = Useful Bits.md
	EndProjectSection
EndProject
Project("{9A19103F-16F7-4668-BE54-9A1E7A4F7556}") = "DeviceTools.Cli", "DeviceTools.Cli\DeviceTools.Cli.csproj", "{6912E342-533E-4A26-9C07-D95B752E94CF}"
EndProject
Project("{9A19103F-16F7-4668-BE54-9A1E7A4F7556}") = "DeviceTools.DeviceIds.Usb", "DeviceTools.DeviceIds.Usb\DeviceTools.DeviceIds.Usb.csproj", "{B089488B-0DE0-467B-897D-3941397F7124}"
EndProject
Project("{9A19103F-16F7-4668-BE54-9A1E7A4F7556}") = "DeviceTools.SourceGenerators", "DeviceTools.SourceGenerators\DeviceTools.SourceGenerators.csproj", "{90C2B7AF-165E-484B-86AD-C91C96D9F08E}"
EndProject
Project("{9A19103F-16F7-4668-BE54-9A1E7A4F7556}") = "RgbFusionControl", "RgbFusionControl\RgbFusionControl.csproj", "{C2885B64-FCA4-44DC-8AD8-BA16A921B371}"
EndProject
Project("{2150E333-8FDC-42A3-9474-1A3956D46DE8}") = "Docs", "Docs", "{08303426-8BFF-41F1-8589-922D8BE1B233}"
	ProjectSection(SolutionItems) = preProject
		Apple USB Keyboard.md = Apple USB Keyboard.md
		Corsair HX1200i.md = Corsair HX1200i.md
		Gigabyte Z490 Vision D.md = Gigabyte Z490 Vision D.md
		NZXT Kraken Z63.md = NZXT Kraken Z63.md
		Razer Mamba Chroma.md = Razer Mamba Chroma.md
		ViewSonic VP2785-4K.md = ViewSonic VP2785-4K.md
	EndProjectSection
EndProject
Project("{9A19103F-16F7-4668-BE54-9A1E7A4F7556}") = "DeviceTools.DisplayDevices", "DeviceTools.DisplayDevices\DeviceTools.DisplayDevices.csproj", "{066B767B-6335-4AD0-98C6-3B313A8A0689}"
EndProject
Project("{9A19103F-16F7-4668-BE54-9A1E7A4F7556}") = "DeviceTools.DisplayDevices.Tests", "DeviceTools.DisplayDevices.Tests\DeviceTools.DisplayDevices.Tests.csproj", "{D1DCAD46-5791-4637-8566-82A05C537E13}"
EndProject
Project("{9A19103F-16F7-4668-BE54-9A1E7A4F7556}") = "DeviceTools.Core", "DeviceTools.Core\DeviceTools.Core.csproj", "{DA47CCA3-B07B-47D3-87E3-23C1C2246A14}"
EndProject
Global
	GlobalSection(SolutionConfigurationPlatforms) = preSolution
		Debug|Any CPU = Debug|Any CPU
		Release|Any CPU = Release|Any CPU
	EndGlobalSection
	GlobalSection(ProjectConfigurationPlatforms) = postSolution
		{2796EC08-660C-4223-B715-B02BA20AE2A6}.Debug|Any CPU.ActiveCfg = Debug|Any CPU
		{2796EC08-660C-4223-B715-B02BA20AE2A6}.Debug|Any CPU.Build.0 = Debug|Any CPU
		{2796EC08-660C-4223-B715-B02BA20AE2A6}.Release|Any CPU.ActiveCfg = Release|Any CPU
		{2796EC08-660C-4223-B715-B02BA20AE2A6}.Release|Any CPU.Build.0 = Release|Any CPU
		{44C7D63A-D185-480A-BB51-10F0D35336D4}.Debug|Any CPU.ActiveCfg = Debug|Any CPU
		{44C7D63A-D185-480A-BB51-10F0D35336D4}.Debug|Any CPU.Build.0 = Debug|Any CPU
		{44C7D63A-D185-480A-BB51-10F0D35336D4}.Release|Any CPU.ActiveCfg = Release|Any CPU
		{44C7D63A-D185-480A-BB51-10F0D35336D4}.Release|Any CPU.Build.0 = Release|Any CPU
		{6912E342-533E-4A26-9C07-D95B752E94CF}.Debug|Any CPU.ActiveCfg = Debug|Any CPU
		{6912E342-533E-4A26-9C07-D95B752E94CF}.Debug|Any CPU.Build.0 = Debug|Any CPU
		{6912E342-533E-4A26-9C07-D95B752E94CF}.Release|Any CPU.ActiveCfg = Release|Any CPU
		{6912E342-533E-4A26-9C07-D95B752E94CF}.Release|Any CPU.Build.0 = Release|Any CPU
		{B089488B-0DE0-467B-897D-3941397F7124}.Debug|Any CPU.ActiveCfg = Debug|Any CPU
		{B089488B-0DE0-467B-897D-3941397F7124}.Debug|Any CPU.Build.0 = Debug|Any CPU
		{B089488B-0DE0-467B-897D-3941397F7124}.Release|Any CPU.ActiveCfg = Release|Any CPU
		{B089488B-0DE0-467B-897D-3941397F7124}.Release|Any CPU.Build.0 = Release|Any CPU
		{90C2B7AF-165E-484B-86AD-C91C96D9F08E}.Debug|Any CPU.ActiveCfg = Debug|Any CPU
		{90C2B7AF-165E-484B-86AD-C91C96D9F08E}.Debug|Any CPU.Build.0 = Debug|Any CPU
		{90C2B7AF-165E-484B-86AD-C91C96D9F08E}.Release|Any CPU.ActiveCfg = Release|Any CPU
		{90C2B7AF-165E-484B-86AD-C91C96D9F08E}.Release|Any CPU.Build.0 = Release|Any CPU
		{C2885B64-FCA4-44DC-8AD8-BA16A921B371}.Debug|Any CPU.ActiveCfg = Debug|Any CPU
		{C2885B64-FCA4-44DC-8AD8-BA16A921B371}.Debug|Any CPU.Build.0 = Debug|Any CPU
		{C2885B64-FCA4-44DC-8AD8-BA16A921B371}.Release|Any CPU.ActiveCfg = Release|Any CPU
		{C2885B64-FCA4-44DC-8AD8-BA16A921B371}.Release|Any CPU.Build.0 = Release|Any CPU
		{066B767B-6335-4AD0-98C6-3B313A8A0689}.Debug|Any CPU.ActiveCfg = Debug|Any CPU
		{066B767B-6335-4AD0-98C6-3B313A8A0689}.Debug|Any CPU.Build.0 = Debug|Any CPU
		{066B767B-6335-4AD0-98C6-3B313A8A0689}.Release|Any CPU.ActiveCfg = Release|Any CPU
		{066B767B-6335-4AD0-98C6-3B313A8A0689}.Release|Any CPU.Build.0 = Release|Any CPU
		{D1DCAD46-5791-4637-8566-82A05C537E13}.Debug|Any CPU.ActiveCfg = Debug|Any CPU
		{D1DCAD46-5791-4637-8566-82A05C537E13}.Debug|Any CPU.Build.0 = Debug|Any CPU
		{D1DCAD46-5791-4637-8566-82A05C537E13}.Release|Any CPU.ActiveCfg = Release|Any CPU
		{D1DCAD46-5791-4637-8566-82A05C537E13}.Release|Any CPU.Build.0 = Release|Any CPU
		{DA47CCA3-B07B-47D3-87E3-23C1C2246A14}.Debug|Any CPU.ActiveCfg = Debug|Any CPU
		{DA47CCA3-B07B-47D3-87E3-23C1C2246A14}.Debug|Any CPU.Build.0 = Debug|Any CPU
		{DA47CCA3-B07B-47D3-87E3-23C1C2246A14}.Release|Any CPU.ActiveCfg = Release|Any CPU
		{DA47CCA3-B07B-47D3-87E3-23C1C2246A14}.Release|Any CPU.Build.0 = Release|Any CPU
	EndGlobalSection
	GlobalSection(SolutionProperties) = preSolution
		HideSolutionNode = FALSE
	EndGlobalSection
	GlobalSection(ExtensibilityGlobals) = postSolution
		SolutionGuid = {E9FEED7F-27EC-4720-9CAB-C2E6FDD8556D}
	EndGlobalSection
EndGlobal
