
Microsoft Visual Studio Solution File, Format Version 12.00
# Visual Studio Version 17
VisualStudioVersion = 17.0.31410.414
MinimumVisualStudioVersion = 10.0.40219.1
Project("{9A19103F-16F7-4668-BE54-9A1E7A4F7556}") = "AnyLayout", "AnyLayout\AnyLayout.csproj", "{2796EC08-660C-4223-B715-B02BA20AE2A6}"
EndProject
Project("{9A19103F-16F7-4668-BE54-9A1E7A4F7556}") = "DeviceTools.RawInput", "DeviceTools.RawInput\DeviceTools.RawInput.csproj", "{44C7D63A-D185-480A-BB51-10F0D35336D4}"
EndProject
Project("{2150E333-8FDC-42A3-9474-1A3956D46DE8}") = "Solution Items", "Solution Items", "{355E12EE-3C82-4B68-B800-448487790C0E}"
	ProjectSection(SolutionItems) = preProject
		.editorconfig = .editorconfig
		Directory.Build.props = Directory.Build.props
		Directory.Build.targets = Directory.Build.targets
		global.json = global.json
		Useful Bits.md = Useful Bits.md
	EndProjectSection
EndProject
Project("{9A19103F-16F7-4668-BE54-9A1E7A4F7556}") = "DeviceTools.Cli", "DeviceTools.Cli\DeviceTools.Cli.csproj", "{6912E342-533E-4A26-9C07-D95B752E94CF}"
EndProject
Project("{9A19103F-16F7-4668-BE54-9A1E7A4F7556}") = "DeviceTools.DeviceIds.Usb", "DeviceTools.DeviceIds.Usb\DeviceTools.DeviceIds.Usb.csproj", "{B089488B-0DE0-467B-897D-3941397F7124}"
EndProject
Project("{9A19103F-16F7-4668-BE54-9A1E7A4F7556}") = "DeviceTools.SourceGenerators", "DeviceTools.SourceGenerators\DeviceTools.SourceGenerators.csproj", "{90C2B7AF-165E-484B-86AD-C91C96D9F08E}"
EndProject
Project("{2150E333-8FDC-42A3-9474-1A3956D46DE8}") = "Docs", "Docs", "{08303426-8BFF-41F1-8589-922D8BE1B233}"
	ProjectSection(SolutionItems) = preProject
		Docs\Apple USB Keyboard.md = Docs\Apple USB Keyboard.md
		Docs\Corsair HX1200i.md = Docs\Corsair HX1200i.md
		Docs\Design Philosophy.md = Docs\Design Philosophy.md
		Docs\Gigabyte Z490 Vision D.md = Docs\Gigabyte Z490 Vision D.md
		Docs\LG 27GP950.md = Docs\LG 27GP950.md
		Docs\Logitech Bolt.txt = Docs\Logitech Bolt.txt
		Docs\Logitech MX Keys.md = Docs\Logitech MX Keys.md
		Docs\NZXT Kraken Z63.md = Docs\NZXT Kraken Z63.md
		Docs\Razer DeathAdder V2 Pro.md = Docs\Razer DeathAdder V2 Pro.md
		Docs\Razer Mamba Chroma.md = Docs\Razer Mamba Chroma.md
		Docs\Useful Bits.md = Docs\Useful Bits.md
		Docs\ViewSonic VP2785-4K.md = Docs\ViewSonic VP2785-4K.md
	EndProjectSection
EndProject
Project("{9A19103F-16F7-4668-BE54-9A1E7A4F7556}") = "DeviceTools.DisplayDevices", "DeviceTools.DisplayDevices\DeviceTools.DisplayDevices.csproj", "{066B767B-6335-4AD0-98C6-3B313A8A0689}"
EndProject
Project("{9A19103F-16F7-4668-BE54-9A1E7A4F7556}") = "DeviceTools.DisplayDevices.Tests", "DeviceTools.DisplayDevices.Tests\DeviceTools.DisplayDevices.Tests.csproj", "{D1DCAD46-5791-4637-8566-82A05C537E13}"
EndProject
Project("{9A19103F-16F7-4668-BE54-9A1E7A4F7556}") = "DeviceTools.Core", "DeviceTools.Core\DeviceTools.Core.csproj", "{DA47CCA3-B07B-47D3-87E3-23C1C2246A14}"
EndProject
Project("{9A19103F-16F7-4668-BE54-9A1E7A4F7556}") = "Exo.Cli", "Exo.Cli\Exo.Cli.csproj", "{712AE2A9-3108-4F30-8657-B6D8B42F03EA}"
EndProject
Project("{9A19103F-16F7-4668-BE54-9A1E7A4F7556}") = "Exo.Core", "Exo.Core\Exo.Core.csproj", "{E72FBFB4-3CF1-4CBA-AB7C-67CE2525E55C}"
EndProject
Project("{9A19103F-16F7-4668-BE54-9A1E7A4F7556}") = "Exo.Devices.Apple.Keyboard", "Exo.Devices.Apple.Keyboard\Exo.Devices.Apple.Keyboard.csproj", "{B48149B4-130C-4277-9727-D97C648C91AD}"
EndProject
Project("{9A19103F-16F7-4668-BE54-9A1E7A4F7556}") = "Exo.Devices.Gigabyte", "Exo.Devices.Gigabyte\Exo.Devices.Gigabyte.csproj", "{453DBCD7-A3E3-4BC4-89D6-DEA0F1BA7AF6}"
EndProject
Project("{9A19103F-16F7-4668-BE54-9A1E7A4F7556}") = "Exo.DeviceNotifications", "Exo.DeviceNotifications\Exo.DeviceNotifications.csproj", "{8DAF49D0-B373-47E7-8DE9-B4963E6DE82E}"
EndProject
Project("{9A19103F-16F7-4668-BE54-9A1E7A4F7556}") = "DeviceTools.DeviceIds.Databases", "DeviceTools.DeviceIds.Databases\DeviceTools.DeviceIds.Databases.csproj", "{3476FF98-7AB8-44D0-811C-AC8453C32387}"
EndProject
Project("{9A19103F-16F7-4668-BE54-9A1E7A4F7556}") = "DeviceTools.HumanInterfaceDevices", "DeviceTools.HumanInterfaceDevices\DeviceTools.HumanInterfaceDevices.csproj", "{67C58445-F269-4BB6-91CA-A9B1712C7DEA}"
EndProject
Project("{9A19103F-16F7-4668-BE54-9A1E7A4F7556}") = "Exo.DeviceNotifications.Tester", "Exo.DeviceNotifications.Tester\Exo.DeviceNotifications.Tester.csproj", "{180EB404-59D7-475F-A18F-34383FED39DC}"
EndProject
Project("{9A19103F-16F7-4668-BE54-9A1E7A4F7556}") = "Exo.ServiceProcess.ServiceController", "Exo.ServiceProcess.ServiceController\Exo.ServiceProcess.ServiceController.csproj", "{46F77CFD-8A0B-4843-8F08-05809B73291D}"
EndProject
Project("{9A19103F-16F7-4668-BE54-9A1E7A4F7556}") = "Exo.Extensions.Hosting.WindowsServices", "Exo.Extensions.Hosting.WindowsServices\Exo.Extensions.Hosting.WindowsServices.csproj", "{52E8FC5E-8576-4AF3-BBDE-8ADEB0B6B695}"
EndProject
Project("{9A19103F-16F7-4668-BE54-9A1E7A4F7556}") = "Exo.Service", "Exo.Service\Exo.Service.csproj", "{E2C3D744-8399-4416-8777-A5D500514EB4}"
EndProject
Project("{9A19103F-16F7-4668-BE54-9A1E7A4F7556}") = "Exo.Service.Core", "Exo.Service.Core\Exo.Service.Core.csproj", "{69447A3F-3B6E-4DD3-83EE-2A5BA904B948}"
EndProject
Project("{8BC9CEB8-8B4A-11D0-8D11-00A0C91BC942}") = "DeviceTools.DevQueryHelper", "DeviceTools.DevQueryHelper\DeviceTools.DevQueryHelper.vcxproj", "{744D228D-912C-45A2-972F-AE6C623D5D12}"
EndProject
Project("{9A19103F-16F7-4668-BE54-9A1E7A4F7556}") = "DeviceTools.Core.Tests", "DeviceTools.Core.Tests\DeviceTools.Core.Tests.csproj", "{514202E6-F5E2-4220-AD44-829ED84AC850}"
EndProject
Project("{9A19103F-16F7-4668-BE54-9A1E7A4F7556}") = "DeviceTools.Core.SourceGenerators", "DeviceTools.Core.SourceGenerators\DeviceTools.Core.SourceGenerators.csproj", "{0EB5AC29-1F4F-463A-BCBE-AB4B25E7A083}"
EndProject
Project("{9A19103F-16F7-4668-BE54-9A1E7A4F7556}") = "Exo.Devices.Logitech", "Exo.Devices.Logitech\Exo.Devices.Logitech.csproj", "{88D5BF9B-6CFC-4CC2-9286-FC949A3AE3FB}"
EndProject
Project("{9A19103F-16F7-4668-BE54-9A1E7A4F7556}") = "DeviceTools.Logitech.HidPlusPlus", "DeviceTools.Logitech.HidPlusPlus\DeviceTools.Logitech.HidPlusPlus.csproj", "{A11D8CB7-E5FB-4834-A4E8-311191488633}"
EndProject
Project("{9A19103F-16F7-4668-BE54-9A1E7A4F7556}") = "Exo.Devices.Asus.Aura", "Exo.Devices.Asus.Aura\Exo.Devices.Asus.Aura.csproj", "{A329545C-1BF9-471A-B82F-483063560E26}"
EndProject
Project("{9A19103F-16F7-4668-BE54-9A1E7A4F7556}") = "DeviceTools.Firmware", "DeviceTools.Firmware\DeviceTools.Firmware.csproj", "{7331DF38-21F2-4039-90E6-1A95351A9114}"
EndProject
Project("{9A19103F-16F7-4668-BE54-9A1E7A4F7556}") = "Exo.Devices.Lg.Monitors", "Exo.Devices.Lg.Monitors\Exo.Devices.Lg.Monitors.csproj", "{06E1474F-B6AE-44AC-993A-5337F62F21AB}"
EndProject
Project("{9A19103F-16F7-4668-BE54-9A1E7A4F7556}") = "Exo.Settings.Ui", "Exo.Settings.Ui\Exo.Settings.Ui.csproj", "{61897B6E-2FB0-44A6-AE44-6B469A4E257A}"
EndProject
Project("{9A19103F-16F7-4668-BE54-9A1E7A4F7556}") = "Exo.Ui.Contracts", "Exo.Ui.Contracts\Exo.Ui.Contracts.csproj", "{658A0673-82C3-4A90-AF76-BC070208FDCD}"
EndProject
Project("{9A19103F-16F7-4668-BE54-9A1E7A4F7556}") = "Exo.Devices.Razer", "Exo.Devices.Razer\Exo.Devices.Razer.csproj", "{C3E16E9F-C30F-4491-A767-1B0BD7AFC048}"
EndProject
Project("{9A19103F-16F7-4668-BE54-9A1E7A4F7556}") = "Exo.Contracts", "Exo.Contracts\Exo.Contracts.csproj", "{6710ECBD-BEB2-4524-8B32-056C83144559}"
EndProject
Global
	GlobalSection(SolutionConfigurationPlatforms) = preSolution
		Debug|Any CPU = Debug|Any CPU
		Debug|arm64 = Debug|arm64
		Debug|x64 = Debug|x64
		Debug|x86 = Debug|x86
		Release|Any CPU = Release|Any CPU
		Release|arm64 = Release|arm64
		Release|x64 = Release|x64
		Release|x86 = Release|x86
	EndGlobalSection
	GlobalSection(ProjectConfigurationPlatforms) = postSolution
		{2796EC08-660C-4223-B715-B02BA20AE2A6}.Debug|Any CPU.ActiveCfg = Debug|Any CPU
		{2796EC08-660C-4223-B715-B02BA20AE2A6}.Debug|Any CPU.Build.0 = Debug|Any CPU
		{2796EC08-660C-4223-B715-B02BA20AE2A6}.Debug|arm64.ActiveCfg = Debug|Any CPU
		{2796EC08-660C-4223-B715-B02BA20AE2A6}.Debug|arm64.Build.0 = Debug|Any CPU
		{2796EC08-660C-4223-B715-B02BA20AE2A6}.Debug|x64.ActiveCfg = Debug|Any CPU
		{2796EC08-660C-4223-B715-B02BA20AE2A6}.Debug|x64.Build.0 = Debug|Any CPU
		{2796EC08-660C-4223-B715-B02BA20AE2A6}.Debug|x86.ActiveCfg = Debug|Any CPU
		{2796EC08-660C-4223-B715-B02BA20AE2A6}.Debug|x86.Build.0 = Debug|Any CPU
		{2796EC08-660C-4223-B715-B02BA20AE2A6}.Release|Any CPU.ActiveCfg = Release|Any CPU
		{2796EC08-660C-4223-B715-B02BA20AE2A6}.Release|Any CPU.Build.0 = Release|Any CPU
		{2796EC08-660C-4223-B715-B02BA20AE2A6}.Release|arm64.ActiveCfg = Release|Any CPU
		{2796EC08-660C-4223-B715-B02BA20AE2A6}.Release|arm64.Build.0 = Release|Any CPU
		{2796EC08-660C-4223-B715-B02BA20AE2A6}.Release|x64.ActiveCfg = Release|Any CPU
		{2796EC08-660C-4223-B715-B02BA20AE2A6}.Release|x64.Build.0 = Release|Any CPU
		{2796EC08-660C-4223-B715-B02BA20AE2A6}.Release|x86.ActiveCfg = Release|Any CPU
		{2796EC08-660C-4223-B715-B02BA20AE2A6}.Release|x86.Build.0 = Release|Any CPU
		{44C7D63A-D185-480A-BB51-10F0D35336D4}.Debug|Any CPU.ActiveCfg = Debug|Any CPU
		{44C7D63A-D185-480A-BB51-10F0D35336D4}.Debug|Any CPU.Build.0 = Debug|Any CPU
		{44C7D63A-D185-480A-BB51-10F0D35336D4}.Debug|arm64.ActiveCfg = Debug|Any CPU
		{44C7D63A-D185-480A-BB51-10F0D35336D4}.Debug|arm64.Build.0 = Debug|Any CPU
		{44C7D63A-D185-480A-BB51-10F0D35336D4}.Debug|x64.ActiveCfg = Debug|Any CPU
		{44C7D63A-D185-480A-BB51-10F0D35336D4}.Debug|x64.Build.0 = Debug|Any CPU
		{44C7D63A-D185-480A-BB51-10F0D35336D4}.Debug|x86.ActiveCfg = Debug|Any CPU
		{44C7D63A-D185-480A-BB51-10F0D35336D4}.Debug|x86.Build.0 = Debug|Any CPU
		{44C7D63A-D185-480A-BB51-10F0D35336D4}.Release|Any CPU.ActiveCfg = Release|Any CPU
		{44C7D63A-D185-480A-BB51-10F0D35336D4}.Release|Any CPU.Build.0 = Release|Any CPU
		{44C7D63A-D185-480A-BB51-10F0D35336D4}.Release|arm64.ActiveCfg = Release|Any CPU
		{44C7D63A-D185-480A-BB51-10F0D35336D4}.Release|arm64.Build.0 = Release|Any CPU
		{44C7D63A-D185-480A-BB51-10F0D35336D4}.Release|x64.ActiveCfg = Release|Any CPU
		{44C7D63A-D185-480A-BB51-10F0D35336D4}.Release|x64.Build.0 = Release|Any CPU
		{44C7D63A-D185-480A-BB51-10F0D35336D4}.Release|x86.ActiveCfg = Release|Any CPU
		{44C7D63A-D185-480A-BB51-10F0D35336D4}.Release|x86.Build.0 = Release|Any CPU
		{6912E342-533E-4A26-9C07-D95B752E94CF}.Debug|Any CPU.ActiveCfg = Debug|Any CPU
		{6912E342-533E-4A26-9C07-D95B752E94CF}.Debug|Any CPU.Build.0 = Debug|Any CPU
		{6912E342-533E-4A26-9C07-D95B752E94CF}.Debug|arm64.ActiveCfg = Debug|Any CPU
		{6912E342-533E-4A26-9C07-D95B752E94CF}.Debug|arm64.Build.0 = Debug|Any CPU
		{6912E342-533E-4A26-9C07-D95B752E94CF}.Debug|x64.ActiveCfg = Debug|Any CPU
		{6912E342-533E-4A26-9C07-D95B752E94CF}.Debug|x64.Build.0 = Debug|Any CPU
		{6912E342-533E-4A26-9C07-D95B752E94CF}.Debug|x86.ActiveCfg = Debug|Any CPU
		{6912E342-533E-4A26-9C07-D95B752E94CF}.Debug|x86.Build.0 = Debug|Any CPU
		{6912E342-533E-4A26-9C07-D95B752E94CF}.Release|Any CPU.ActiveCfg = Release|Any CPU
		{6912E342-533E-4A26-9C07-D95B752E94CF}.Release|Any CPU.Build.0 = Release|Any CPU
		{6912E342-533E-4A26-9C07-D95B752E94CF}.Release|arm64.ActiveCfg = Release|Any CPU
		{6912E342-533E-4A26-9C07-D95B752E94CF}.Release|arm64.Build.0 = Release|Any CPU
		{6912E342-533E-4A26-9C07-D95B752E94CF}.Release|x64.ActiveCfg = Release|Any CPU
		{6912E342-533E-4A26-9C07-D95B752E94CF}.Release|x64.Build.0 = Release|Any CPU
		{6912E342-533E-4A26-9C07-D95B752E94CF}.Release|x86.ActiveCfg = Release|Any CPU
		{6912E342-533E-4A26-9C07-D95B752E94CF}.Release|x86.Build.0 = Release|Any CPU
		{B089488B-0DE0-467B-897D-3941397F7124}.Debug|Any CPU.ActiveCfg = Debug|Any CPU
		{B089488B-0DE0-467B-897D-3941397F7124}.Debug|Any CPU.Build.0 = Debug|Any CPU
		{B089488B-0DE0-467B-897D-3941397F7124}.Debug|arm64.ActiveCfg = Debug|Any CPU
		{B089488B-0DE0-467B-897D-3941397F7124}.Debug|arm64.Build.0 = Debug|Any CPU
		{B089488B-0DE0-467B-897D-3941397F7124}.Debug|x64.ActiveCfg = Debug|Any CPU
		{B089488B-0DE0-467B-897D-3941397F7124}.Debug|x64.Build.0 = Debug|Any CPU
		{B089488B-0DE0-467B-897D-3941397F7124}.Debug|x86.ActiveCfg = Debug|Any CPU
		{B089488B-0DE0-467B-897D-3941397F7124}.Debug|x86.Build.0 = Debug|Any CPU
		{B089488B-0DE0-467B-897D-3941397F7124}.Release|Any CPU.ActiveCfg = Release|Any CPU
		{B089488B-0DE0-467B-897D-3941397F7124}.Release|Any CPU.Build.0 = Release|Any CPU
		{B089488B-0DE0-467B-897D-3941397F7124}.Release|arm64.ActiveCfg = Release|Any CPU
		{B089488B-0DE0-467B-897D-3941397F7124}.Release|arm64.Build.0 = Release|Any CPU
		{B089488B-0DE0-467B-897D-3941397F7124}.Release|x64.ActiveCfg = Release|Any CPU
		{B089488B-0DE0-467B-897D-3941397F7124}.Release|x64.Build.0 = Release|Any CPU
		{B089488B-0DE0-467B-897D-3941397F7124}.Release|x86.ActiveCfg = Release|Any CPU
		{B089488B-0DE0-467B-897D-3941397F7124}.Release|x86.Build.0 = Release|Any CPU
		{90C2B7AF-165E-484B-86AD-C91C96D9F08E}.Debug|Any CPU.ActiveCfg = Debug|Any CPU
		{90C2B7AF-165E-484B-86AD-C91C96D9F08E}.Debug|Any CPU.Build.0 = Debug|Any CPU
		{90C2B7AF-165E-484B-86AD-C91C96D9F08E}.Debug|arm64.ActiveCfg = Debug|Any CPU
		{90C2B7AF-165E-484B-86AD-C91C96D9F08E}.Debug|arm64.Build.0 = Debug|Any CPU
		{90C2B7AF-165E-484B-86AD-C91C96D9F08E}.Debug|x64.ActiveCfg = Debug|Any CPU
		{90C2B7AF-165E-484B-86AD-C91C96D9F08E}.Debug|x64.Build.0 = Debug|Any CPU
		{90C2B7AF-165E-484B-86AD-C91C96D9F08E}.Debug|x86.ActiveCfg = Debug|Any CPU
		{90C2B7AF-165E-484B-86AD-C91C96D9F08E}.Debug|x86.Build.0 = Debug|Any CPU
		{90C2B7AF-165E-484B-86AD-C91C96D9F08E}.Release|Any CPU.ActiveCfg = Release|Any CPU
		{90C2B7AF-165E-484B-86AD-C91C96D9F08E}.Release|Any CPU.Build.0 = Release|Any CPU
		{90C2B7AF-165E-484B-86AD-C91C96D9F08E}.Release|arm64.ActiveCfg = Release|Any CPU
		{90C2B7AF-165E-484B-86AD-C91C96D9F08E}.Release|arm64.Build.0 = Release|Any CPU
		{90C2B7AF-165E-484B-86AD-C91C96D9F08E}.Release|x64.ActiveCfg = Release|Any CPU
		{90C2B7AF-165E-484B-86AD-C91C96D9F08E}.Release|x64.Build.0 = Release|Any CPU
		{90C2B7AF-165E-484B-86AD-C91C96D9F08E}.Release|x86.ActiveCfg = Release|Any CPU
		{90C2B7AF-165E-484B-86AD-C91C96D9F08E}.Release|x86.Build.0 = Release|Any CPU
		{066B767B-6335-4AD0-98C6-3B313A8A0689}.Debug|Any CPU.ActiveCfg = Debug|Any CPU
		{066B767B-6335-4AD0-98C6-3B313A8A0689}.Debug|Any CPU.Build.0 = Debug|Any CPU
		{066B767B-6335-4AD0-98C6-3B313A8A0689}.Debug|arm64.ActiveCfg = Debug|Any CPU
		{066B767B-6335-4AD0-98C6-3B313A8A0689}.Debug|arm64.Build.0 = Debug|Any CPU
		{066B767B-6335-4AD0-98C6-3B313A8A0689}.Debug|x64.ActiveCfg = Debug|Any CPU
		{066B767B-6335-4AD0-98C6-3B313A8A0689}.Debug|x64.Build.0 = Debug|Any CPU
		{066B767B-6335-4AD0-98C6-3B313A8A0689}.Debug|x86.ActiveCfg = Debug|Any CPU
		{066B767B-6335-4AD0-98C6-3B313A8A0689}.Debug|x86.Build.0 = Debug|Any CPU
		{066B767B-6335-4AD0-98C6-3B313A8A0689}.Release|Any CPU.ActiveCfg = Release|Any CPU
		{066B767B-6335-4AD0-98C6-3B313A8A0689}.Release|Any CPU.Build.0 = Release|Any CPU
		{066B767B-6335-4AD0-98C6-3B313A8A0689}.Release|arm64.ActiveCfg = Release|Any CPU
		{066B767B-6335-4AD0-98C6-3B313A8A0689}.Release|arm64.Build.0 = Release|Any CPU
		{066B767B-6335-4AD0-98C6-3B313A8A0689}.Release|x64.ActiveCfg = Release|Any CPU
		{066B767B-6335-4AD0-98C6-3B313A8A0689}.Release|x64.Build.0 = Release|Any CPU
		{066B767B-6335-4AD0-98C6-3B313A8A0689}.Release|x86.ActiveCfg = Release|Any CPU
		{066B767B-6335-4AD0-98C6-3B313A8A0689}.Release|x86.Build.0 = Release|Any CPU
		{D1DCAD46-5791-4637-8566-82A05C537E13}.Debug|Any CPU.ActiveCfg = Debug|Any CPU
		{D1DCAD46-5791-4637-8566-82A05C537E13}.Debug|Any CPU.Build.0 = Debug|Any CPU
		{D1DCAD46-5791-4637-8566-82A05C537E13}.Debug|arm64.ActiveCfg = Debug|Any CPU
		{D1DCAD46-5791-4637-8566-82A05C537E13}.Debug|arm64.Build.0 = Debug|Any CPU
		{D1DCAD46-5791-4637-8566-82A05C537E13}.Debug|x64.ActiveCfg = Debug|Any CPU
		{D1DCAD46-5791-4637-8566-82A05C537E13}.Debug|x64.Build.0 = Debug|Any CPU
		{D1DCAD46-5791-4637-8566-82A05C537E13}.Debug|x86.ActiveCfg = Debug|Any CPU
		{D1DCAD46-5791-4637-8566-82A05C537E13}.Debug|x86.Build.0 = Debug|Any CPU
		{D1DCAD46-5791-4637-8566-82A05C537E13}.Release|Any CPU.ActiveCfg = Release|Any CPU
		{D1DCAD46-5791-4637-8566-82A05C537E13}.Release|Any CPU.Build.0 = Release|Any CPU
		{D1DCAD46-5791-4637-8566-82A05C537E13}.Release|arm64.ActiveCfg = Release|Any CPU
		{D1DCAD46-5791-4637-8566-82A05C537E13}.Release|arm64.Build.0 = Release|Any CPU
		{D1DCAD46-5791-4637-8566-82A05C537E13}.Release|x64.ActiveCfg = Release|Any CPU
		{D1DCAD46-5791-4637-8566-82A05C537E13}.Release|x64.Build.0 = Release|Any CPU
		{D1DCAD46-5791-4637-8566-82A05C537E13}.Release|x86.ActiveCfg = Release|Any CPU
		{D1DCAD46-5791-4637-8566-82A05C537E13}.Release|x86.Build.0 = Release|Any CPU
		{DA47CCA3-B07B-47D3-87E3-23C1C2246A14}.Debug|Any CPU.ActiveCfg = Debug|Any CPU
		{DA47CCA3-B07B-47D3-87E3-23C1C2246A14}.Debug|Any CPU.Build.0 = Debug|Any CPU
		{DA47CCA3-B07B-47D3-87E3-23C1C2246A14}.Debug|arm64.ActiveCfg = Debug|Any CPU
		{DA47CCA3-B07B-47D3-87E3-23C1C2246A14}.Debug|arm64.Build.0 = Debug|Any CPU
		{DA47CCA3-B07B-47D3-87E3-23C1C2246A14}.Debug|x64.ActiveCfg = Debug|Any CPU
		{DA47CCA3-B07B-47D3-87E3-23C1C2246A14}.Debug|x64.Build.0 = Debug|Any CPU
		{DA47CCA3-B07B-47D3-87E3-23C1C2246A14}.Debug|x86.ActiveCfg = Debug|Any CPU
		{DA47CCA3-B07B-47D3-87E3-23C1C2246A14}.Debug|x86.Build.0 = Debug|Any CPU
		{DA47CCA3-B07B-47D3-87E3-23C1C2246A14}.Release|Any CPU.ActiveCfg = Release|Any CPU
		{DA47CCA3-B07B-47D3-87E3-23C1C2246A14}.Release|Any CPU.Build.0 = Release|Any CPU
		{DA47CCA3-B07B-47D3-87E3-23C1C2246A14}.Release|arm64.ActiveCfg = Release|Any CPU
		{DA47CCA3-B07B-47D3-87E3-23C1C2246A14}.Release|arm64.Build.0 = Release|Any CPU
		{DA47CCA3-B07B-47D3-87E3-23C1C2246A14}.Release|x64.ActiveCfg = Release|Any CPU
		{DA47CCA3-B07B-47D3-87E3-23C1C2246A14}.Release|x64.Build.0 = Release|Any CPU
		{DA47CCA3-B07B-47D3-87E3-23C1C2246A14}.Release|x86.ActiveCfg = Release|Any CPU
		{DA47CCA3-B07B-47D3-87E3-23C1C2246A14}.Release|x86.Build.0 = Release|Any CPU
		{712AE2A9-3108-4F30-8657-B6D8B42F03EA}.Debug|Any CPU.ActiveCfg = Debug|Any CPU
		{712AE2A9-3108-4F30-8657-B6D8B42F03EA}.Debug|Any CPU.Build.0 = Debug|Any CPU
		{712AE2A9-3108-4F30-8657-B6D8B42F03EA}.Debug|arm64.ActiveCfg = Debug|Any CPU
		{712AE2A9-3108-4F30-8657-B6D8B42F03EA}.Debug|arm64.Build.0 = Debug|Any CPU
		{712AE2A9-3108-4F30-8657-B6D8B42F03EA}.Debug|x64.ActiveCfg = Debug|Any CPU
		{712AE2A9-3108-4F30-8657-B6D8B42F03EA}.Debug|x64.Build.0 = Debug|Any CPU
		{712AE2A9-3108-4F30-8657-B6D8B42F03EA}.Debug|x86.ActiveCfg = Debug|Any CPU
		{712AE2A9-3108-4F30-8657-B6D8B42F03EA}.Debug|x86.Build.0 = Debug|Any CPU
		{712AE2A9-3108-4F30-8657-B6D8B42F03EA}.Release|Any CPU.ActiveCfg = Release|Any CPU
		{712AE2A9-3108-4F30-8657-B6D8B42F03EA}.Release|Any CPU.Build.0 = Release|Any CPU
		{712AE2A9-3108-4F30-8657-B6D8B42F03EA}.Release|arm64.ActiveCfg = Release|Any CPU
		{712AE2A9-3108-4F30-8657-B6D8B42F03EA}.Release|arm64.Build.0 = Release|Any CPU
		{712AE2A9-3108-4F30-8657-B6D8B42F03EA}.Release|x64.ActiveCfg = Release|Any CPU
		{712AE2A9-3108-4F30-8657-B6D8B42F03EA}.Release|x64.Build.0 = Release|Any CPU
		{712AE2A9-3108-4F30-8657-B6D8B42F03EA}.Release|x86.ActiveCfg = Release|Any CPU
		{712AE2A9-3108-4F30-8657-B6D8B42F03EA}.Release|x86.Build.0 = Release|Any CPU
		{E72FBFB4-3CF1-4CBA-AB7C-67CE2525E55C}.Debug|Any CPU.ActiveCfg = Debug|Any CPU
		{E72FBFB4-3CF1-4CBA-AB7C-67CE2525E55C}.Debug|Any CPU.Build.0 = Debug|Any CPU
		{E72FBFB4-3CF1-4CBA-AB7C-67CE2525E55C}.Debug|arm64.ActiveCfg = Debug|Any CPU
		{E72FBFB4-3CF1-4CBA-AB7C-67CE2525E55C}.Debug|arm64.Build.0 = Debug|Any CPU
		{E72FBFB4-3CF1-4CBA-AB7C-67CE2525E55C}.Debug|x64.ActiveCfg = Debug|Any CPU
		{E72FBFB4-3CF1-4CBA-AB7C-67CE2525E55C}.Debug|x64.Build.0 = Debug|Any CPU
		{E72FBFB4-3CF1-4CBA-AB7C-67CE2525E55C}.Debug|x86.ActiveCfg = Debug|Any CPU
		{E72FBFB4-3CF1-4CBA-AB7C-67CE2525E55C}.Debug|x86.Build.0 = Debug|Any CPU
		{E72FBFB4-3CF1-4CBA-AB7C-67CE2525E55C}.Release|Any CPU.ActiveCfg = Release|Any CPU
		{E72FBFB4-3CF1-4CBA-AB7C-67CE2525E55C}.Release|Any CPU.Build.0 = Release|Any CPU
		{E72FBFB4-3CF1-4CBA-AB7C-67CE2525E55C}.Release|arm64.ActiveCfg = Release|Any CPU
		{E72FBFB4-3CF1-4CBA-AB7C-67CE2525E55C}.Release|arm64.Build.0 = Release|Any CPU
		{E72FBFB4-3CF1-4CBA-AB7C-67CE2525E55C}.Release|x64.ActiveCfg = Release|Any CPU
		{E72FBFB4-3CF1-4CBA-AB7C-67CE2525E55C}.Release|x64.Build.0 = Release|Any CPU
		{E72FBFB4-3CF1-4CBA-AB7C-67CE2525E55C}.Release|x86.ActiveCfg = Release|Any CPU
		{E72FBFB4-3CF1-4CBA-AB7C-67CE2525E55C}.Release|x86.Build.0 = Release|Any CPU
		{B48149B4-130C-4277-9727-D97C648C91AD}.Debug|Any CPU.ActiveCfg = Debug|Any CPU
		{B48149B4-130C-4277-9727-D97C648C91AD}.Debug|Any CPU.Build.0 = Debug|Any CPU
		{B48149B4-130C-4277-9727-D97C648C91AD}.Debug|arm64.ActiveCfg = Debug|Any CPU
		{B48149B4-130C-4277-9727-D97C648C91AD}.Debug|arm64.Build.0 = Debug|Any CPU
		{B48149B4-130C-4277-9727-D97C648C91AD}.Debug|x64.ActiveCfg = Debug|Any CPU
		{B48149B4-130C-4277-9727-D97C648C91AD}.Debug|x64.Build.0 = Debug|Any CPU
		{B48149B4-130C-4277-9727-D97C648C91AD}.Debug|x86.ActiveCfg = Debug|Any CPU
		{B48149B4-130C-4277-9727-D97C648C91AD}.Debug|x86.Build.0 = Debug|Any CPU
		{B48149B4-130C-4277-9727-D97C648C91AD}.Release|Any CPU.ActiveCfg = Release|Any CPU
		{B48149B4-130C-4277-9727-D97C648C91AD}.Release|Any CPU.Build.0 = Release|Any CPU
		{B48149B4-130C-4277-9727-D97C648C91AD}.Release|arm64.ActiveCfg = Release|Any CPU
		{B48149B4-130C-4277-9727-D97C648C91AD}.Release|arm64.Build.0 = Release|Any CPU
		{B48149B4-130C-4277-9727-D97C648C91AD}.Release|x64.ActiveCfg = Release|Any CPU
		{B48149B4-130C-4277-9727-D97C648C91AD}.Release|x64.Build.0 = Release|Any CPU
		{B48149B4-130C-4277-9727-D97C648C91AD}.Release|x86.ActiveCfg = Release|Any CPU
		{B48149B4-130C-4277-9727-D97C648C91AD}.Release|x86.Build.0 = Release|Any CPU
		{453DBCD7-A3E3-4BC4-89D6-DEA0F1BA7AF6}.Debug|Any CPU.ActiveCfg = Debug|Any CPU
		{453DBCD7-A3E3-4BC4-89D6-DEA0F1BA7AF6}.Debug|Any CPU.Build.0 = Debug|Any CPU
		{453DBCD7-A3E3-4BC4-89D6-DEA0F1BA7AF6}.Debug|arm64.ActiveCfg = Debug|Any CPU
		{453DBCD7-A3E3-4BC4-89D6-DEA0F1BA7AF6}.Debug|arm64.Build.0 = Debug|Any CPU
		{453DBCD7-A3E3-4BC4-89D6-DEA0F1BA7AF6}.Debug|x64.ActiveCfg = Debug|Any CPU
		{453DBCD7-A3E3-4BC4-89D6-DEA0F1BA7AF6}.Debug|x64.Build.0 = Debug|Any CPU
		{453DBCD7-A3E3-4BC4-89D6-DEA0F1BA7AF6}.Debug|x86.ActiveCfg = Debug|Any CPU
		{453DBCD7-A3E3-4BC4-89D6-DEA0F1BA7AF6}.Debug|x86.Build.0 = Debug|Any CPU
		{453DBCD7-A3E3-4BC4-89D6-DEA0F1BA7AF6}.Release|Any CPU.ActiveCfg = Release|Any CPU
		{453DBCD7-A3E3-4BC4-89D6-DEA0F1BA7AF6}.Release|Any CPU.Build.0 = Release|Any CPU
		{453DBCD7-A3E3-4BC4-89D6-DEA0F1BA7AF6}.Release|arm64.ActiveCfg = Release|Any CPU
		{453DBCD7-A3E3-4BC4-89D6-DEA0F1BA7AF6}.Release|arm64.Build.0 = Release|Any CPU
		{453DBCD7-A3E3-4BC4-89D6-DEA0F1BA7AF6}.Release|x64.ActiveCfg = Release|Any CPU
		{453DBCD7-A3E3-4BC4-89D6-DEA0F1BA7AF6}.Release|x64.Build.0 = Release|Any CPU
		{453DBCD7-A3E3-4BC4-89D6-DEA0F1BA7AF6}.Release|x86.ActiveCfg = Release|Any CPU
		{453DBCD7-A3E3-4BC4-89D6-DEA0F1BA7AF6}.Release|x86.Build.0 = Release|Any CPU
		{8DAF49D0-B373-47E7-8DE9-B4963E6DE82E}.Debug|Any CPU.ActiveCfg = Debug|Any CPU
		{8DAF49D0-B373-47E7-8DE9-B4963E6DE82E}.Debug|Any CPU.Build.0 = Debug|Any CPU
		{8DAF49D0-B373-47E7-8DE9-B4963E6DE82E}.Debug|arm64.ActiveCfg = Debug|Any CPU
		{8DAF49D0-B373-47E7-8DE9-B4963E6DE82E}.Debug|arm64.Build.0 = Debug|Any CPU
		{8DAF49D0-B373-47E7-8DE9-B4963E6DE82E}.Debug|x64.ActiveCfg = Debug|Any CPU
		{8DAF49D0-B373-47E7-8DE9-B4963E6DE82E}.Debug|x64.Build.0 = Debug|Any CPU
		{8DAF49D0-B373-47E7-8DE9-B4963E6DE82E}.Debug|x86.ActiveCfg = Debug|Any CPU
		{8DAF49D0-B373-47E7-8DE9-B4963E6DE82E}.Debug|x86.Build.0 = Debug|Any CPU
		{8DAF49D0-B373-47E7-8DE9-B4963E6DE82E}.Release|Any CPU.ActiveCfg = Release|Any CPU
		{8DAF49D0-B373-47E7-8DE9-B4963E6DE82E}.Release|Any CPU.Build.0 = Release|Any CPU
		{8DAF49D0-B373-47E7-8DE9-B4963E6DE82E}.Release|arm64.ActiveCfg = Release|Any CPU
		{8DAF49D0-B373-47E7-8DE9-B4963E6DE82E}.Release|arm64.Build.0 = Release|Any CPU
		{8DAF49D0-B373-47E7-8DE9-B4963E6DE82E}.Release|x64.ActiveCfg = Release|Any CPU
		{8DAF49D0-B373-47E7-8DE9-B4963E6DE82E}.Release|x64.Build.0 = Release|Any CPU
		{8DAF49D0-B373-47E7-8DE9-B4963E6DE82E}.Release|x86.ActiveCfg = Release|Any CPU
		{8DAF49D0-B373-47E7-8DE9-B4963E6DE82E}.Release|x86.Build.0 = Release|Any CPU
		{3476FF98-7AB8-44D0-811C-AC8453C32387}.Debug|Any CPU.ActiveCfg = Debug|Any CPU
		{3476FF98-7AB8-44D0-811C-AC8453C32387}.Debug|Any CPU.Build.0 = Debug|Any CPU
		{3476FF98-7AB8-44D0-811C-AC8453C32387}.Debug|arm64.ActiveCfg = Debug|Any CPU
		{3476FF98-7AB8-44D0-811C-AC8453C32387}.Debug|arm64.Build.0 = Debug|Any CPU
		{3476FF98-7AB8-44D0-811C-AC8453C32387}.Debug|x64.ActiveCfg = Debug|Any CPU
		{3476FF98-7AB8-44D0-811C-AC8453C32387}.Debug|x64.Build.0 = Debug|Any CPU
		{3476FF98-7AB8-44D0-811C-AC8453C32387}.Debug|x86.ActiveCfg = Debug|Any CPU
		{3476FF98-7AB8-44D0-811C-AC8453C32387}.Debug|x86.Build.0 = Debug|Any CPU
		{3476FF98-7AB8-44D0-811C-AC8453C32387}.Release|Any CPU.ActiveCfg = Release|Any CPU
		{3476FF98-7AB8-44D0-811C-AC8453C32387}.Release|Any CPU.Build.0 = Release|Any CPU
		{3476FF98-7AB8-44D0-811C-AC8453C32387}.Release|arm64.ActiveCfg = Release|Any CPU
		{3476FF98-7AB8-44D0-811C-AC8453C32387}.Release|arm64.Build.0 = Release|Any CPU
		{3476FF98-7AB8-44D0-811C-AC8453C32387}.Release|x64.ActiveCfg = Release|Any CPU
		{3476FF98-7AB8-44D0-811C-AC8453C32387}.Release|x64.Build.0 = Release|Any CPU
		{3476FF98-7AB8-44D0-811C-AC8453C32387}.Release|x86.ActiveCfg = Release|Any CPU
		{3476FF98-7AB8-44D0-811C-AC8453C32387}.Release|x86.Build.0 = Release|Any CPU
		{67C58445-F269-4BB6-91CA-A9B1712C7DEA}.Debug|Any CPU.ActiveCfg = Debug|Any CPU
		{67C58445-F269-4BB6-91CA-A9B1712C7DEA}.Debug|Any CPU.Build.0 = Debug|Any CPU
		{67C58445-F269-4BB6-91CA-A9B1712C7DEA}.Debug|arm64.ActiveCfg = Debug|Any CPU
		{67C58445-F269-4BB6-91CA-A9B1712C7DEA}.Debug|arm64.Build.0 = Debug|Any CPU
		{67C58445-F269-4BB6-91CA-A9B1712C7DEA}.Debug|x64.ActiveCfg = Debug|Any CPU
		{67C58445-F269-4BB6-91CA-A9B1712C7DEA}.Debug|x64.Build.0 = Debug|Any CPU
		{67C58445-F269-4BB6-91CA-A9B1712C7DEA}.Debug|x86.ActiveCfg = Debug|Any CPU
		{67C58445-F269-4BB6-91CA-A9B1712C7DEA}.Debug|x86.Build.0 = Debug|Any CPU
		{67C58445-F269-4BB6-91CA-A9B1712C7DEA}.Release|Any CPU.ActiveCfg = Release|Any CPU
		{67C58445-F269-4BB6-91CA-A9B1712C7DEA}.Release|Any CPU.Build.0 = Release|Any CPU
		{67C58445-F269-4BB6-91CA-A9B1712C7DEA}.Release|arm64.ActiveCfg = Release|Any CPU
		{67C58445-F269-4BB6-91CA-A9B1712C7DEA}.Release|arm64.Build.0 = Release|Any CPU
		{67C58445-F269-4BB6-91CA-A9B1712C7DEA}.Release|x64.ActiveCfg = Release|Any CPU
		{67C58445-F269-4BB6-91CA-A9B1712C7DEA}.Release|x64.Build.0 = Release|Any CPU
		{67C58445-F269-4BB6-91CA-A9B1712C7DEA}.Release|x86.ActiveCfg = Release|Any CPU
		{67C58445-F269-4BB6-91CA-A9B1712C7DEA}.Release|x86.Build.0 = Release|Any CPU
		{180EB404-59D7-475F-A18F-34383FED39DC}.Debug|Any CPU.ActiveCfg = Debug|Any CPU
		{180EB404-59D7-475F-A18F-34383FED39DC}.Debug|Any CPU.Build.0 = Debug|Any CPU
		{180EB404-59D7-475F-A18F-34383FED39DC}.Debug|arm64.ActiveCfg = Debug|Any CPU
		{180EB404-59D7-475F-A18F-34383FED39DC}.Debug|arm64.Build.0 = Debug|Any CPU
		{180EB404-59D7-475F-A18F-34383FED39DC}.Debug|x64.ActiveCfg = Debug|Any CPU
		{180EB404-59D7-475F-A18F-34383FED39DC}.Debug|x64.Build.0 = Debug|Any CPU
		{180EB404-59D7-475F-A18F-34383FED39DC}.Debug|x86.ActiveCfg = Debug|Any CPU
		{180EB404-59D7-475F-A18F-34383FED39DC}.Debug|x86.Build.0 = Debug|Any CPU
		{180EB404-59D7-475F-A18F-34383FED39DC}.Release|Any CPU.ActiveCfg = Release|Any CPU
		{180EB404-59D7-475F-A18F-34383FED39DC}.Release|Any CPU.Build.0 = Release|Any CPU
		{180EB404-59D7-475F-A18F-34383FED39DC}.Release|arm64.ActiveCfg = Release|Any CPU
		{180EB404-59D7-475F-A18F-34383FED39DC}.Release|arm64.Build.0 = Release|Any CPU
		{180EB404-59D7-475F-A18F-34383FED39DC}.Release|x64.ActiveCfg = Release|Any CPU
		{180EB404-59D7-475F-A18F-34383FED39DC}.Release|x64.Build.0 = Release|Any CPU
		{180EB404-59D7-475F-A18F-34383FED39DC}.Release|x86.ActiveCfg = Release|Any CPU
		{180EB404-59D7-475F-A18F-34383FED39DC}.Release|x86.Build.0 = Release|Any CPU
		{46F77CFD-8A0B-4843-8F08-05809B73291D}.Debug|Any CPU.ActiveCfg = Debug|Any CPU
		{46F77CFD-8A0B-4843-8F08-05809B73291D}.Debug|Any CPU.Build.0 = Debug|Any CPU
		{46F77CFD-8A0B-4843-8F08-05809B73291D}.Debug|arm64.ActiveCfg = Debug|Any CPU
		{46F77CFD-8A0B-4843-8F08-05809B73291D}.Debug|arm64.Build.0 = Debug|Any CPU
		{46F77CFD-8A0B-4843-8F08-05809B73291D}.Debug|x64.ActiveCfg = Debug|Any CPU
		{46F77CFD-8A0B-4843-8F08-05809B73291D}.Debug|x64.Build.0 = Debug|Any CPU
		{46F77CFD-8A0B-4843-8F08-05809B73291D}.Debug|x86.ActiveCfg = Debug|Any CPU
		{46F77CFD-8A0B-4843-8F08-05809B73291D}.Debug|x86.Build.0 = Debug|Any CPU
		{46F77CFD-8A0B-4843-8F08-05809B73291D}.Release|Any CPU.ActiveCfg = Release|Any CPU
		{46F77CFD-8A0B-4843-8F08-05809B73291D}.Release|Any CPU.Build.0 = Release|Any CPU
		{46F77CFD-8A0B-4843-8F08-05809B73291D}.Release|arm64.ActiveCfg = Release|Any CPU
		{46F77CFD-8A0B-4843-8F08-05809B73291D}.Release|arm64.Build.0 = Release|Any CPU
		{46F77CFD-8A0B-4843-8F08-05809B73291D}.Release|x64.ActiveCfg = Release|Any CPU
		{46F77CFD-8A0B-4843-8F08-05809B73291D}.Release|x64.Build.0 = Release|Any CPU
		{46F77CFD-8A0B-4843-8F08-05809B73291D}.Release|x86.ActiveCfg = Release|Any CPU
		{46F77CFD-8A0B-4843-8F08-05809B73291D}.Release|x86.Build.0 = Release|Any CPU
		{52E8FC5E-8576-4AF3-BBDE-8ADEB0B6B695}.Debug|Any CPU.ActiveCfg = Debug|Any CPU
		{52E8FC5E-8576-4AF3-BBDE-8ADEB0B6B695}.Debug|Any CPU.Build.0 = Debug|Any CPU
		{52E8FC5E-8576-4AF3-BBDE-8ADEB0B6B695}.Debug|arm64.ActiveCfg = Debug|Any CPU
		{52E8FC5E-8576-4AF3-BBDE-8ADEB0B6B695}.Debug|arm64.Build.0 = Debug|Any CPU
		{52E8FC5E-8576-4AF3-BBDE-8ADEB0B6B695}.Debug|x64.ActiveCfg = Debug|Any CPU
		{52E8FC5E-8576-4AF3-BBDE-8ADEB0B6B695}.Debug|x64.Build.0 = Debug|Any CPU
		{52E8FC5E-8576-4AF3-BBDE-8ADEB0B6B695}.Debug|x86.ActiveCfg = Debug|Any CPU
		{52E8FC5E-8576-4AF3-BBDE-8ADEB0B6B695}.Debug|x86.Build.0 = Debug|Any CPU
		{52E8FC5E-8576-4AF3-BBDE-8ADEB0B6B695}.Release|Any CPU.ActiveCfg = Release|Any CPU
		{52E8FC5E-8576-4AF3-BBDE-8ADEB0B6B695}.Release|Any CPU.Build.0 = Release|Any CPU
		{52E8FC5E-8576-4AF3-BBDE-8ADEB0B6B695}.Release|arm64.ActiveCfg = Release|Any CPU
		{52E8FC5E-8576-4AF3-BBDE-8ADEB0B6B695}.Release|arm64.Build.0 = Release|Any CPU
		{52E8FC5E-8576-4AF3-BBDE-8ADEB0B6B695}.Release|x64.ActiveCfg = Release|Any CPU
		{52E8FC5E-8576-4AF3-BBDE-8ADEB0B6B695}.Release|x64.Build.0 = Release|Any CPU
		{52E8FC5E-8576-4AF3-BBDE-8ADEB0B6B695}.Release|x86.ActiveCfg = Release|Any CPU
		{52E8FC5E-8576-4AF3-BBDE-8ADEB0B6B695}.Release|x86.Build.0 = Release|Any CPU
		{E2C3D744-8399-4416-8777-A5D500514EB4}.Debug|Any CPU.ActiveCfg = Debug|Any CPU
		{E2C3D744-8399-4416-8777-A5D500514EB4}.Debug|Any CPU.Build.0 = Debug|Any CPU
		{E2C3D744-8399-4416-8777-A5D500514EB4}.Debug|arm64.ActiveCfg = Debug|Any CPU
		{E2C3D744-8399-4416-8777-A5D500514EB4}.Debug|arm64.Build.0 = Debug|Any CPU
		{E2C3D744-8399-4416-8777-A5D500514EB4}.Debug|x64.ActiveCfg = Debug|Any CPU
		{E2C3D744-8399-4416-8777-A5D500514EB4}.Debug|x64.Build.0 = Debug|Any CPU
		{E2C3D744-8399-4416-8777-A5D500514EB4}.Debug|x86.ActiveCfg = Debug|Any CPU
		{E2C3D744-8399-4416-8777-A5D500514EB4}.Debug|x86.Build.0 = Debug|Any CPU
		{E2C3D744-8399-4416-8777-A5D500514EB4}.Release|Any CPU.ActiveCfg = Release|Any CPU
		{E2C3D744-8399-4416-8777-A5D500514EB4}.Release|Any CPU.Build.0 = Release|Any CPU
		{E2C3D744-8399-4416-8777-A5D500514EB4}.Release|arm64.ActiveCfg = Release|Any CPU
		{E2C3D744-8399-4416-8777-A5D500514EB4}.Release|arm64.Build.0 = Release|Any CPU
		{E2C3D744-8399-4416-8777-A5D500514EB4}.Release|x64.ActiveCfg = Release|Any CPU
		{E2C3D744-8399-4416-8777-A5D500514EB4}.Release|x64.Build.0 = Release|Any CPU
		{E2C3D744-8399-4416-8777-A5D500514EB4}.Release|x86.ActiveCfg = Release|Any CPU
		{E2C3D744-8399-4416-8777-A5D500514EB4}.Release|x86.Build.0 = Release|Any CPU
		{69447A3F-3B6E-4DD3-83EE-2A5BA904B948}.Debug|Any CPU.ActiveCfg = Debug|Any CPU
		{69447A3F-3B6E-4DD3-83EE-2A5BA904B948}.Debug|Any CPU.Build.0 = Debug|Any CPU
		{69447A3F-3B6E-4DD3-83EE-2A5BA904B948}.Debug|arm64.ActiveCfg = Debug|Any CPU
		{69447A3F-3B6E-4DD3-83EE-2A5BA904B948}.Debug|arm64.Build.0 = Debug|Any CPU
		{69447A3F-3B6E-4DD3-83EE-2A5BA904B948}.Debug|x64.ActiveCfg = Debug|Any CPU
		{69447A3F-3B6E-4DD3-83EE-2A5BA904B948}.Debug|x64.Build.0 = Debug|Any CPU
		{69447A3F-3B6E-4DD3-83EE-2A5BA904B948}.Debug|x86.ActiveCfg = Debug|Any CPU
		{69447A3F-3B6E-4DD3-83EE-2A5BA904B948}.Debug|x86.Build.0 = Debug|Any CPU
		{69447A3F-3B6E-4DD3-83EE-2A5BA904B948}.Release|Any CPU.ActiveCfg = Release|Any CPU
		{69447A3F-3B6E-4DD3-83EE-2A5BA904B948}.Release|Any CPU.Build.0 = Release|Any CPU
		{69447A3F-3B6E-4DD3-83EE-2A5BA904B948}.Release|arm64.ActiveCfg = Release|Any CPU
		{69447A3F-3B6E-4DD3-83EE-2A5BA904B948}.Release|arm64.Build.0 = Release|Any CPU
		{69447A3F-3B6E-4DD3-83EE-2A5BA904B948}.Release|x64.ActiveCfg = Release|Any CPU
		{69447A3F-3B6E-4DD3-83EE-2A5BA904B948}.Release|x64.Build.0 = Release|Any CPU
		{69447A3F-3B6E-4DD3-83EE-2A5BA904B948}.Release|x86.ActiveCfg = Release|Any CPU
		{69447A3F-3B6E-4DD3-83EE-2A5BA904B948}.Release|x86.Build.0 = Release|Any CPU
		{744D228D-912C-45A2-972F-AE6C623D5D12}.Debug|Any CPU.ActiveCfg = Debug|x64
		{744D228D-912C-45A2-972F-AE6C623D5D12}.Debug|Any CPU.Build.0 = Debug|x64
		{744D228D-912C-45A2-972F-AE6C623D5D12}.Debug|arm64.ActiveCfg = Debug|x64
		{744D228D-912C-45A2-972F-AE6C623D5D12}.Debug|arm64.Build.0 = Debug|x64
		{744D228D-912C-45A2-972F-AE6C623D5D12}.Debug|x64.ActiveCfg = Debug|x64
		{744D228D-912C-45A2-972F-AE6C623D5D12}.Debug|x64.Build.0 = Debug|x64
		{744D228D-912C-45A2-972F-AE6C623D5D12}.Debug|x86.ActiveCfg = Debug|Win32
		{744D228D-912C-45A2-972F-AE6C623D5D12}.Debug|x86.Build.0 = Debug|Win32
		{744D228D-912C-45A2-972F-AE6C623D5D12}.Release|Any CPU.ActiveCfg = Release|x64
		{744D228D-912C-45A2-972F-AE6C623D5D12}.Release|Any CPU.Build.0 = Release|x64
		{744D228D-912C-45A2-972F-AE6C623D5D12}.Release|arm64.ActiveCfg = Release|x64
		{744D228D-912C-45A2-972F-AE6C623D5D12}.Release|arm64.Build.0 = Release|x64
		{744D228D-912C-45A2-972F-AE6C623D5D12}.Release|x64.ActiveCfg = Release|x64
		{744D228D-912C-45A2-972F-AE6C623D5D12}.Release|x64.Build.0 = Release|x64
		{744D228D-912C-45A2-972F-AE6C623D5D12}.Release|x86.ActiveCfg = Release|Win32
		{744D228D-912C-45A2-972F-AE6C623D5D12}.Release|x86.Build.0 = Release|Win32
		{514202E6-F5E2-4220-AD44-829ED84AC850}.Debug|Any CPU.ActiveCfg = Debug|Any CPU
		{514202E6-F5E2-4220-AD44-829ED84AC850}.Debug|Any CPU.Build.0 = Debug|Any CPU
		{514202E6-F5E2-4220-AD44-829ED84AC850}.Debug|arm64.ActiveCfg = Debug|Any CPU
		{514202E6-F5E2-4220-AD44-829ED84AC850}.Debug|arm64.Build.0 = Debug|Any CPU
		{514202E6-F5E2-4220-AD44-829ED84AC850}.Debug|x64.ActiveCfg = Debug|Any CPU
		{514202E6-F5E2-4220-AD44-829ED84AC850}.Debug|x64.Build.0 = Debug|Any CPU
		{514202E6-F5E2-4220-AD44-829ED84AC850}.Debug|x86.ActiveCfg = Debug|Any CPU
		{514202E6-F5E2-4220-AD44-829ED84AC850}.Debug|x86.Build.0 = Debug|Any CPU
		{514202E6-F5E2-4220-AD44-829ED84AC850}.Release|Any CPU.ActiveCfg = Release|Any CPU
		{514202E6-F5E2-4220-AD44-829ED84AC850}.Release|Any CPU.Build.0 = Release|Any CPU
		{514202E6-F5E2-4220-AD44-829ED84AC850}.Release|arm64.ActiveCfg = Release|Any CPU
		{514202E6-F5E2-4220-AD44-829ED84AC850}.Release|arm64.Build.0 = Release|Any CPU
		{514202E6-F5E2-4220-AD44-829ED84AC850}.Release|x64.ActiveCfg = Release|Any CPU
		{514202E6-F5E2-4220-AD44-829ED84AC850}.Release|x64.Build.0 = Release|Any CPU
		{514202E6-F5E2-4220-AD44-829ED84AC850}.Release|x86.ActiveCfg = Release|Any CPU
		{514202E6-F5E2-4220-AD44-829ED84AC850}.Release|x86.Build.0 = Release|Any CPU
		{0EB5AC29-1F4F-463A-BCBE-AB4B25E7A083}.Debug|Any CPU.ActiveCfg = Debug|Any CPU
		{0EB5AC29-1F4F-463A-BCBE-AB4B25E7A083}.Debug|Any CPU.Build.0 = Debug|Any CPU
		{0EB5AC29-1F4F-463A-BCBE-AB4B25E7A083}.Debug|arm64.ActiveCfg = Debug|Any CPU
		{0EB5AC29-1F4F-463A-BCBE-AB4B25E7A083}.Debug|arm64.Build.0 = Debug|Any CPU
		{0EB5AC29-1F4F-463A-BCBE-AB4B25E7A083}.Debug|x64.ActiveCfg = Debug|Any CPU
		{0EB5AC29-1F4F-463A-BCBE-AB4B25E7A083}.Debug|x64.Build.0 = Debug|Any CPU
		{0EB5AC29-1F4F-463A-BCBE-AB4B25E7A083}.Debug|x86.ActiveCfg = Debug|Any CPU
		{0EB5AC29-1F4F-463A-BCBE-AB4B25E7A083}.Debug|x86.Build.0 = Debug|Any CPU
		{0EB5AC29-1F4F-463A-BCBE-AB4B25E7A083}.Release|Any CPU.ActiveCfg = Release|Any CPU
		{0EB5AC29-1F4F-463A-BCBE-AB4B25E7A083}.Release|Any CPU.Build.0 = Release|Any CPU
		{0EB5AC29-1F4F-463A-BCBE-AB4B25E7A083}.Release|arm64.ActiveCfg = Release|Any CPU
		{0EB5AC29-1F4F-463A-BCBE-AB4B25E7A083}.Release|arm64.Build.0 = Release|Any CPU
		{0EB5AC29-1F4F-463A-BCBE-AB4B25E7A083}.Release|x64.ActiveCfg = Release|Any CPU
		{0EB5AC29-1F4F-463A-BCBE-AB4B25E7A083}.Release|x64.Build.0 = Release|Any CPU
		{0EB5AC29-1F4F-463A-BCBE-AB4B25E7A083}.Release|x86.ActiveCfg = Release|Any CPU
		{0EB5AC29-1F4F-463A-BCBE-AB4B25E7A083}.Release|x86.Build.0 = Release|Any CPU
		{88D5BF9B-6CFC-4CC2-9286-FC949A3AE3FB}.Debug|Any CPU.ActiveCfg = Debug|Any CPU
		{88D5BF9B-6CFC-4CC2-9286-FC949A3AE3FB}.Debug|Any CPU.Build.0 = Debug|Any CPU
		{88D5BF9B-6CFC-4CC2-9286-FC949A3AE3FB}.Debug|arm64.ActiveCfg = Debug|Any CPU
		{88D5BF9B-6CFC-4CC2-9286-FC949A3AE3FB}.Debug|arm64.Build.0 = Debug|Any CPU
		{88D5BF9B-6CFC-4CC2-9286-FC949A3AE3FB}.Debug|x64.ActiveCfg = Debug|Any CPU
		{88D5BF9B-6CFC-4CC2-9286-FC949A3AE3FB}.Debug|x64.Build.0 = Debug|Any CPU
		{88D5BF9B-6CFC-4CC2-9286-FC949A3AE3FB}.Debug|x86.ActiveCfg = Debug|Any CPU
		{88D5BF9B-6CFC-4CC2-9286-FC949A3AE3FB}.Debug|x86.Build.0 = Debug|Any CPU
		{88D5BF9B-6CFC-4CC2-9286-FC949A3AE3FB}.Release|Any CPU.ActiveCfg = Release|Any CPU
		{88D5BF9B-6CFC-4CC2-9286-FC949A3AE3FB}.Release|Any CPU.Build.0 = Release|Any CPU
		{88D5BF9B-6CFC-4CC2-9286-FC949A3AE3FB}.Release|arm64.ActiveCfg = Release|Any CPU
		{88D5BF9B-6CFC-4CC2-9286-FC949A3AE3FB}.Release|arm64.Build.0 = Release|Any CPU
		{88D5BF9B-6CFC-4CC2-9286-FC949A3AE3FB}.Release|x64.ActiveCfg = Release|Any CPU
		{88D5BF9B-6CFC-4CC2-9286-FC949A3AE3FB}.Release|x64.Build.0 = Release|Any CPU
		{88D5BF9B-6CFC-4CC2-9286-FC949A3AE3FB}.Release|x86.ActiveCfg = Release|Any CPU
		{88D5BF9B-6CFC-4CC2-9286-FC949A3AE3FB}.Release|x86.Build.0 = Release|Any CPU
		{A11D8CB7-E5FB-4834-A4E8-311191488633}.Debug|Any CPU.ActiveCfg = Debug|Any CPU
		{A11D8CB7-E5FB-4834-A4E8-311191488633}.Debug|Any CPU.Build.0 = Debug|Any CPU
		{A11D8CB7-E5FB-4834-A4E8-311191488633}.Debug|arm64.ActiveCfg = Debug|Any CPU
		{A11D8CB7-E5FB-4834-A4E8-311191488633}.Debug|arm64.Build.0 = Debug|Any CPU
		{A11D8CB7-E5FB-4834-A4E8-311191488633}.Debug|x64.ActiveCfg = Debug|Any CPU
		{A11D8CB7-E5FB-4834-A4E8-311191488633}.Debug|x64.Build.0 = Debug|Any CPU
		{A11D8CB7-E5FB-4834-A4E8-311191488633}.Debug|x86.ActiveCfg = Debug|Any CPU
		{A11D8CB7-E5FB-4834-A4E8-311191488633}.Debug|x86.Build.0 = Debug|Any CPU
		{A11D8CB7-E5FB-4834-A4E8-311191488633}.Release|Any CPU.ActiveCfg = Release|Any CPU
		{A11D8CB7-E5FB-4834-A4E8-311191488633}.Release|Any CPU.Build.0 = Release|Any CPU
		{A11D8CB7-E5FB-4834-A4E8-311191488633}.Release|arm64.ActiveCfg = Release|Any CPU
		{A11D8CB7-E5FB-4834-A4E8-311191488633}.Release|arm64.Build.0 = Release|Any CPU
		{A11D8CB7-E5FB-4834-A4E8-311191488633}.Release|x64.ActiveCfg = Release|Any CPU
		{A11D8CB7-E5FB-4834-A4E8-311191488633}.Release|x64.Build.0 = Release|Any CPU
		{A11D8CB7-E5FB-4834-A4E8-311191488633}.Release|x86.ActiveCfg = Release|Any CPU
		{A11D8CB7-E5FB-4834-A4E8-311191488633}.Release|x86.Build.0 = Release|Any CPU
		{A329545C-1BF9-471A-B82F-483063560E26}.Debug|Any CPU.ActiveCfg = Debug|Any CPU
		{A329545C-1BF9-471A-B82F-483063560E26}.Debug|Any CPU.Build.0 = Debug|Any CPU
		{A329545C-1BF9-471A-B82F-483063560E26}.Debug|arm64.ActiveCfg = Debug|Any CPU
		{A329545C-1BF9-471A-B82F-483063560E26}.Debug|arm64.Build.0 = Debug|Any CPU
		{A329545C-1BF9-471A-B82F-483063560E26}.Debug|x64.ActiveCfg = Debug|Any CPU
		{A329545C-1BF9-471A-B82F-483063560E26}.Debug|x64.Build.0 = Debug|Any CPU
		{A329545C-1BF9-471A-B82F-483063560E26}.Debug|x86.ActiveCfg = Debug|Any CPU
		{A329545C-1BF9-471A-B82F-483063560E26}.Debug|x86.Build.0 = Debug|Any CPU
		{A329545C-1BF9-471A-B82F-483063560E26}.Release|Any CPU.ActiveCfg = Release|Any CPU
		{A329545C-1BF9-471A-B82F-483063560E26}.Release|Any CPU.Build.0 = Release|Any CPU
		{A329545C-1BF9-471A-B82F-483063560E26}.Release|arm64.ActiveCfg = Release|Any CPU
		{A329545C-1BF9-471A-B82F-483063560E26}.Release|arm64.Build.0 = Release|Any CPU
		{A329545C-1BF9-471A-B82F-483063560E26}.Release|x64.ActiveCfg = Release|Any CPU
		{A329545C-1BF9-471A-B82F-483063560E26}.Release|x64.Build.0 = Release|Any CPU
		{A329545C-1BF9-471A-B82F-483063560E26}.Release|x86.ActiveCfg = Release|Any CPU
		{A329545C-1BF9-471A-B82F-483063560E26}.Release|x86.Build.0 = Release|Any CPU
		{7331DF38-21F2-4039-90E6-1A95351A9114}.Debug|Any CPU.ActiveCfg = Debug|Any CPU
		{7331DF38-21F2-4039-90E6-1A95351A9114}.Debug|Any CPU.Build.0 = Debug|Any CPU
		{7331DF38-21F2-4039-90E6-1A95351A9114}.Debug|arm64.ActiveCfg = Debug|Any CPU
		{7331DF38-21F2-4039-90E6-1A95351A9114}.Debug|arm64.Build.0 = Debug|Any CPU
		{7331DF38-21F2-4039-90E6-1A95351A9114}.Debug|x64.ActiveCfg = Debug|Any CPU
		{7331DF38-21F2-4039-90E6-1A95351A9114}.Debug|x64.Build.0 = Debug|Any CPU
		{7331DF38-21F2-4039-90E6-1A95351A9114}.Debug|x86.ActiveCfg = Debug|Any CPU
		{7331DF38-21F2-4039-90E6-1A95351A9114}.Debug|x86.Build.0 = Debug|Any CPU
		{7331DF38-21F2-4039-90E6-1A95351A9114}.Release|Any CPU.ActiveCfg = Release|Any CPU
		{7331DF38-21F2-4039-90E6-1A95351A9114}.Release|Any CPU.Build.0 = Release|Any CPU
		{7331DF38-21F2-4039-90E6-1A95351A9114}.Release|arm64.ActiveCfg = Release|Any CPU
		{7331DF38-21F2-4039-90E6-1A95351A9114}.Release|arm64.Build.0 = Release|Any CPU
		{7331DF38-21F2-4039-90E6-1A95351A9114}.Release|x64.ActiveCfg = Release|Any CPU
		{7331DF38-21F2-4039-90E6-1A95351A9114}.Release|x64.Build.0 = Release|Any CPU
		{7331DF38-21F2-4039-90E6-1A95351A9114}.Release|x86.ActiveCfg = Release|Any CPU
		{7331DF38-21F2-4039-90E6-1A95351A9114}.Release|x86.Build.0 = Release|Any CPU
		{06E1474F-B6AE-44AC-993A-5337F62F21AB}.Debug|Any CPU.ActiveCfg = Debug|Any CPU
		{06E1474F-B6AE-44AC-993A-5337F62F21AB}.Debug|Any CPU.Build.0 = Debug|Any CPU
		{06E1474F-B6AE-44AC-993A-5337F62F21AB}.Debug|arm64.ActiveCfg = Debug|Any CPU
		{06E1474F-B6AE-44AC-993A-5337F62F21AB}.Debug|arm64.Build.0 = Debug|Any CPU
		{06E1474F-B6AE-44AC-993A-5337F62F21AB}.Debug|x64.ActiveCfg = Debug|Any CPU
		{06E1474F-B6AE-44AC-993A-5337F62F21AB}.Debug|x64.Build.0 = Debug|Any CPU
		{06E1474F-B6AE-44AC-993A-5337F62F21AB}.Debug|x86.ActiveCfg = Debug|Any CPU
		{06E1474F-B6AE-44AC-993A-5337F62F21AB}.Debug|x86.Build.0 = Debug|Any CPU
		{06E1474F-B6AE-44AC-993A-5337F62F21AB}.Release|Any CPU.ActiveCfg = Release|Any CPU
		{06E1474F-B6AE-44AC-993A-5337F62F21AB}.Release|Any CPU.Build.0 = Release|Any CPU
		{06E1474F-B6AE-44AC-993A-5337F62F21AB}.Release|arm64.ActiveCfg = Release|Any CPU
		{06E1474F-B6AE-44AC-993A-5337F62F21AB}.Release|arm64.Build.0 = Release|Any CPU
		{06E1474F-B6AE-44AC-993A-5337F62F21AB}.Release|x64.ActiveCfg = Release|Any CPU
		{06E1474F-B6AE-44AC-993A-5337F62F21AB}.Release|x64.Build.0 = Release|Any CPU
		{06E1474F-B6AE-44AC-993A-5337F62F21AB}.Release|x86.ActiveCfg = Release|Any CPU
		{06E1474F-B6AE-44AC-993A-5337F62F21AB}.Release|x86.Build.0 = Release|Any CPU
		{61897B6E-2FB0-44A6-AE44-6B469A4E257A}.Debug|Any CPU.ActiveCfg = Debug|x64
		{61897B6E-2FB0-44A6-AE44-6B469A4E257A}.Debug|Any CPU.Build.0 = Debug|x64
		{61897B6E-2FB0-44A6-AE44-6B469A4E257A}.Debug|Any CPU.Deploy.0 = Debug|x64
		{61897B6E-2FB0-44A6-AE44-6B469A4E257A}.Debug|arm64.ActiveCfg = Debug|ARM64
		{61897B6E-2FB0-44A6-AE44-6B469A4E257A}.Debug|arm64.Build.0 = Debug|ARM64
		{61897B6E-2FB0-44A6-AE44-6B469A4E257A}.Debug|arm64.Deploy.0 = Debug|ARM64
		{61897B6E-2FB0-44A6-AE44-6B469A4E257A}.Debug|x64.ActiveCfg = Debug|x64
		{61897B6E-2FB0-44A6-AE44-6B469A4E257A}.Debug|x64.Build.0 = Debug|x64
		{61897B6E-2FB0-44A6-AE44-6B469A4E257A}.Debug|x64.Deploy.0 = Debug|x64
		{61897B6E-2FB0-44A6-AE44-6B469A4E257A}.Debug|x86.ActiveCfg = Debug|x86
		{61897B6E-2FB0-44A6-AE44-6B469A4E257A}.Debug|x86.Build.0 = Debug|x86
		{61897B6E-2FB0-44A6-AE44-6B469A4E257A}.Debug|x86.Deploy.0 = Debug|x86
		{61897B6E-2FB0-44A6-AE44-6B469A4E257A}.Release|Any CPU.ActiveCfg = Release|x64
		{61897B6E-2FB0-44A6-AE44-6B469A4E257A}.Release|Any CPU.Build.0 = Release|x64
		{61897B6E-2FB0-44A6-AE44-6B469A4E257A}.Release|Any CPU.Deploy.0 = Release|x64
		{61897B6E-2FB0-44A6-AE44-6B469A4E257A}.Release|arm64.ActiveCfg = Release|ARM64
		{61897B6E-2FB0-44A6-AE44-6B469A4E257A}.Release|arm64.Build.0 = Release|ARM64
		{61897B6E-2FB0-44A6-AE44-6B469A4E257A}.Release|arm64.Deploy.0 = Release|ARM64
		{61897B6E-2FB0-44A6-AE44-6B469A4E257A}.Release|x64.ActiveCfg = Release|x64
		{61897B6E-2FB0-44A6-AE44-6B469A4E257A}.Release|x64.Build.0 = Release|x64
		{61897B6E-2FB0-44A6-AE44-6B469A4E257A}.Release|x64.Deploy.0 = Release|x64
		{61897B6E-2FB0-44A6-AE44-6B469A4E257A}.Release|x86.ActiveCfg = Release|x86
		{61897B6E-2FB0-44A6-AE44-6B469A4E257A}.Release|x86.Build.0 = Release|x86
		{61897B6E-2FB0-44A6-AE44-6B469A4E257A}.Release|x86.Deploy.0 = Release|x86
		{658A0673-82C3-4A90-AF76-BC070208FDCD}.Debug|Any CPU.ActiveCfg = Debug|Any CPU
		{658A0673-82C3-4A90-AF76-BC070208FDCD}.Debug|Any CPU.Build.0 = Debug|Any CPU
		{658A0673-82C3-4A90-AF76-BC070208FDCD}.Debug|arm64.ActiveCfg = Debug|Any CPU
		{658A0673-82C3-4A90-AF76-BC070208FDCD}.Debug|arm64.Build.0 = Debug|Any CPU
		{658A0673-82C3-4A90-AF76-BC070208FDCD}.Debug|x64.ActiveCfg = Debug|Any CPU
		{658A0673-82C3-4A90-AF76-BC070208FDCD}.Debug|x64.Build.0 = Debug|Any CPU
		{658A0673-82C3-4A90-AF76-BC070208FDCD}.Debug|x86.ActiveCfg = Debug|Any CPU
		{658A0673-82C3-4A90-AF76-BC070208FDCD}.Debug|x86.Build.0 = Debug|Any CPU
		{658A0673-82C3-4A90-AF76-BC070208FDCD}.Release|Any CPU.ActiveCfg = Release|Any CPU
		{658A0673-82C3-4A90-AF76-BC070208FDCD}.Release|Any CPU.Build.0 = Release|Any CPU
		{658A0673-82C3-4A90-AF76-BC070208FDCD}.Release|arm64.ActiveCfg = Release|Any CPU
		{658A0673-82C3-4A90-AF76-BC070208FDCD}.Release|arm64.Build.0 = Release|Any CPU
		{658A0673-82C3-4A90-AF76-BC070208FDCD}.Release|x64.ActiveCfg = Release|Any CPU
		{658A0673-82C3-4A90-AF76-BC070208FDCD}.Release|x64.Build.0 = Release|Any CPU
		{658A0673-82C3-4A90-AF76-BC070208FDCD}.Release|x86.ActiveCfg = Release|Any CPU
		{658A0673-82C3-4A90-AF76-BC070208FDCD}.Release|x86.Build.0 = Release|Any CPU
		{C3E16E9F-C30F-4491-A767-1B0BD7AFC048}.Debug|Any CPU.ActiveCfg = Debug|Any CPU
		{C3E16E9F-C30F-4491-A767-1B0BD7AFC048}.Debug|Any CPU.Build.0 = Debug|Any CPU
		{C3E16E9F-C30F-4491-A767-1B0BD7AFC048}.Debug|arm64.ActiveCfg = Debug|Any CPU
		{C3E16E9F-C30F-4491-A767-1B0BD7AFC048}.Debug|arm64.Build.0 = Debug|Any CPU
		{C3E16E9F-C30F-4491-A767-1B0BD7AFC048}.Debug|x64.ActiveCfg = Debug|Any CPU
		{C3E16E9F-C30F-4491-A767-1B0BD7AFC048}.Debug|x64.Build.0 = Debug|Any CPU
		{C3E16E9F-C30F-4491-A767-1B0BD7AFC048}.Debug|x86.ActiveCfg = Debug|Any CPU
		{C3E16E9F-C30F-4491-A767-1B0BD7AFC048}.Debug|x86.Build.0 = Debug|Any CPU
		{C3E16E9F-C30F-4491-A767-1B0BD7AFC048}.Release|Any CPU.ActiveCfg = Release|Any CPU
		{C3E16E9F-C30F-4491-A767-1B0BD7AFC048}.Release|Any CPU.Build.0 = Release|Any CPU
		{C3E16E9F-C30F-4491-A767-1B0BD7AFC048}.Release|arm64.ActiveCfg = Release|Any CPU
		{C3E16E9F-C30F-4491-A767-1B0BD7AFC048}.Release|arm64.Build.0 = Release|Any CPU
		{C3E16E9F-C30F-4491-A767-1B0BD7AFC048}.Release|x64.ActiveCfg = Release|Any CPU
		{C3E16E9F-C30F-4491-A767-1B0BD7AFC048}.Release|x64.Build.0 = Release|Any CPU
		{C3E16E9F-C30F-4491-A767-1B0BD7AFC048}.Release|x86.ActiveCfg = Release|Any CPU
		{C3E16E9F-C30F-4491-A767-1B0BD7AFC048}.Release|x86.Build.0 = Release|Any CPU
		{6710ECBD-BEB2-4524-8B32-056C83144559}.Debug|Any CPU.ActiveCfg = Debug|Any CPU
		{6710ECBD-BEB2-4524-8B32-056C83144559}.Debug|Any CPU.Build.0 = Debug|Any CPU
		{6710ECBD-BEB2-4524-8B32-056C83144559}.Debug|arm64.ActiveCfg = Debug|Any CPU
		{6710ECBD-BEB2-4524-8B32-056C83144559}.Debug|arm64.Build.0 = Debug|Any CPU
		{6710ECBD-BEB2-4524-8B32-056C83144559}.Debug|x64.ActiveCfg = Debug|Any CPU
		{6710ECBD-BEB2-4524-8B32-056C83144559}.Debug|x64.Build.0 = Debug|Any CPU
		{6710ECBD-BEB2-4524-8B32-056C83144559}.Debug|x86.ActiveCfg = Debug|Any CPU
		{6710ECBD-BEB2-4524-8B32-056C83144559}.Debug|x86.Build.0 = Debug|Any CPU
		{6710ECBD-BEB2-4524-8B32-056C83144559}.Release|Any CPU.ActiveCfg = Release|Any CPU
		{6710ECBD-BEB2-4524-8B32-056C83144559}.Release|Any CPU.Build.0 = Release|Any CPU
		{6710ECBD-BEB2-4524-8B32-056C83144559}.Release|arm64.ActiveCfg = Release|Any CPU
		{6710ECBD-BEB2-4524-8B32-056C83144559}.Release|arm64.Build.0 = Release|Any CPU
		{6710ECBD-BEB2-4524-8B32-056C83144559}.Release|x64.ActiveCfg = Release|Any CPU
		{6710ECBD-BEB2-4524-8B32-056C83144559}.Release|x64.Build.0 = Release|Any CPU
		{6710ECBD-BEB2-4524-8B32-056C83144559}.Release|x86.ActiveCfg = Release|Any CPU
		{6710ECBD-BEB2-4524-8B32-056C83144559}.Release|x86.Build.0 = Release|Any CPU
	EndGlobalSection
	GlobalSection(SolutionProperties) = preSolution
		HideSolutionNode = FALSE
	EndGlobalSection
	GlobalSection(ExtensibilityGlobals) = postSolution
		SolutionGuid = {E9FEED7F-27EC-4720-9CAB-C2E6FDD8556D}
	EndGlobalSection
EndGlobal
