
Microsoft Visual Studio Solution File, Format Version 12.00
# Visual Studio Version 17
VisualStudioVersion = 17.0.31410.414
MinimumVisualStudioVersion = 10.0.40219.1
Project("{9A19103F-16F7-4668-BE54-9A1E7A4F7556}") = "DeviceTools.RawInput", "DeviceTools.RawInput\DeviceTools.RawInput.csproj", "{44C7D63A-D185-480A-BB51-10F0D35336D4}"
EndProject
Project("{2150E333-8FDC-42A3-9474-1A3956D46DE8}") = "Solution Items", "Solution Items", "{355E12EE-3C82-4B68-B800-448487790C0E}"
	ProjectSection(SolutionItems) = preProject
		.editorconfig = .editorconfig
		Directory.Build.props = Directory.Build.props
		Directory.Build.targets = Directory.Build.targets
		exo-icon.ico = exo-icon.ico
		ExoMetadata.targets = ExoMetadata.targets
		global.json = global.json
		LICENCE.txt = LICENCE.txt
		NuGet.config = NuGet.config
		ReadMe.md = ReadMe.md
		Useful Bits.md = Useful Bits.md
	EndProjectSection
EndProject
Project("{9A19103F-16F7-4668-BE54-9A1E7A4F7556}") = "DeviceTools.Cli", "DeviceTools.Cli\DeviceTools.Cli.csproj", "{6912E342-533E-4A26-9C07-D95B752E94CF}"
EndProject
Project("{9A19103F-16F7-4668-BE54-9A1E7A4F7556}") = "DeviceTools.DeviceIds.Usb", "DeviceTools.DeviceIds.Usb\DeviceTools.DeviceIds.Usb.csproj", "{B089488B-0DE0-467B-897D-3941397F7124}"
EndProject
Project("{9A19103F-16F7-4668-BE54-9A1E7A4F7556}") = "DeviceTools.SourceGenerators", "DeviceTools.SourceGenerators\DeviceTools.SourceGenerators.csproj", "{90C2B7AF-165E-484B-86AD-C91C96D9F08E}"
EndProject
Project("{2150E333-8FDC-42A3-9474-1A3956D46DE8}") = "Docs", "Docs", "{08303426-8BFF-41F1-8589-922D8BE1B233}"
	ProjectSection(SolutionItems) = preProject
		Docs\Apple USB Keyboard.md = Docs\Apple USB Keyboard.md
		Docs\Aura RAM.md = Docs\Aura RAM.md
		Docs\Corsair HX1200i.md = Docs\Corsair HX1200i.md
		Docs\Design Philosophy.md = Docs\Design Philosophy.md
		Docs\Gigabyte Z490 Vision D.md = Docs\Gigabyte Z490 Vision D.md
		Docs\HID++.md = Docs\HID++.md
		Docs\LG 27GP950.md = Docs\LG 27GP950.md
		Docs\Logitech Bolt.txt = Docs\Logitech Bolt.txt
		Docs\Logitech MX Keys.md = Docs\Logitech MX Keys.md
		Docs\NZXT Kraken Z63.md = Docs\NZXT Kraken Z63.md
		Docs\Razer DeathAdder V2 Pro.md = Docs\Razer DeathAdder V2 Pro.md
		Docs\Razer Mamba Chroma.md = Docs\Razer Mamba Chroma.md
		Docs\Useful Bits.md = Docs\Useful Bits.md
		Docs\ViewSonic VP2785-4K.md = Docs\ViewSonic VP2785-4K.md
	EndProjectSection
EndProject
Project("{9A19103F-16F7-4668-BE54-9A1E7A4F7556}") = "DeviceTools.DisplayDevices", "DeviceTools.DisplayDevices\DeviceTools.DisplayDevices.csproj", "{066B767B-6335-4AD0-98C6-3B313A8A0689}"
EndProject
Project("{9A19103F-16F7-4668-BE54-9A1E7A4F7556}") = "DeviceTools.DisplayDevices.Tests", "DeviceTools.DisplayDevices.Tests\DeviceTools.DisplayDevices.Tests.csproj", "{D1DCAD46-5791-4637-8566-82A05C537E13}"
EndProject
Project("{9A19103F-16F7-4668-BE54-9A1E7A4F7556}") = "DeviceTools.Core", "DeviceTools.Core\DeviceTools.Core.csproj", "{DA47CCA3-B07B-47D3-87E3-23C1C2246A14}"
EndProject
Project("{9A19103F-16F7-4668-BE54-9A1E7A4F7556}") = "Exo.Cli", "Exo.Cli\Exo.Cli.csproj", "{712AE2A9-3108-4F30-8657-B6D8B42F03EA}"
EndProject
Project("{9A19103F-16F7-4668-BE54-9A1E7A4F7556}") = "Exo.Core", "Exo.Core\Exo.Core.csproj", "{E72FBFB4-3CF1-4CBA-AB7C-67CE2525E55C}"
EndProject
Project("{9A19103F-16F7-4668-BE54-9A1E7A4F7556}") = "Exo.Devices.Apple.Keyboard", "Exo.Devices.Apple.Keyboard\Exo.Devices.Apple.Keyboard.csproj", "{B48149B4-130C-4277-9727-D97C648C91AD}"
EndProject
Project("{9A19103F-16F7-4668-BE54-9A1E7A4F7556}") = "Exo.Devices.Gigabyte", "Exo.Devices.Gigabyte\Exo.Devices.Gigabyte.csproj", "{453DBCD7-A3E3-4BC4-89D6-DEA0F1BA7AF6}"
EndProject
Project("{9A19103F-16F7-4668-BE54-9A1E7A4F7556}") = "Exo.DeviceNotifications", "Exo.DeviceNotifications\Exo.DeviceNotifications.csproj", "{8DAF49D0-B373-47E7-8DE9-B4963E6DE82E}"
EndProject
Project("{9A19103F-16F7-4668-BE54-9A1E7A4F7556}") = "DeviceTools.DeviceIds.Databases", "DeviceTools.DeviceIds.Databases\DeviceTools.DeviceIds.Databases.csproj", "{3476FF98-7AB8-44D0-811C-AC8453C32387}"
EndProject
Project("{9A19103F-16F7-4668-BE54-9A1E7A4F7556}") = "DeviceTools.HumanInterfaceDevices", "DeviceTools.HumanInterfaceDevices\DeviceTools.HumanInterfaceDevices.csproj", "{67C58445-F269-4BB6-91CA-A9B1712C7DEA}"
EndProject
Project("{9A19103F-16F7-4668-BE54-9A1E7A4F7556}") = "Exo.DeviceNotifications.Tester", "Exo.DeviceNotifications.Tester\Exo.DeviceNotifications.Tester.csproj", "{180EB404-59D7-475F-A18F-34383FED39DC}"
EndProject
Project("{9A19103F-16F7-4668-BE54-9A1E7A4F7556}") = "Exo.ServiceProcess.ServiceController", "Exo.ServiceProcess.ServiceController\Exo.ServiceProcess.ServiceController.csproj", "{46F77CFD-8A0B-4843-8F08-05809B73291D}"
EndProject
Project("{9A19103F-16F7-4668-BE54-9A1E7A4F7556}") = "Exo.Extensions.Hosting.WindowsServices", "Exo.Extensions.Hosting.WindowsServices\Exo.Extensions.Hosting.WindowsServices.csproj", "{52E8FC5E-8576-4AF3-BBDE-8ADEB0B6B695}"
EndProject
Project("{9A19103F-16F7-4668-BE54-9A1E7A4F7556}") = "Exo.Service", "Exo.Service\Exo.Service.csproj", "{E2C3D744-8399-4416-8777-A5D500514EB4}"
EndProject
Project("{9A19103F-16F7-4668-BE54-9A1E7A4F7556}") = "Exo.Service.Core", "Exo.Service.Core\Exo.Service.Core.csproj", "{69447A3F-3B6E-4DD3-83EE-2A5BA904B948}"
EndProject
Project("{8BC9CEB8-8B4A-11D0-8D11-00A0C91BC942}") = "DeviceTools.DevQueryHelper", "DeviceTools.DevQueryHelper\DeviceTools.DevQueryHelper.vcxproj", "{744D228D-912C-45A2-972F-AE6C623D5D12}"
EndProject
Project("{9A19103F-16F7-4668-BE54-9A1E7A4F7556}") = "DeviceTools.Core.Tests", "DeviceTools.Core.Tests\DeviceTools.Core.Tests.csproj", "{514202E6-F5E2-4220-AD44-829ED84AC850}"
EndProject
Project("{9A19103F-16F7-4668-BE54-9A1E7A4F7556}") = "DeviceTools.Core.SourceGenerators", "DeviceTools.Core.SourceGenerators\DeviceTools.Core.SourceGenerators.csproj", "{0EB5AC29-1F4F-463A-BCBE-AB4B25E7A083}"
EndProject
Project("{9A19103F-16F7-4668-BE54-9A1E7A4F7556}") = "Exo.Devices.Logitech", "Exo.Devices.Logitech\Exo.Devices.Logitech.csproj", "{88D5BF9B-6CFC-4CC2-9286-FC949A3AE3FB}"
EndProject
Project("{9A19103F-16F7-4668-BE54-9A1E7A4F7556}") = "DeviceTools.Logitech.HidPlusPlus", "DeviceTools.Logitech.HidPlusPlus\DeviceTools.Logitech.HidPlusPlus.csproj", "{A11D8CB7-E5FB-4834-A4E8-311191488633}"
EndProject
Project("{9A19103F-16F7-4668-BE54-9A1E7A4F7556}") = "Exo.Devices.Asus.Aura", "Exo.Devices.Asus.Aura\Exo.Devices.Asus.Aura.csproj", "{A329545C-1BF9-471A-B82F-483063560E26}"
EndProject
Project("{9A19103F-16F7-4668-BE54-9A1E7A4F7556}") = "DeviceTools.Firmware", "DeviceTools.Firmware\DeviceTools.Firmware.csproj", "{7331DF38-21F2-4039-90E6-1A95351A9114}"
EndProject
Project("{9A19103F-16F7-4668-BE54-9A1E7A4F7556}") = "Exo.Devices.Lg.Monitors", "Exo.Devices.Lg.Monitors\Exo.Devices.Lg.Monitors.csproj", "{06E1474F-B6AE-44AC-993A-5337F62F21AB}"
EndProject
Project("{9A19103F-16F7-4668-BE54-9A1E7A4F7556}") = "Exo.Settings.Ui", "Exo.Settings.Ui\Exo.Settings.Ui.csproj", "{61897B6E-2FB0-44A6-AE44-6B469A4E257A}"
EndProject
Project("{9A19103F-16F7-4668-BE54-9A1E7A4F7556}") = "Exo.Contracts.Ui.Settings", "Exo.Contracts.Ui.Settings\Exo.Contracts.Ui.Settings.csproj", "{658A0673-82C3-4A90-AF76-BC070208FDCD}"
EndProject
Project("{9A19103F-16F7-4668-BE54-9A1E7A4F7556}") = "Exo.Devices.Razer", "Exo.Devices.Razer\Exo.Devices.Razer.csproj", "{C3E16E9F-C30F-4491-A767-1B0BD7AFC048}"
EndProject
Project("{9A19103F-16F7-4668-BE54-9A1E7A4F7556}") = "Exo.Contracts", "Exo.Contracts\Exo.Contracts.csproj", "{6710ECBD-BEB2-4524-8B32-056C83144559}"
EndProject
Project("{9A19103F-16F7-4668-BE54-9A1E7A4F7556}") = "Exo.Overlay", "Exo.Overlay\Exo.Overlay.csproj", "{4A247CB2-1EAB-4799-9E16-E1841BD18601}"
EndProject
Project("{9A19103F-16F7-4668-BE54-9A1E7A4F7556}") = "Exo.Contracts.Ui.Overlay", "Exo.Contracts.Ui.Overlay\Exo.Contracts.Ui.Overlay.csproj", "{026F4AAB-4DA4-448C-B611-F03AA032576F}"
EndProject
Project("{9A19103F-16F7-4668-BE54-9A1E7A4F7556}") = "Exo.Ui.Core", "Exo.Ui.Core\Exo.Ui.Core.csproj", "{227ED3C8-A44C-4196-8D17-B8E884EF8C38}"
EndProject
Project("{9A19103F-16F7-4668-BE54-9A1E7A4F7556}") = "Exo.Devices.Elgato.StreamDeck", "Exo.Devices.Elgato.StreamDeck\Exo.Devices.Elgato.StreamDeck.csproj", "{BBFC3956-7B83-456E-AF6D-E1D6B60DF478}"
EndProject
Project("{9A19103F-16F7-4668-BE54-9A1E7A4F7556}") = "Exo.Programming.Contracts", "Exo.Programming.Contracts\Exo.Programming.Contracts.csproj", "{51928B1C-00E4-4693-A6C6-A39ACB0580EE}"
EndProject
Project("{9A19103F-16F7-4668-BE54-9A1E7A4F7556}") = "Exo.Service.ImageService", "Exo.Service.ImageService\Exo.Service.ImageService.csproj", "{A3EAA823-F919-47D7-A7FF-CF92BEB5670E}"
EndProject
Project("{9A19103F-16F7-4668-BE54-9A1E7A4F7556}") = "Exo.Discovery.Hid", "Exo.Discovery.Hid\Exo.Discovery.Hid.csproj", "{188490D7-19DC-4828-8DE9-91970AA3BCCF}"
EndProject
Project("{9A19103F-16F7-4668-BE54-9A1E7A4F7556}") = "Exo.Discovery.System", "Exo.Discovery.System\Exo.Discovery.System.csproj", "{CDF1BB71-38A1-48F1-A969-065500B9431D}"
EndProject
Project("{9A19103F-16F7-4668-BE54-9A1E7A4F7556}") = "Exo.Discovery.Root", "Exo.Discovery.Root\Exo.Discovery.Root.csproj", "{A100971C-FAB2-45CD-B3A9-8350415C052B}"
EndProject
Project("{2150E333-8FDC-42A3-9474-1A3956D46DE8}") = "Exo.Devices", "Exo.Devices", "{B93F3F85-DA80-48CF-A549-9217DD34DD11}"
EndProject
Project("{2150E333-8FDC-42A3-9474-1A3956D46DE8}") = "Exo.Discovery", "Exo.Discovery", "{DC0016F5-89F2-4164-A4DE-E772B6F75357}"
EndProject
Project("{2150E333-8FDC-42A3-9474-1A3956D46DE8}") = "DeviceTools", "DeviceTools", "{59B8EF45-EA19-477D-B57C-5783B7B1C5CF}"
EndProject
Project("{2150E333-8FDC-42A3-9474-1A3956D46DE8}") = "Exo.Ui", "Exo.Ui", "{D4EDD1F3-3147-40A8-A40D-7CF39E190808}"
EndProject
Project("{9A19103F-16F7-4668-BE54-9A1E7A4F7556}") = "Exo.Discovery.Pci", "Exo.Discovery.Pci\Exo.Discovery.Pci.csproj", "{70CBD07A-0895-47E2-9CB8-6B867A49131F}"
EndProject
Project("{9A19103F-16F7-4668-BE54-9A1E7A4F7556}") = "Exo.Devices.NVidia", "Exo.Devices.NVidia\Exo.Devices.NVidia.csproj", "{CFA0E592-F09A-49DE-A576-2A32F477FCE8}"
EndProject
Project("{9A19103F-16F7-4668-BE54-9A1E7A4F7556}") = "Exo.Discovery.Monitor", "Exo.Discovery.Monitor\Exo.Discovery.Monitor.csproj", "{68E61446-5F65-497F-B24D-9D89188BB21C}"
EndProject
Project("{9A19103F-16F7-4668-BE54-9A1E7A4F7556}") = "Exo.Devices.Monitors", "Exo.Devices.Monitors\Exo.Devices.Monitors.csproj", "{459BDF9D-F681-4FC2-A708-106AF56D80BB}"
EndProject
Project("{9A19103F-16F7-4668-BE54-9A1E7A4F7556}") = "Exo.Devices.Intel", "Exo.Devices.Intel\Exo.Devices.Intel.csproj", "{DFA01E4B-E46F-4CCD-949F-4131087AE8C5}"
EndProject
Project("{9A19103F-16F7-4668-BE54-9A1E7A4F7556}") = "Exo.Debug", "Exo.Debug\Exo.Debug.csproj", "{030D4DDF-CB35-4895-9E84-D63E700848CF}"
EndProject
Project("{9A19103F-16F7-4668-BE54-9A1E7A4F7556}") = "Exo.Discovery.SmBios", "Exo.Discovery.SmBios\Exo.Discovery.SmBios.csproj", "{98C39F6C-CA3C-485F-8B72-C95D1AF6A389}"
EndProject
Project("{9A19103F-16F7-4668-BE54-9A1E7A4F7556}") = "Exo.Contracts.Ui", "Exo.Contracts.Ui\Exo.Contracts.Ui.csproj", "{20EA9F32-73D5-49AD-8BE6-F0D9E5C83B32}"
EndProject
Project("{9A19103F-16F7-4668-BE54-9A1E7A4F7556}") = "Exo.Service.Grpc", "Exo.Services.Grpc\Exo.Service.Grpc.csproj", "{18B9BC5C-71F6-4400-88E1-28B24484122C}"
EndProject
Project("{9A19103F-16F7-4668-BE54-9A1E7A4F7556}") = "Exo.Devices.Corsair.PowerSupplies", "Exo.Devices.Corsair.PowerSupplies\Exo.Devices.Corsair.PowerSupplies.csproj", "{74A84FC5-6323-4F0C-B2FA-72731292F4C9}"
EndProject
Project("{9A19103F-16F7-4668-BE54-9A1E7A4F7556}") = "DeviceTools.Numerics", "DeviceTools.Numerics\DeviceTools.Numerics.csproj", "{7A710614-AEBF-4AC3-ADA2-7CED09FAE211}"
EndProject
Project("{9A19103F-16F7-4668-BE54-9A1E7A4F7556}") = "DeviceTools.Numerics.Tests", "DeviceTools.Numerics.Tests\DeviceTools.Numerics.Tests.csproj", "{2FEC262D-7BEA-4CCE-8FB4-98729385DF4F}"
EndProject
Project("{9A19103F-16F7-4668-BE54-9A1E7A4F7556}") = "Exo.Devices.Eaton.Ups", "Exo.Devices.Eaton.Ups\Exo.Devices.Eaton.Ups.csproj", "{2E2024C9-8D54-4659-A0A5-23A13E78086E}"
EndProject
Project("{9A19103F-16F7-4668-BE54-9A1E7A4F7556}") = "Exo.Utils", "Exo.Utils\Exo.Utils.csproj", "{AF05C6AA-2C2B-4B46-BC2D-BB4436B432B1}"
EndProject
Project("{9A19103F-16F7-4668-BE54-9A1E7A4F7556}") = "Exo.Devices.Nzxt.Kraken", "Exo.Devices.Nzxt.Kraken\Exo.Devices.Nzxt.Kraken.csproj", "{5C67F6F0-A3EF-4705-9641-B4449C1AA65B}"
EndProject
Project("{9A19103F-16F7-4668-BE54-9A1E7A4F7556}") = "Exo.Core.Tests", "Exo.Core.Tests\Exo.Core.Tests.csproj", "{34CB46DF-712C-4FAA-8352-CD097AC6AEAE}"
EndProject
Project("{9A19103F-16F7-4668-BE54-9A1E7A4F7556}") = "Exo.Metadata", "Exo.Metadata\Exo.Metadata.csproj", "{81CB72E4-26A1-4B1F-8235-22E0BDB1860A}"
EndProject
Project("{9A19103F-16F7-4668-BE54-9A1E7A4F7556}") = "Exo.Archive", "Exo.Archive\Exo.Archive.csproj", "{BE7DB1F6-7EDE-4A1F-8B36-B6BF2A616A00}"
EndProject
Project("{9A19103F-16F7-4668-BE54-9A1E7A4F7556}") = "Exo.Archive.Tests", "Exo.Archive.Tests\Exo.Archive.Tests.csproj", "{A2C402CC-628C-452F-AF6E-4AAF7F2A4AB7}"
EndProject
Project("{9A19103F-16F7-4668-BE54-9A1E7A4F7556}") = "Exo.MetadataCompiler", "Exo.MetadataCompiler\Exo.MetadataCompiler.csproj", "{91CBD1FE-8AC9-4710-A806-942136864A35}"
EndProject
Project("{9A19103F-16F7-4668-BE54-9A1E7A4F7556}") = "Exo.MonitorDatabaseCompiler", "Exo.MonitorDatabaseCompiler\Exo.MonitorDatabaseCompiler.csproj", "{27B0369E-85F1-4C8E-9BB9-66DC1537F72A}"
EndProject
Project("{B7DD6F7E-DEF8-4E67-B5B7-07EF123DB6F0}") = "Exo.InstallerPackage", "Exo.InstallerPackage\Exo.InstallerPackage.wixproj", "{BFAD12E8-E09C-4137-A9E6-87C3FB0262FD}"
EndProject
Project("{FAE04EC0-301F-11D3-BF4B-00C04F79EFBC}") = "Exo.Service.Core.Tests", "Exo.Service.Core.Tests\Exo.Service.Core.Tests.csproj", "{6F942D5B-74A3-4E51-8FB3-E85CF89D3FBA}"
EndProject
Global
	GlobalSection(SolutionConfigurationPlatforms) = preSolution
		Debug|Any CPU = Debug|Any CPU
		Debug|arm64 = Debug|arm64
		Debug|x64 = Debug|x64
		Debug|x86 = Debug|x86
		Release|Any CPU = Release|Any CPU
		Release|arm64 = Release|arm64
		Release|x64 = Release|x64
		Release|x86 = Release|x86
	EndGlobalSection
	GlobalSection(ProjectConfigurationPlatforms) = postSolution
		{44C7D63A-D185-480A-BB51-10F0D35336D4}.Debug|Any CPU.ActiveCfg = Debug|Any CPU
		{44C7D63A-D185-480A-BB51-10F0D35336D4}.Debug|Any CPU.Build.0 = Debug|Any CPU
		{44C7D63A-D185-480A-BB51-10F0D35336D4}.Debug|arm64.ActiveCfg = Debug|Any CPU
		{44C7D63A-D185-480A-BB51-10F0D35336D4}.Debug|arm64.Build.0 = Debug|Any CPU
		{44C7D63A-D185-480A-BB51-10F0D35336D4}.Debug|x64.ActiveCfg = Debug|Any CPU
		{44C7D63A-D185-480A-BB51-10F0D35336D4}.Debug|x64.Build.0 = Debug|Any CPU
		{44C7D63A-D185-480A-BB51-10F0D35336D4}.Debug|x86.ActiveCfg = Debug|Any CPU
		{44C7D63A-D185-480A-BB51-10F0D35336D4}.Debug|x86.Build.0 = Debug|Any CPU
		{44C7D63A-D185-480A-BB51-10F0D35336D4}.Release|Any CPU.ActiveCfg = Release|Any CPU
		{44C7D63A-D185-480A-BB51-10F0D35336D4}.Release|Any CPU.Build.0 = Release|Any CPU
		{44C7D63A-D185-480A-BB51-10F0D35336D4}.Release|arm64.ActiveCfg = Release|Any CPU
		{44C7D63A-D185-480A-BB51-10F0D35336D4}.Release|arm64.Build.0 = Release|Any CPU
		{44C7D63A-D185-480A-BB51-10F0D35336D4}.Release|x64.ActiveCfg = Release|Any CPU
		{44C7D63A-D185-480A-BB51-10F0D35336D4}.Release|x64.Build.0 = Release|Any CPU
		{44C7D63A-D185-480A-BB51-10F0D35336D4}.Release|x86.ActiveCfg = Release|Any CPU
		{44C7D63A-D185-480A-BB51-10F0D35336D4}.Release|x86.Build.0 = Release|Any CPU
		{6912E342-533E-4A26-9C07-D95B752E94CF}.Debug|Any CPU.ActiveCfg = Debug|Any CPU
		{6912E342-533E-4A26-9C07-D95B752E94CF}.Debug|Any CPU.Build.0 = Debug|Any CPU
		{6912E342-533E-4A26-9C07-D95B752E94CF}.Debug|arm64.ActiveCfg = Debug|Any CPU
		{6912E342-533E-4A26-9C07-D95B752E94CF}.Debug|arm64.Build.0 = Debug|Any CPU
		{6912E342-533E-4A26-9C07-D95B752E94CF}.Debug|x64.ActiveCfg = Debug|Any CPU
		{6912E342-533E-4A26-9C07-D95B752E94CF}.Debug|x64.Build.0 = Debug|Any CPU
		{6912E342-533E-4A26-9C07-D95B752E94CF}.Debug|x86.ActiveCfg = Debug|Any CPU
		{6912E342-533E-4A26-9C07-D95B752E94CF}.Debug|x86.Build.0 = Debug|Any CPU
		{6912E342-533E-4A26-9C07-D95B752E94CF}.Release|Any CPU.ActiveCfg = Release|Any CPU
		{6912E342-533E-4A26-9C07-D95B752E94CF}.Release|Any CPU.Build.0 = Release|Any CPU
		{6912E342-533E-4A26-9C07-D95B752E94CF}.Release|arm64.ActiveCfg = Release|Any CPU
		{6912E342-533E-4A26-9C07-D95B752E94CF}.Release|arm64.Build.0 = Release|Any CPU
		{6912E342-533E-4A26-9C07-D95B752E94CF}.Release|x64.ActiveCfg = Release|Any CPU
		{6912E342-533E-4A26-9C07-D95B752E94CF}.Release|x64.Build.0 = Release|Any CPU
		{6912E342-533E-4A26-9C07-D95B752E94CF}.Release|x86.ActiveCfg = Release|Any CPU
		{6912E342-533E-4A26-9C07-D95B752E94CF}.Release|x86.Build.0 = Release|Any CPU
		{B089488B-0DE0-467B-897D-3941397F7124}.Debug|Any CPU.ActiveCfg = Debug|Any CPU
		{B089488B-0DE0-467B-897D-3941397F7124}.Debug|Any CPU.Build.0 = Debug|Any CPU
		{B089488B-0DE0-467B-897D-3941397F7124}.Debug|arm64.ActiveCfg = Debug|Any CPU
		{B089488B-0DE0-467B-897D-3941397F7124}.Debug|arm64.Build.0 = Debug|Any CPU
		{B089488B-0DE0-467B-897D-3941397F7124}.Debug|x64.ActiveCfg = Debug|Any CPU
		{B089488B-0DE0-467B-897D-3941397F7124}.Debug|x64.Build.0 = Debug|Any CPU
		{B089488B-0DE0-467B-897D-3941397F7124}.Debug|x86.ActiveCfg = Debug|Any CPU
		{B089488B-0DE0-467B-897D-3941397F7124}.Debug|x86.Build.0 = Debug|Any CPU
		{B089488B-0DE0-467B-897D-3941397F7124}.Release|Any CPU.ActiveCfg = Release|Any CPU
		{B089488B-0DE0-467B-897D-3941397F7124}.Release|Any CPU.Build.0 = Release|Any CPU
		{B089488B-0DE0-467B-897D-3941397F7124}.Release|arm64.ActiveCfg = Release|Any CPU
		{B089488B-0DE0-467B-897D-3941397F7124}.Release|arm64.Build.0 = Release|Any CPU
		{B089488B-0DE0-467B-897D-3941397F7124}.Release|x64.ActiveCfg = Release|Any CPU
		{B089488B-0DE0-467B-897D-3941397F7124}.Release|x64.Build.0 = Release|Any CPU
		{B089488B-0DE0-467B-897D-3941397F7124}.Release|x86.ActiveCfg = Release|Any CPU
		{B089488B-0DE0-467B-897D-3941397F7124}.Release|x86.Build.0 = Release|Any CPU
		{90C2B7AF-165E-484B-86AD-C91C96D9F08E}.Debug|Any CPU.ActiveCfg = Debug|Any CPU
		{90C2B7AF-165E-484B-86AD-C91C96D9F08E}.Debug|Any CPU.Build.0 = Debug|Any CPU
		{90C2B7AF-165E-484B-86AD-C91C96D9F08E}.Debug|arm64.ActiveCfg = Debug|Any CPU
		{90C2B7AF-165E-484B-86AD-C91C96D9F08E}.Debug|arm64.Build.0 = Debug|Any CPU
		{90C2B7AF-165E-484B-86AD-C91C96D9F08E}.Debug|x64.ActiveCfg = Debug|Any CPU
		{90C2B7AF-165E-484B-86AD-C91C96D9F08E}.Debug|x64.Build.0 = Debug|Any CPU
		{90C2B7AF-165E-484B-86AD-C91C96D9F08E}.Debug|x86.ActiveCfg = Debug|Any CPU
		{90C2B7AF-165E-484B-86AD-C91C96D9F08E}.Debug|x86.Build.0 = Debug|Any CPU
		{90C2B7AF-165E-484B-86AD-C91C96D9F08E}.Release|Any CPU.ActiveCfg = Release|Any CPU
		{90C2B7AF-165E-484B-86AD-C91C96D9F08E}.Release|Any CPU.Build.0 = Release|Any CPU
		{90C2B7AF-165E-484B-86AD-C91C96D9F08E}.Release|arm64.ActiveCfg = Release|Any CPU
		{90C2B7AF-165E-484B-86AD-C91C96D9F08E}.Release|arm64.Build.0 = Release|Any CPU
		{90C2B7AF-165E-484B-86AD-C91C96D9F08E}.Release|x64.ActiveCfg = Release|Any CPU
		{90C2B7AF-165E-484B-86AD-C91C96D9F08E}.Release|x64.Build.0 = Release|Any CPU
		{90C2B7AF-165E-484B-86AD-C91C96D9F08E}.Release|x86.ActiveCfg = Release|Any CPU
		{90C2B7AF-165E-484B-86AD-C91C96D9F08E}.Release|x86.Build.0 = Release|Any CPU
		{066B767B-6335-4AD0-98C6-3B313A8A0689}.Debug|Any CPU.ActiveCfg = Debug|Any CPU
		{066B767B-6335-4AD0-98C6-3B313A8A0689}.Debug|Any CPU.Build.0 = Debug|Any CPU
		{066B767B-6335-4AD0-98C6-3B313A8A0689}.Debug|arm64.ActiveCfg = Debug|Any CPU
		{066B767B-6335-4AD0-98C6-3B313A8A0689}.Debug|arm64.Build.0 = Debug|Any CPU
		{066B767B-6335-4AD0-98C6-3B313A8A0689}.Debug|x64.ActiveCfg = Debug|Any CPU
		{066B767B-6335-4AD0-98C6-3B313A8A0689}.Debug|x64.Build.0 = Debug|Any CPU
		{066B767B-6335-4AD0-98C6-3B313A8A0689}.Debug|x86.ActiveCfg = Debug|Any CPU
		{066B767B-6335-4AD0-98C6-3B313A8A0689}.Debug|x86.Build.0 = Debug|Any CPU
		{066B767B-6335-4AD0-98C6-3B313A8A0689}.Release|Any CPU.ActiveCfg = Release|Any CPU
		{066B767B-6335-4AD0-98C6-3B313A8A0689}.Release|Any CPU.Build.0 = Release|Any CPU
		{066B767B-6335-4AD0-98C6-3B313A8A0689}.Release|arm64.ActiveCfg = Release|Any CPU
		{066B767B-6335-4AD0-98C6-3B313A8A0689}.Release|arm64.Build.0 = Release|Any CPU
		{066B767B-6335-4AD0-98C6-3B313A8A0689}.Release|x64.ActiveCfg = Release|Any CPU
		{066B767B-6335-4AD0-98C6-3B313A8A0689}.Release|x64.Build.0 = Release|Any CPU
		{066B767B-6335-4AD0-98C6-3B313A8A0689}.Release|x86.ActiveCfg = Release|Any CPU
		{066B767B-6335-4AD0-98C6-3B313A8A0689}.Release|x86.Build.0 = Release|Any CPU
		{D1DCAD46-5791-4637-8566-82A05C537E13}.Debug|Any CPU.ActiveCfg = Debug|Any CPU
		{D1DCAD46-5791-4637-8566-82A05C537E13}.Debug|Any CPU.Build.0 = Debug|Any CPU
		{D1DCAD46-5791-4637-8566-82A05C537E13}.Debug|arm64.ActiveCfg = Debug|Any CPU
		{D1DCAD46-5791-4637-8566-82A05C537E13}.Debug|arm64.Build.0 = Debug|Any CPU
		{D1DCAD46-5791-4637-8566-82A05C537E13}.Debug|x64.ActiveCfg = Debug|Any CPU
		{D1DCAD46-5791-4637-8566-82A05C537E13}.Debug|x64.Build.0 = Debug|Any CPU
		{D1DCAD46-5791-4637-8566-82A05C537E13}.Debug|x86.ActiveCfg = Debug|Any CPU
		{D1DCAD46-5791-4637-8566-82A05C537E13}.Debug|x86.Build.0 = Debug|Any CPU
		{D1DCAD46-5791-4637-8566-82A05C537E13}.Release|Any CPU.ActiveCfg = Release|Any CPU
		{D1DCAD46-5791-4637-8566-82A05C537E13}.Release|Any CPU.Build.0 = Release|Any CPU
		{D1DCAD46-5791-4637-8566-82A05C537E13}.Release|arm64.ActiveCfg = Release|Any CPU
		{D1DCAD46-5791-4637-8566-82A05C537E13}.Release|arm64.Build.0 = Release|Any CPU
		{D1DCAD46-5791-4637-8566-82A05C537E13}.Release|x64.ActiveCfg = Release|Any CPU
		{D1DCAD46-5791-4637-8566-82A05C537E13}.Release|x64.Build.0 = Release|Any CPU
		{D1DCAD46-5791-4637-8566-82A05C537E13}.Release|x86.ActiveCfg = Release|Any CPU
		{D1DCAD46-5791-4637-8566-82A05C537E13}.Release|x86.Build.0 = Release|Any CPU
		{DA47CCA3-B07B-47D3-87E3-23C1C2246A14}.Debug|Any CPU.ActiveCfg = Debug|Any CPU
		{DA47CCA3-B07B-47D3-87E3-23C1C2246A14}.Debug|Any CPU.Build.0 = Debug|Any CPU
		{DA47CCA3-B07B-47D3-87E3-23C1C2246A14}.Debug|arm64.ActiveCfg = Debug|Any CPU
		{DA47CCA3-B07B-47D3-87E3-23C1C2246A14}.Debug|arm64.Build.0 = Debug|Any CPU
		{DA47CCA3-B07B-47D3-87E3-23C1C2246A14}.Debug|x64.ActiveCfg = Debug|Any CPU
		{DA47CCA3-B07B-47D3-87E3-23C1C2246A14}.Debug|x64.Build.0 = Debug|Any CPU
		{DA47CCA3-B07B-47D3-87E3-23C1C2246A14}.Debug|x86.ActiveCfg = Debug|Any CPU
		{DA47CCA3-B07B-47D3-87E3-23C1C2246A14}.Debug|x86.Build.0 = Debug|Any CPU
		{DA47CCA3-B07B-47D3-87E3-23C1C2246A14}.Release|Any CPU.ActiveCfg = Release|Any CPU
		{DA47CCA3-B07B-47D3-87E3-23C1C2246A14}.Release|Any CPU.Build.0 = Release|Any CPU
		{DA47CCA3-B07B-47D3-87E3-23C1C2246A14}.Release|arm64.ActiveCfg = Release|Any CPU
		{DA47CCA3-B07B-47D3-87E3-23C1C2246A14}.Release|arm64.Build.0 = Release|Any CPU
		{DA47CCA3-B07B-47D3-87E3-23C1C2246A14}.Release|x64.ActiveCfg = Release|Any CPU
		{DA47CCA3-B07B-47D3-87E3-23C1C2246A14}.Release|x64.Build.0 = Release|Any CPU
		{DA47CCA3-B07B-47D3-87E3-23C1C2246A14}.Release|x86.ActiveCfg = Release|Any CPU
		{DA47CCA3-B07B-47D3-87E3-23C1C2246A14}.Release|x86.Build.0 = Release|Any CPU
		{712AE2A9-3108-4F30-8657-B6D8B42F03EA}.Debug|Any CPU.ActiveCfg = Debug|Any CPU
		{712AE2A9-3108-4F30-8657-B6D8B42F03EA}.Debug|Any CPU.Build.0 = Debug|Any CPU
		{712AE2A9-3108-4F30-8657-B6D8B42F03EA}.Debug|arm64.ActiveCfg = Debug|Any CPU
		{712AE2A9-3108-4F30-8657-B6D8B42F03EA}.Debug|arm64.Build.0 = Debug|Any CPU
		{712AE2A9-3108-4F30-8657-B6D8B42F03EA}.Debug|x64.ActiveCfg = Debug|Any CPU
		{712AE2A9-3108-4F30-8657-B6D8B42F03EA}.Debug|x64.Build.0 = Debug|Any CPU
		{712AE2A9-3108-4F30-8657-B6D8B42F03EA}.Debug|x86.ActiveCfg = Debug|Any CPU
		{712AE2A9-3108-4F30-8657-B6D8B42F03EA}.Debug|x86.Build.0 = Debug|Any CPU
		{712AE2A9-3108-4F30-8657-B6D8B42F03EA}.Release|Any CPU.ActiveCfg = Release|Any CPU
		{712AE2A9-3108-4F30-8657-B6D8B42F03EA}.Release|Any CPU.Build.0 = Release|Any CPU
		{712AE2A9-3108-4F30-8657-B6D8B42F03EA}.Release|arm64.ActiveCfg = Release|Any CPU
		{712AE2A9-3108-4F30-8657-B6D8B42F03EA}.Release|arm64.Build.0 = Release|Any CPU
		{712AE2A9-3108-4F30-8657-B6D8B42F03EA}.Release|x64.ActiveCfg = Release|Any CPU
		{712AE2A9-3108-4F30-8657-B6D8B42F03EA}.Release|x64.Build.0 = Release|Any CPU
		{712AE2A9-3108-4F30-8657-B6D8B42F03EA}.Release|x86.ActiveCfg = Release|Any CPU
		{712AE2A9-3108-4F30-8657-B6D8B42F03EA}.Release|x86.Build.0 = Release|Any CPU
		{E72FBFB4-3CF1-4CBA-AB7C-67CE2525E55C}.Debug|Any CPU.ActiveCfg = Debug|Any CPU
		{E72FBFB4-3CF1-4CBA-AB7C-67CE2525E55C}.Debug|Any CPU.Build.0 = Debug|Any CPU
		{E72FBFB4-3CF1-4CBA-AB7C-67CE2525E55C}.Debug|arm64.ActiveCfg = Debug|Any CPU
		{E72FBFB4-3CF1-4CBA-AB7C-67CE2525E55C}.Debug|arm64.Build.0 = Debug|Any CPU
		{E72FBFB4-3CF1-4CBA-AB7C-67CE2525E55C}.Debug|x64.ActiveCfg = Debug|Any CPU
		{E72FBFB4-3CF1-4CBA-AB7C-67CE2525E55C}.Debug|x64.Build.0 = Debug|Any CPU
		{E72FBFB4-3CF1-4CBA-AB7C-67CE2525E55C}.Debug|x86.ActiveCfg = Debug|Any CPU
		{E72FBFB4-3CF1-4CBA-AB7C-67CE2525E55C}.Debug|x86.Build.0 = Debug|Any CPU
		{E72FBFB4-3CF1-4CBA-AB7C-67CE2525E55C}.Release|Any CPU.ActiveCfg = Release|Any CPU
		{E72FBFB4-3CF1-4CBA-AB7C-67CE2525E55C}.Release|Any CPU.Build.0 = Release|Any CPU
		{E72FBFB4-3CF1-4CBA-AB7C-67CE2525E55C}.Release|arm64.ActiveCfg = Release|Any CPU
		{E72FBFB4-3CF1-4CBA-AB7C-67CE2525E55C}.Release|arm64.Build.0 = Release|Any CPU
		{E72FBFB4-3CF1-4CBA-AB7C-67CE2525E55C}.Release|x64.ActiveCfg = Release|Any CPU
		{E72FBFB4-3CF1-4CBA-AB7C-67CE2525E55C}.Release|x64.Build.0 = Release|Any CPU
		{E72FBFB4-3CF1-4CBA-AB7C-67CE2525E55C}.Release|x86.ActiveCfg = Release|Any CPU
		{E72FBFB4-3CF1-4CBA-AB7C-67CE2525E55C}.Release|x86.Build.0 = Release|Any CPU
		{B48149B4-130C-4277-9727-D97C648C91AD}.Debug|Any CPU.ActiveCfg = Debug|Any CPU
		{B48149B4-130C-4277-9727-D97C648C91AD}.Debug|Any CPU.Build.0 = Debug|Any CPU
		{B48149B4-130C-4277-9727-D97C648C91AD}.Debug|arm64.ActiveCfg = Debug|Any CPU
		{B48149B4-130C-4277-9727-D97C648C91AD}.Debug|arm64.Build.0 = Debug|Any CPU
		{B48149B4-130C-4277-9727-D97C648C91AD}.Debug|x64.ActiveCfg = Debug|Any CPU
		{B48149B4-130C-4277-9727-D97C648C91AD}.Debug|x64.Build.0 = Debug|Any CPU
		{B48149B4-130C-4277-9727-D97C648C91AD}.Debug|x86.ActiveCfg = Debug|Any CPU
		{B48149B4-130C-4277-9727-D97C648C91AD}.Debug|x86.Build.0 = Debug|Any CPU
		{B48149B4-130C-4277-9727-D97C648C91AD}.Release|Any CPU.ActiveCfg = Release|Any CPU
		{B48149B4-130C-4277-9727-D97C648C91AD}.Release|Any CPU.Build.0 = Release|Any CPU
		{B48149B4-130C-4277-9727-D97C648C91AD}.Release|arm64.ActiveCfg = Release|Any CPU
		{B48149B4-130C-4277-9727-D97C648C91AD}.Release|arm64.Build.0 = Release|Any CPU
		{B48149B4-130C-4277-9727-D97C648C91AD}.Release|x64.ActiveCfg = Release|Any CPU
		{B48149B4-130C-4277-9727-D97C648C91AD}.Release|x64.Build.0 = Release|Any CPU
		{B48149B4-130C-4277-9727-D97C648C91AD}.Release|x86.ActiveCfg = Release|Any CPU
		{B48149B4-130C-4277-9727-D97C648C91AD}.Release|x86.Build.0 = Release|Any CPU
		{453DBCD7-A3E3-4BC4-89D6-DEA0F1BA7AF6}.Debug|Any CPU.ActiveCfg = Debug|Any CPU
		{453DBCD7-A3E3-4BC4-89D6-DEA0F1BA7AF6}.Debug|Any CPU.Build.0 = Debug|Any CPU
		{453DBCD7-A3E3-4BC4-89D6-DEA0F1BA7AF6}.Debug|arm64.ActiveCfg = Debug|Any CPU
		{453DBCD7-A3E3-4BC4-89D6-DEA0F1BA7AF6}.Debug|arm64.Build.0 = Debug|Any CPU
		{453DBCD7-A3E3-4BC4-89D6-DEA0F1BA7AF6}.Debug|x64.ActiveCfg = Debug|Any CPU
		{453DBCD7-A3E3-4BC4-89D6-DEA0F1BA7AF6}.Debug|x64.Build.0 = Debug|Any CPU
		{453DBCD7-A3E3-4BC4-89D6-DEA0F1BA7AF6}.Debug|x86.ActiveCfg = Debug|Any CPU
		{453DBCD7-A3E3-4BC4-89D6-DEA0F1BA7AF6}.Debug|x86.Build.0 = Debug|Any CPU
		{453DBCD7-A3E3-4BC4-89D6-DEA0F1BA7AF6}.Release|Any CPU.ActiveCfg = Release|Any CPU
		{453DBCD7-A3E3-4BC4-89D6-DEA0F1BA7AF6}.Release|Any CPU.Build.0 = Release|Any CPU
		{453DBCD7-A3E3-4BC4-89D6-DEA0F1BA7AF6}.Release|arm64.ActiveCfg = Release|Any CPU
		{453DBCD7-A3E3-4BC4-89D6-DEA0F1BA7AF6}.Release|arm64.Build.0 = Release|Any CPU
		{453DBCD7-A3E3-4BC4-89D6-DEA0F1BA7AF6}.Release|x64.ActiveCfg = Release|Any CPU
		{453DBCD7-A3E3-4BC4-89D6-DEA0F1BA7AF6}.Release|x64.Build.0 = Release|Any CPU
		{453DBCD7-A3E3-4BC4-89D6-DEA0F1BA7AF6}.Release|x86.ActiveCfg = Release|Any CPU
		{453DBCD7-A3E3-4BC4-89D6-DEA0F1BA7AF6}.Release|x86.Build.0 = Release|Any CPU
		{8DAF49D0-B373-47E7-8DE9-B4963E6DE82E}.Debug|Any CPU.ActiveCfg = Debug|Any CPU
		{8DAF49D0-B373-47E7-8DE9-B4963E6DE82E}.Debug|Any CPU.Build.0 = Debug|Any CPU
		{8DAF49D0-B373-47E7-8DE9-B4963E6DE82E}.Debug|arm64.ActiveCfg = Debug|Any CPU
		{8DAF49D0-B373-47E7-8DE9-B4963E6DE82E}.Debug|arm64.Build.0 = Debug|Any CPU
		{8DAF49D0-B373-47E7-8DE9-B4963E6DE82E}.Debug|x64.ActiveCfg = Debug|Any CPU
		{8DAF49D0-B373-47E7-8DE9-B4963E6DE82E}.Debug|x64.Build.0 = Debug|Any CPU
		{8DAF49D0-B373-47E7-8DE9-B4963E6DE82E}.Debug|x86.ActiveCfg = Debug|Any CPU
		{8DAF49D0-B373-47E7-8DE9-B4963E6DE82E}.Debug|x86.Build.0 = Debug|Any CPU
		{8DAF49D0-B373-47E7-8DE9-B4963E6DE82E}.Release|Any CPU.ActiveCfg = Release|Any CPU
		{8DAF49D0-B373-47E7-8DE9-B4963E6DE82E}.Release|Any CPU.Build.0 = Release|Any CPU
		{8DAF49D0-B373-47E7-8DE9-B4963E6DE82E}.Release|arm64.ActiveCfg = Release|Any CPU
		{8DAF49D0-B373-47E7-8DE9-B4963E6DE82E}.Release|arm64.Build.0 = Release|Any CPU
		{8DAF49D0-B373-47E7-8DE9-B4963E6DE82E}.Release|x64.ActiveCfg = Release|Any CPU
		{8DAF49D0-B373-47E7-8DE9-B4963E6DE82E}.Release|x64.Build.0 = Release|Any CPU
		{8DAF49D0-B373-47E7-8DE9-B4963E6DE82E}.Release|x86.ActiveCfg = Release|Any CPU
		{8DAF49D0-B373-47E7-8DE9-B4963E6DE82E}.Release|x86.Build.0 = Release|Any CPU
		{3476FF98-7AB8-44D0-811C-AC8453C32387}.Debug|Any CPU.ActiveCfg = Debug|Any CPU
		{3476FF98-7AB8-44D0-811C-AC8453C32387}.Debug|Any CPU.Build.0 = Debug|Any CPU
		{3476FF98-7AB8-44D0-811C-AC8453C32387}.Debug|arm64.ActiveCfg = Debug|Any CPU
		{3476FF98-7AB8-44D0-811C-AC8453C32387}.Debug|arm64.Build.0 = Debug|Any CPU
		{3476FF98-7AB8-44D0-811C-AC8453C32387}.Debug|x64.ActiveCfg = Debug|Any CPU
		{3476FF98-7AB8-44D0-811C-AC8453C32387}.Debug|x64.Build.0 = Debug|Any CPU
		{3476FF98-7AB8-44D0-811C-AC8453C32387}.Debug|x86.ActiveCfg = Debug|Any CPU
		{3476FF98-7AB8-44D0-811C-AC8453C32387}.Debug|x86.Build.0 = Debug|Any CPU
		{3476FF98-7AB8-44D0-811C-AC8453C32387}.Release|Any CPU.ActiveCfg = Release|Any CPU
		{3476FF98-7AB8-44D0-811C-AC8453C32387}.Release|Any CPU.Build.0 = Release|Any CPU
		{3476FF98-7AB8-44D0-811C-AC8453C32387}.Release|arm64.ActiveCfg = Release|Any CPU
		{3476FF98-7AB8-44D0-811C-AC8453C32387}.Release|arm64.Build.0 = Release|Any CPU
		{3476FF98-7AB8-44D0-811C-AC8453C32387}.Release|x64.ActiveCfg = Release|Any CPU
		{3476FF98-7AB8-44D0-811C-AC8453C32387}.Release|x64.Build.0 = Release|Any CPU
		{3476FF98-7AB8-44D0-811C-AC8453C32387}.Release|x86.ActiveCfg = Release|Any CPU
		{3476FF98-7AB8-44D0-811C-AC8453C32387}.Release|x86.Build.0 = Release|Any CPU
		{67C58445-F269-4BB6-91CA-A9B1712C7DEA}.Debug|Any CPU.ActiveCfg = Debug|Any CPU
		{67C58445-F269-4BB6-91CA-A9B1712C7DEA}.Debug|Any CPU.Build.0 = Debug|Any CPU
		{67C58445-F269-4BB6-91CA-A9B1712C7DEA}.Debug|arm64.ActiveCfg = Debug|Any CPU
		{67C58445-F269-4BB6-91CA-A9B1712C7DEA}.Debug|arm64.Build.0 = Debug|Any CPU
		{67C58445-F269-4BB6-91CA-A9B1712C7DEA}.Debug|x64.ActiveCfg = Debug|Any CPU
		{67C58445-F269-4BB6-91CA-A9B1712C7DEA}.Debug|x64.Build.0 = Debug|Any CPU
		{67C58445-F269-4BB6-91CA-A9B1712C7DEA}.Debug|x86.ActiveCfg = Debug|Any CPU
		{67C58445-F269-4BB6-91CA-A9B1712C7DEA}.Debug|x86.Build.0 = Debug|Any CPU
		{67C58445-F269-4BB6-91CA-A9B1712C7DEA}.Release|Any CPU.ActiveCfg = Release|Any CPU
		{67C58445-F269-4BB6-91CA-A9B1712C7DEA}.Release|Any CPU.Build.0 = Release|Any CPU
		{67C58445-F269-4BB6-91CA-A9B1712C7DEA}.Release|arm64.ActiveCfg = Release|Any CPU
		{67C58445-F269-4BB6-91CA-A9B1712C7DEA}.Release|arm64.Build.0 = Release|Any CPU
		{67C58445-F269-4BB6-91CA-A9B1712C7DEA}.Release|x64.ActiveCfg = Release|Any CPU
		{67C58445-F269-4BB6-91CA-A9B1712C7DEA}.Release|x64.Build.0 = Release|Any CPU
		{67C58445-F269-4BB6-91CA-A9B1712C7DEA}.Release|x86.ActiveCfg = Release|Any CPU
		{67C58445-F269-4BB6-91CA-A9B1712C7DEA}.Release|x86.Build.0 = Release|Any CPU
		{180EB404-59D7-475F-A18F-34383FED39DC}.Debug|Any CPU.ActiveCfg = Debug|Any CPU
		{180EB404-59D7-475F-A18F-34383FED39DC}.Debug|Any CPU.Build.0 = Debug|Any CPU
		{180EB404-59D7-475F-A18F-34383FED39DC}.Debug|arm64.ActiveCfg = Debug|Any CPU
		{180EB404-59D7-475F-A18F-34383FED39DC}.Debug|arm64.Build.0 = Debug|Any CPU
		{180EB404-59D7-475F-A18F-34383FED39DC}.Debug|x64.ActiveCfg = Debug|Any CPU
		{180EB404-59D7-475F-A18F-34383FED39DC}.Debug|x64.Build.0 = Debug|Any CPU
		{180EB404-59D7-475F-A18F-34383FED39DC}.Debug|x86.ActiveCfg = Debug|Any CPU
		{180EB404-59D7-475F-A18F-34383FED39DC}.Debug|x86.Build.0 = Debug|Any CPU
		{180EB404-59D7-475F-A18F-34383FED39DC}.Release|Any CPU.ActiveCfg = Release|Any CPU
		{180EB404-59D7-475F-A18F-34383FED39DC}.Release|Any CPU.Build.0 = Release|Any CPU
		{180EB404-59D7-475F-A18F-34383FED39DC}.Release|arm64.ActiveCfg = Release|Any CPU
		{180EB404-59D7-475F-A18F-34383FED39DC}.Release|arm64.Build.0 = Release|Any CPU
		{180EB404-59D7-475F-A18F-34383FED39DC}.Release|x64.ActiveCfg = Release|Any CPU
		{180EB404-59D7-475F-A18F-34383FED39DC}.Release|x64.Build.0 = Release|Any CPU
		{180EB404-59D7-475F-A18F-34383FED39DC}.Release|x86.ActiveCfg = Release|Any CPU
		{180EB404-59D7-475F-A18F-34383FED39DC}.Release|x86.Build.0 = Release|Any CPU
		{46F77CFD-8A0B-4843-8F08-05809B73291D}.Debug|Any CPU.ActiveCfg = Debug|Any CPU
		{46F77CFD-8A0B-4843-8F08-05809B73291D}.Debug|Any CPU.Build.0 = Debug|Any CPU
		{46F77CFD-8A0B-4843-8F08-05809B73291D}.Debug|arm64.ActiveCfg = Debug|Any CPU
		{46F77CFD-8A0B-4843-8F08-05809B73291D}.Debug|arm64.Build.0 = Debug|Any CPU
		{46F77CFD-8A0B-4843-8F08-05809B73291D}.Debug|x64.ActiveCfg = Debug|Any CPU
		{46F77CFD-8A0B-4843-8F08-05809B73291D}.Debug|x64.Build.0 = Debug|Any CPU
		{46F77CFD-8A0B-4843-8F08-05809B73291D}.Debug|x86.ActiveCfg = Debug|Any CPU
		{46F77CFD-8A0B-4843-8F08-05809B73291D}.Debug|x86.Build.0 = Debug|Any CPU
		{46F77CFD-8A0B-4843-8F08-05809B73291D}.Release|Any CPU.ActiveCfg = Release|Any CPU
		{46F77CFD-8A0B-4843-8F08-05809B73291D}.Release|Any CPU.Build.0 = Release|Any CPU
		{46F77CFD-8A0B-4843-8F08-05809B73291D}.Release|arm64.ActiveCfg = Release|Any CPU
		{46F77CFD-8A0B-4843-8F08-05809B73291D}.Release|arm64.Build.0 = Release|Any CPU
		{46F77CFD-8A0B-4843-8F08-05809B73291D}.Release|x64.ActiveCfg = Release|Any CPU
		{46F77CFD-8A0B-4843-8F08-05809B73291D}.Release|x64.Build.0 = Release|Any CPU
		{46F77CFD-8A0B-4843-8F08-05809B73291D}.Release|x86.ActiveCfg = Release|Any CPU
		{46F77CFD-8A0B-4843-8F08-05809B73291D}.Release|x86.Build.0 = Release|Any CPU
		{52E8FC5E-8576-4AF3-BBDE-8ADEB0B6B695}.Debug|Any CPU.ActiveCfg = Debug|Any CPU
		{52E8FC5E-8576-4AF3-BBDE-8ADEB0B6B695}.Debug|Any CPU.Build.0 = Debug|Any CPU
		{52E8FC5E-8576-4AF3-BBDE-8ADEB0B6B695}.Debug|arm64.ActiveCfg = Debug|Any CPU
		{52E8FC5E-8576-4AF3-BBDE-8ADEB0B6B695}.Debug|arm64.Build.0 = Debug|Any CPU
		{52E8FC5E-8576-4AF3-BBDE-8ADEB0B6B695}.Debug|x64.ActiveCfg = Debug|Any CPU
		{52E8FC5E-8576-4AF3-BBDE-8ADEB0B6B695}.Debug|x64.Build.0 = Debug|Any CPU
		{52E8FC5E-8576-4AF3-BBDE-8ADEB0B6B695}.Debug|x86.ActiveCfg = Debug|Any CPU
		{52E8FC5E-8576-4AF3-BBDE-8ADEB0B6B695}.Debug|x86.Build.0 = Debug|Any CPU
		{52E8FC5E-8576-4AF3-BBDE-8ADEB0B6B695}.Release|Any CPU.ActiveCfg = Release|Any CPU
		{52E8FC5E-8576-4AF3-BBDE-8ADEB0B6B695}.Release|Any CPU.Build.0 = Release|Any CPU
		{52E8FC5E-8576-4AF3-BBDE-8ADEB0B6B695}.Release|arm64.ActiveCfg = Release|Any CPU
		{52E8FC5E-8576-4AF3-BBDE-8ADEB0B6B695}.Release|arm64.Build.0 = Release|Any CPU
		{52E8FC5E-8576-4AF3-BBDE-8ADEB0B6B695}.Release|x64.ActiveCfg = Release|Any CPU
		{52E8FC5E-8576-4AF3-BBDE-8ADEB0B6B695}.Release|x64.Build.0 = Release|Any CPU
		{52E8FC5E-8576-4AF3-BBDE-8ADEB0B6B695}.Release|x86.ActiveCfg = Release|Any CPU
		{52E8FC5E-8576-4AF3-BBDE-8ADEB0B6B695}.Release|x86.Build.0 = Release|Any CPU
		{E2C3D744-8399-4416-8777-A5D500514EB4}.Debug|Any CPU.ActiveCfg = Debug|Any CPU
		{E2C3D744-8399-4416-8777-A5D500514EB4}.Debug|Any CPU.Build.0 = Debug|Any CPU
		{E2C3D744-8399-4416-8777-A5D500514EB4}.Debug|arm64.ActiveCfg = Debug|Any CPU
		{E2C3D744-8399-4416-8777-A5D500514EB4}.Debug|arm64.Build.0 = Debug|Any CPU
		{E2C3D744-8399-4416-8777-A5D500514EB4}.Debug|x64.ActiveCfg = Debug|Any CPU
		{E2C3D744-8399-4416-8777-A5D500514EB4}.Debug|x64.Build.0 = Debug|Any CPU
		{E2C3D744-8399-4416-8777-A5D500514EB4}.Debug|x86.ActiveCfg = Debug|Any CPU
		{E2C3D744-8399-4416-8777-A5D500514EB4}.Debug|x86.Build.0 = Debug|Any CPU
		{E2C3D744-8399-4416-8777-A5D500514EB4}.Release|Any CPU.ActiveCfg = Release|Any CPU
		{E2C3D744-8399-4416-8777-A5D500514EB4}.Release|Any CPU.Build.0 = Release|Any CPU
		{E2C3D744-8399-4416-8777-A5D500514EB4}.Release|arm64.ActiveCfg = Release|Any CPU
		{E2C3D744-8399-4416-8777-A5D500514EB4}.Release|arm64.Build.0 = Release|Any CPU
		{E2C3D744-8399-4416-8777-A5D500514EB4}.Release|x64.ActiveCfg = Release|Any CPU
		{E2C3D744-8399-4416-8777-A5D500514EB4}.Release|x64.Build.0 = Release|Any CPU
		{E2C3D744-8399-4416-8777-A5D500514EB4}.Release|x86.ActiveCfg = Release|Any CPU
		{E2C3D744-8399-4416-8777-A5D500514EB4}.Release|x86.Build.0 = Release|Any CPU
		{69447A3F-3B6E-4DD3-83EE-2A5BA904B948}.Debug|Any CPU.ActiveCfg = Debug|Any CPU
		{69447A3F-3B6E-4DD3-83EE-2A5BA904B948}.Debug|Any CPU.Build.0 = Debug|Any CPU
		{69447A3F-3B6E-4DD3-83EE-2A5BA904B948}.Debug|arm64.ActiveCfg = Debug|Any CPU
		{69447A3F-3B6E-4DD3-83EE-2A5BA904B948}.Debug|arm64.Build.0 = Debug|Any CPU
		{69447A3F-3B6E-4DD3-83EE-2A5BA904B948}.Debug|x64.ActiveCfg = Debug|Any CPU
		{69447A3F-3B6E-4DD3-83EE-2A5BA904B948}.Debug|x64.Build.0 = Debug|Any CPU
		{69447A3F-3B6E-4DD3-83EE-2A5BA904B948}.Debug|x86.ActiveCfg = Debug|Any CPU
		{69447A3F-3B6E-4DD3-83EE-2A5BA904B948}.Debug|x86.Build.0 = Debug|Any CPU
		{69447A3F-3B6E-4DD3-83EE-2A5BA904B948}.Release|Any CPU.ActiveCfg = Release|Any CPU
		{69447A3F-3B6E-4DD3-83EE-2A5BA904B948}.Release|Any CPU.Build.0 = Release|Any CPU
		{69447A3F-3B6E-4DD3-83EE-2A5BA904B948}.Release|arm64.ActiveCfg = Release|Any CPU
		{69447A3F-3B6E-4DD3-83EE-2A5BA904B948}.Release|arm64.Build.0 = Release|Any CPU
		{69447A3F-3B6E-4DD3-83EE-2A5BA904B948}.Release|x64.ActiveCfg = Release|Any CPU
		{69447A3F-3B6E-4DD3-83EE-2A5BA904B948}.Release|x64.Build.0 = Release|Any CPU
		{69447A3F-3B6E-4DD3-83EE-2A5BA904B948}.Release|x86.ActiveCfg = Release|Any CPU
		{69447A3F-3B6E-4DD3-83EE-2A5BA904B948}.Release|x86.Build.0 = Release|Any CPU
		{744D228D-912C-45A2-972F-AE6C623D5D12}.Debug|Any CPU.ActiveCfg = Debug|x64
		{744D228D-912C-45A2-972F-AE6C623D5D12}.Debug|Any CPU.Build.0 = Debug|x64
		{744D228D-912C-45A2-972F-AE6C623D5D12}.Debug|arm64.ActiveCfg = Debug|x64
		{744D228D-912C-45A2-972F-AE6C623D5D12}.Debug|arm64.Build.0 = Debug|x64
		{744D228D-912C-45A2-972F-AE6C623D5D12}.Debug|x64.ActiveCfg = Debug|x64
		{744D228D-912C-45A2-972F-AE6C623D5D12}.Debug|x64.Build.0 = Debug|x64
		{744D228D-912C-45A2-972F-AE6C623D5D12}.Debug|x86.ActiveCfg = Debug|Win32
		{744D228D-912C-45A2-972F-AE6C623D5D12}.Debug|x86.Build.0 = Debug|Win32
		{744D228D-912C-45A2-972F-AE6C623D5D12}.Release|Any CPU.ActiveCfg = Release|x64
		{744D228D-912C-45A2-972F-AE6C623D5D12}.Release|Any CPU.Build.0 = Release|x64
		{744D228D-912C-45A2-972F-AE6C623D5D12}.Release|arm64.ActiveCfg = Release|x64
		{744D228D-912C-45A2-972F-AE6C623D5D12}.Release|arm64.Build.0 = Release|x64
		{744D228D-912C-45A2-972F-AE6C623D5D12}.Release|x64.ActiveCfg = Release|x64
		{744D228D-912C-45A2-972F-AE6C623D5D12}.Release|x64.Build.0 = Release|x64
		{744D228D-912C-45A2-972F-AE6C623D5D12}.Release|x86.ActiveCfg = Release|Win32
		{744D228D-912C-45A2-972F-AE6C623D5D12}.Release|x86.Build.0 = Release|Win32
		{514202E6-F5E2-4220-AD44-829ED84AC850}.Debug|Any CPU.ActiveCfg = Debug|Any CPU
		{514202E6-F5E2-4220-AD44-829ED84AC850}.Debug|Any CPU.Build.0 = Debug|Any CPU
		{514202E6-F5E2-4220-AD44-829ED84AC850}.Debug|arm64.ActiveCfg = Debug|Any CPU
		{514202E6-F5E2-4220-AD44-829ED84AC850}.Debug|arm64.Build.0 = Debug|Any CPU
		{514202E6-F5E2-4220-AD44-829ED84AC850}.Debug|x64.ActiveCfg = Debug|Any CPU
		{514202E6-F5E2-4220-AD44-829ED84AC850}.Debug|x64.Build.0 = Debug|Any CPU
		{514202E6-F5E2-4220-AD44-829ED84AC850}.Debug|x86.ActiveCfg = Debug|Any CPU
		{514202E6-F5E2-4220-AD44-829ED84AC850}.Debug|x86.Build.0 = Debug|Any CPU
		{514202E6-F5E2-4220-AD44-829ED84AC850}.Release|Any CPU.ActiveCfg = Release|Any CPU
		{514202E6-F5E2-4220-AD44-829ED84AC850}.Release|Any CPU.Build.0 = Release|Any CPU
		{514202E6-F5E2-4220-AD44-829ED84AC850}.Release|arm64.ActiveCfg = Release|Any CPU
		{514202E6-F5E2-4220-AD44-829ED84AC850}.Release|arm64.Build.0 = Release|Any CPU
		{514202E6-F5E2-4220-AD44-829ED84AC850}.Release|x64.ActiveCfg = Release|Any CPU
		{514202E6-F5E2-4220-AD44-829ED84AC850}.Release|x64.Build.0 = Release|Any CPU
		{514202E6-F5E2-4220-AD44-829ED84AC850}.Release|x86.ActiveCfg = Release|Any CPU
		{514202E6-F5E2-4220-AD44-829ED84AC850}.Release|x86.Build.0 = Release|Any CPU
		{0EB5AC29-1F4F-463A-BCBE-AB4B25E7A083}.Debug|Any CPU.ActiveCfg = Debug|Any CPU
		{0EB5AC29-1F4F-463A-BCBE-AB4B25E7A083}.Debug|Any CPU.Build.0 = Debug|Any CPU
		{0EB5AC29-1F4F-463A-BCBE-AB4B25E7A083}.Debug|arm64.ActiveCfg = Debug|Any CPU
		{0EB5AC29-1F4F-463A-BCBE-AB4B25E7A083}.Debug|arm64.Build.0 = Debug|Any CPU
		{0EB5AC29-1F4F-463A-BCBE-AB4B25E7A083}.Debug|x64.ActiveCfg = Debug|Any CPU
		{0EB5AC29-1F4F-463A-BCBE-AB4B25E7A083}.Debug|x64.Build.0 = Debug|Any CPU
		{0EB5AC29-1F4F-463A-BCBE-AB4B25E7A083}.Debug|x86.ActiveCfg = Debug|Any CPU
		{0EB5AC29-1F4F-463A-BCBE-AB4B25E7A083}.Debug|x86.Build.0 = Debug|Any CPU
		{0EB5AC29-1F4F-463A-BCBE-AB4B25E7A083}.Release|Any CPU.ActiveCfg = Release|Any CPU
		{0EB5AC29-1F4F-463A-BCBE-AB4B25E7A083}.Release|Any CPU.Build.0 = Release|Any CPU
		{0EB5AC29-1F4F-463A-BCBE-AB4B25E7A083}.Release|arm64.ActiveCfg = Release|Any CPU
		{0EB5AC29-1F4F-463A-BCBE-AB4B25E7A083}.Release|arm64.Build.0 = Release|Any CPU
		{0EB5AC29-1F4F-463A-BCBE-AB4B25E7A083}.Release|x64.ActiveCfg = Release|Any CPU
		{0EB5AC29-1F4F-463A-BCBE-AB4B25E7A083}.Release|x64.Build.0 = Release|Any CPU
		{0EB5AC29-1F4F-463A-BCBE-AB4B25E7A083}.Release|x86.ActiveCfg = Release|Any CPU
		{0EB5AC29-1F4F-463A-BCBE-AB4B25E7A083}.Release|x86.Build.0 = Release|Any CPU
		{88D5BF9B-6CFC-4CC2-9286-FC949A3AE3FB}.Debug|Any CPU.ActiveCfg = Debug|Any CPU
		{88D5BF9B-6CFC-4CC2-9286-FC949A3AE3FB}.Debug|Any CPU.Build.0 = Debug|Any CPU
		{88D5BF9B-6CFC-4CC2-9286-FC949A3AE3FB}.Debug|arm64.ActiveCfg = Debug|Any CPU
		{88D5BF9B-6CFC-4CC2-9286-FC949A3AE3FB}.Debug|arm64.Build.0 = Debug|Any CPU
		{88D5BF9B-6CFC-4CC2-9286-FC949A3AE3FB}.Debug|x64.ActiveCfg = Debug|Any CPU
		{88D5BF9B-6CFC-4CC2-9286-FC949A3AE3FB}.Debug|x64.Build.0 = Debug|Any CPU
		{88D5BF9B-6CFC-4CC2-9286-FC949A3AE3FB}.Debug|x86.ActiveCfg = Debug|Any CPU
		{88D5BF9B-6CFC-4CC2-9286-FC949A3AE3FB}.Debug|x86.Build.0 = Debug|Any CPU
		{88D5BF9B-6CFC-4CC2-9286-FC949A3AE3FB}.Release|Any CPU.ActiveCfg = Release|Any CPU
		{88D5BF9B-6CFC-4CC2-9286-FC949A3AE3FB}.Release|Any CPU.Build.0 = Release|Any CPU
		{88D5BF9B-6CFC-4CC2-9286-FC949A3AE3FB}.Release|arm64.ActiveCfg = Release|Any CPU
		{88D5BF9B-6CFC-4CC2-9286-FC949A3AE3FB}.Release|arm64.Build.0 = Release|Any CPU
		{88D5BF9B-6CFC-4CC2-9286-FC949A3AE3FB}.Release|x64.ActiveCfg = Release|Any CPU
		{88D5BF9B-6CFC-4CC2-9286-FC949A3AE3FB}.Release|x64.Build.0 = Release|Any CPU
		{88D5BF9B-6CFC-4CC2-9286-FC949A3AE3FB}.Release|x86.ActiveCfg = Release|Any CPU
		{88D5BF9B-6CFC-4CC2-9286-FC949A3AE3FB}.Release|x86.Build.0 = Release|Any CPU
		{A11D8CB7-E5FB-4834-A4E8-311191488633}.Debug|Any CPU.ActiveCfg = Debug|Any CPU
		{A11D8CB7-E5FB-4834-A4E8-311191488633}.Debug|Any CPU.Build.0 = Debug|Any CPU
		{A11D8CB7-E5FB-4834-A4E8-311191488633}.Debug|arm64.ActiveCfg = Debug|Any CPU
		{A11D8CB7-E5FB-4834-A4E8-311191488633}.Debug|arm64.Build.0 = Debug|Any CPU
		{A11D8CB7-E5FB-4834-A4E8-311191488633}.Debug|x64.ActiveCfg = Debug|Any CPU
		{A11D8CB7-E5FB-4834-A4E8-311191488633}.Debug|x64.Build.0 = Debug|Any CPU
		{A11D8CB7-E5FB-4834-A4E8-311191488633}.Debug|x86.ActiveCfg = Debug|Any CPU
		{A11D8CB7-E5FB-4834-A4E8-311191488633}.Debug|x86.Build.0 = Debug|Any CPU
		{A11D8CB7-E5FB-4834-A4E8-311191488633}.Release|Any CPU.ActiveCfg = Release|Any CPU
		{A11D8CB7-E5FB-4834-A4E8-311191488633}.Release|Any CPU.Build.0 = Release|Any CPU
		{A11D8CB7-E5FB-4834-A4E8-311191488633}.Release|arm64.ActiveCfg = Release|Any CPU
		{A11D8CB7-E5FB-4834-A4E8-311191488633}.Release|arm64.Build.0 = Release|Any CPU
		{A11D8CB7-E5FB-4834-A4E8-311191488633}.Release|x64.ActiveCfg = Release|Any CPU
		{A11D8CB7-E5FB-4834-A4E8-311191488633}.Release|x64.Build.0 = Release|Any CPU
		{A11D8CB7-E5FB-4834-A4E8-311191488633}.Release|x86.ActiveCfg = Release|Any CPU
		{A11D8CB7-E5FB-4834-A4E8-311191488633}.Release|x86.Build.0 = Release|Any CPU
		{A329545C-1BF9-471A-B82F-483063560E26}.Debug|Any CPU.ActiveCfg = Debug|Any CPU
		{A329545C-1BF9-471A-B82F-483063560E26}.Debug|Any CPU.Build.0 = Debug|Any CPU
		{A329545C-1BF9-471A-B82F-483063560E26}.Debug|arm64.ActiveCfg = Debug|Any CPU
		{A329545C-1BF9-471A-B82F-483063560E26}.Debug|arm64.Build.0 = Debug|Any CPU
		{A329545C-1BF9-471A-B82F-483063560E26}.Debug|x64.ActiveCfg = Debug|Any CPU
		{A329545C-1BF9-471A-B82F-483063560E26}.Debug|x64.Build.0 = Debug|Any CPU
		{A329545C-1BF9-471A-B82F-483063560E26}.Debug|x86.ActiveCfg = Debug|Any CPU
		{A329545C-1BF9-471A-B82F-483063560E26}.Debug|x86.Build.0 = Debug|Any CPU
		{A329545C-1BF9-471A-B82F-483063560E26}.Release|Any CPU.ActiveCfg = Release|Any CPU
		{A329545C-1BF9-471A-B82F-483063560E26}.Release|Any CPU.Build.0 = Release|Any CPU
		{A329545C-1BF9-471A-B82F-483063560E26}.Release|arm64.ActiveCfg = Release|Any CPU
		{A329545C-1BF9-471A-B82F-483063560E26}.Release|arm64.Build.0 = Release|Any CPU
		{A329545C-1BF9-471A-B82F-483063560E26}.Release|x64.ActiveCfg = Release|Any CPU
		{A329545C-1BF9-471A-B82F-483063560E26}.Release|x64.Build.0 = Release|Any CPU
		{A329545C-1BF9-471A-B82F-483063560E26}.Release|x86.ActiveCfg = Release|Any CPU
		{A329545C-1BF9-471A-B82F-483063560E26}.Release|x86.Build.0 = Release|Any CPU
		{7331DF38-21F2-4039-90E6-1A95351A9114}.Debug|Any CPU.ActiveCfg = Debug|Any CPU
		{7331DF38-21F2-4039-90E6-1A95351A9114}.Debug|Any CPU.Build.0 = Debug|Any CPU
		{7331DF38-21F2-4039-90E6-1A95351A9114}.Debug|arm64.ActiveCfg = Debug|Any CPU
		{7331DF38-21F2-4039-90E6-1A95351A9114}.Debug|arm64.Build.0 = Debug|Any CPU
		{7331DF38-21F2-4039-90E6-1A95351A9114}.Debug|x64.ActiveCfg = Debug|Any CPU
		{7331DF38-21F2-4039-90E6-1A95351A9114}.Debug|x64.Build.0 = Debug|Any CPU
		{7331DF38-21F2-4039-90E6-1A95351A9114}.Debug|x86.ActiveCfg = Debug|Any CPU
		{7331DF38-21F2-4039-90E6-1A95351A9114}.Debug|x86.Build.0 = Debug|Any CPU
		{7331DF38-21F2-4039-90E6-1A95351A9114}.Release|Any CPU.ActiveCfg = Release|Any CPU
		{7331DF38-21F2-4039-90E6-1A95351A9114}.Release|Any CPU.Build.0 = Release|Any CPU
		{7331DF38-21F2-4039-90E6-1A95351A9114}.Release|arm64.ActiveCfg = Release|Any CPU
		{7331DF38-21F2-4039-90E6-1A95351A9114}.Release|arm64.Build.0 = Release|Any CPU
		{7331DF38-21F2-4039-90E6-1A95351A9114}.Release|x64.ActiveCfg = Release|Any CPU
		{7331DF38-21F2-4039-90E6-1A95351A9114}.Release|x64.Build.0 = Release|Any CPU
		{7331DF38-21F2-4039-90E6-1A95351A9114}.Release|x86.ActiveCfg = Release|Any CPU
		{7331DF38-21F2-4039-90E6-1A95351A9114}.Release|x86.Build.0 = Release|Any CPU
		{06E1474F-B6AE-44AC-993A-5337F62F21AB}.Debug|Any CPU.ActiveCfg = Debug|Any CPU
		{06E1474F-B6AE-44AC-993A-5337F62F21AB}.Debug|Any CPU.Build.0 = Debug|Any CPU
		{06E1474F-B6AE-44AC-993A-5337F62F21AB}.Debug|arm64.ActiveCfg = Debug|Any CPU
		{06E1474F-B6AE-44AC-993A-5337F62F21AB}.Debug|arm64.Build.0 = Debug|Any CPU
		{06E1474F-B6AE-44AC-993A-5337F62F21AB}.Debug|x64.ActiveCfg = Debug|Any CPU
		{06E1474F-B6AE-44AC-993A-5337F62F21AB}.Debug|x64.Build.0 = Debug|Any CPU
		{06E1474F-B6AE-44AC-993A-5337F62F21AB}.Debug|x86.ActiveCfg = Debug|Any CPU
		{06E1474F-B6AE-44AC-993A-5337F62F21AB}.Debug|x86.Build.0 = Debug|Any CPU
		{06E1474F-B6AE-44AC-993A-5337F62F21AB}.Release|Any CPU.ActiveCfg = Release|Any CPU
		{06E1474F-B6AE-44AC-993A-5337F62F21AB}.Release|Any CPU.Build.0 = Release|Any CPU
		{06E1474F-B6AE-44AC-993A-5337F62F21AB}.Release|arm64.ActiveCfg = Release|Any CPU
		{06E1474F-B6AE-44AC-993A-5337F62F21AB}.Release|arm64.Build.0 = Release|Any CPU
		{06E1474F-B6AE-44AC-993A-5337F62F21AB}.Release|x64.ActiveCfg = Release|Any CPU
		{06E1474F-B6AE-44AC-993A-5337F62F21AB}.Release|x64.Build.0 = Release|Any CPU
		{06E1474F-B6AE-44AC-993A-5337F62F21AB}.Release|x86.ActiveCfg = Release|Any CPU
		{06E1474F-B6AE-44AC-993A-5337F62F21AB}.Release|x86.Build.0 = Release|Any CPU
		{61897B6E-2FB0-44A6-AE44-6B469A4E257A}.Debug|Any CPU.ActiveCfg = Debug|x64
		{61897B6E-2FB0-44A6-AE44-6B469A4E257A}.Debug|Any CPU.Build.0 = Debug|x64
		{61897B6E-2FB0-44A6-AE44-6B469A4E257A}.Debug|Any CPU.Deploy.0 = Debug|x64
		{61897B6E-2FB0-44A6-AE44-6B469A4E257A}.Debug|arm64.ActiveCfg = Debug|ARM64
		{61897B6E-2FB0-44A6-AE44-6B469A4E257A}.Debug|arm64.Build.0 = Debug|ARM64
		{61897B6E-2FB0-44A6-AE44-6B469A4E257A}.Debug|arm64.Deploy.0 = Debug|ARM64
		{61897B6E-2FB0-44A6-AE44-6B469A4E257A}.Debug|x64.ActiveCfg = Debug|x64
		{61897B6E-2FB0-44A6-AE44-6B469A4E257A}.Debug|x64.Build.0 = Debug|x64
		{61897B6E-2FB0-44A6-AE44-6B469A4E257A}.Debug|x64.Deploy.0 = Debug|x64
		{61897B6E-2FB0-44A6-AE44-6B469A4E257A}.Debug|x86.ActiveCfg = Debug|x86
		{61897B6E-2FB0-44A6-AE44-6B469A4E257A}.Debug|x86.Build.0 = Debug|x86
		{61897B6E-2FB0-44A6-AE44-6B469A4E257A}.Debug|x86.Deploy.0 = Debug|x86
		{61897B6E-2FB0-44A6-AE44-6B469A4E257A}.Release|Any CPU.ActiveCfg = Release|x64
		{61897B6E-2FB0-44A6-AE44-6B469A4E257A}.Release|Any CPU.Build.0 = Release|x64
		{61897B6E-2FB0-44A6-AE44-6B469A4E257A}.Release|Any CPU.Deploy.0 = Release|x64
		{61897B6E-2FB0-44A6-AE44-6B469A4E257A}.Release|arm64.ActiveCfg = Release|ARM64
		{61897B6E-2FB0-44A6-AE44-6B469A4E257A}.Release|arm64.Build.0 = Release|ARM64
		{61897B6E-2FB0-44A6-AE44-6B469A4E257A}.Release|arm64.Deploy.0 = Release|ARM64
		{61897B6E-2FB0-44A6-AE44-6B469A4E257A}.Release|x64.ActiveCfg = Release|x64
		{61897B6E-2FB0-44A6-AE44-6B469A4E257A}.Release|x64.Build.0 = Release|x64
		{61897B6E-2FB0-44A6-AE44-6B469A4E257A}.Release|x64.Deploy.0 = Release|x64
		{61897B6E-2FB0-44A6-AE44-6B469A4E257A}.Release|x86.ActiveCfg = Release|x86
		{61897B6E-2FB0-44A6-AE44-6B469A4E257A}.Release|x86.Build.0 = Release|x86
		{61897B6E-2FB0-44A6-AE44-6B469A4E257A}.Release|x86.Deploy.0 = Release|x86
		{658A0673-82C3-4A90-AF76-BC070208FDCD}.Debug|Any CPU.ActiveCfg = Debug|Any CPU
		{658A0673-82C3-4A90-AF76-BC070208FDCD}.Debug|Any CPU.Build.0 = Debug|Any CPU
		{658A0673-82C3-4A90-AF76-BC070208FDCD}.Debug|arm64.ActiveCfg = Debug|Any CPU
		{658A0673-82C3-4A90-AF76-BC070208FDCD}.Debug|arm64.Build.0 = Debug|Any CPU
		{658A0673-82C3-4A90-AF76-BC070208FDCD}.Debug|x64.ActiveCfg = Debug|Any CPU
		{658A0673-82C3-4A90-AF76-BC070208FDCD}.Debug|x64.Build.0 = Debug|Any CPU
		{658A0673-82C3-4A90-AF76-BC070208FDCD}.Debug|x86.ActiveCfg = Debug|Any CPU
		{658A0673-82C3-4A90-AF76-BC070208FDCD}.Debug|x86.Build.0 = Debug|Any CPU
		{658A0673-82C3-4A90-AF76-BC070208FDCD}.Release|Any CPU.ActiveCfg = Release|Any CPU
		{658A0673-82C3-4A90-AF76-BC070208FDCD}.Release|Any CPU.Build.0 = Release|Any CPU
		{658A0673-82C3-4A90-AF76-BC070208FDCD}.Release|arm64.ActiveCfg = Release|Any CPU
		{658A0673-82C3-4A90-AF76-BC070208FDCD}.Release|arm64.Build.0 = Release|Any CPU
		{658A0673-82C3-4A90-AF76-BC070208FDCD}.Release|x64.ActiveCfg = Release|Any CPU
		{658A0673-82C3-4A90-AF76-BC070208FDCD}.Release|x64.Build.0 = Release|Any CPU
		{658A0673-82C3-4A90-AF76-BC070208FDCD}.Release|x86.ActiveCfg = Release|Any CPU
		{658A0673-82C3-4A90-AF76-BC070208FDCD}.Release|x86.Build.0 = Release|Any CPU
		{C3E16E9F-C30F-4491-A767-1B0BD7AFC048}.Debug|Any CPU.ActiveCfg = Debug|Any CPU
		{C3E16E9F-C30F-4491-A767-1B0BD7AFC048}.Debug|Any CPU.Build.0 = Debug|Any CPU
		{C3E16E9F-C30F-4491-A767-1B0BD7AFC048}.Debug|arm64.ActiveCfg = Debug|Any CPU
		{C3E16E9F-C30F-4491-A767-1B0BD7AFC048}.Debug|arm64.Build.0 = Debug|Any CPU
		{C3E16E9F-C30F-4491-A767-1B0BD7AFC048}.Debug|x64.ActiveCfg = Debug|Any CPU
		{C3E16E9F-C30F-4491-A767-1B0BD7AFC048}.Debug|x64.Build.0 = Debug|Any CPU
		{C3E16E9F-C30F-4491-A767-1B0BD7AFC048}.Debug|x86.ActiveCfg = Debug|Any CPU
		{C3E16E9F-C30F-4491-A767-1B0BD7AFC048}.Debug|x86.Build.0 = Debug|Any CPU
		{C3E16E9F-C30F-4491-A767-1B0BD7AFC048}.Release|Any CPU.ActiveCfg = Release|Any CPU
		{C3E16E9F-C30F-4491-A767-1B0BD7AFC048}.Release|Any CPU.Build.0 = Release|Any CPU
		{C3E16E9F-C30F-4491-A767-1B0BD7AFC048}.Release|arm64.ActiveCfg = Release|Any CPU
		{C3E16E9F-C30F-4491-A767-1B0BD7AFC048}.Release|arm64.Build.0 = Release|Any CPU
		{C3E16E9F-C30F-4491-A767-1B0BD7AFC048}.Release|x64.ActiveCfg = Release|Any CPU
		{C3E16E9F-C30F-4491-A767-1B0BD7AFC048}.Release|x64.Build.0 = Release|Any CPU
		{C3E16E9F-C30F-4491-A767-1B0BD7AFC048}.Release|x86.ActiveCfg = Release|Any CPU
		{C3E16E9F-C30F-4491-A767-1B0BD7AFC048}.Release|x86.Build.0 = Release|Any CPU
		{6710ECBD-BEB2-4524-8B32-056C83144559}.Debug|Any CPU.ActiveCfg = Debug|Any CPU
		{6710ECBD-BEB2-4524-8B32-056C83144559}.Debug|Any CPU.Build.0 = Debug|Any CPU
		{6710ECBD-BEB2-4524-8B32-056C83144559}.Debug|arm64.ActiveCfg = Debug|Any CPU
		{6710ECBD-BEB2-4524-8B32-056C83144559}.Debug|arm64.Build.0 = Debug|Any CPU
		{6710ECBD-BEB2-4524-8B32-056C83144559}.Debug|x64.ActiveCfg = Debug|Any CPU
		{6710ECBD-BEB2-4524-8B32-056C83144559}.Debug|x64.Build.0 = Debug|Any CPU
		{6710ECBD-BEB2-4524-8B32-056C83144559}.Debug|x86.ActiveCfg = Debug|Any CPU
		{6710ECBD-BEB2-4524-8B32-056C83144559}.Debug|x86.Build.0 = Debug|Any CPU
		{6710ECBD-BEB2-4524-8B32-056C83144559}.Release|Any CPU.ActiveCfg = Release|Any CPU
		{6710ECBD-BEB2-4524-8B32-056C83144559}.Release|Any CPU.Build.0 = Release|Any CPU
		{6710ECBD-BEB2-4524-8B32-056C83144559}.Release|arm64.ActiveCfg = Release|Any CPU
		{6710ECBD-BEB2-4524-8B32-056C83144559}.Release|arm64.Build.0 = Release|Any CPU
		{6710ECBD-BEB2-4524-8B32-056C83144559}.Release|x64.ActiveCfg = Release|Any CPU
		{6710ECBD-BEB2-4524-8B32-056C83144559}.Release|x64.Build.0 = Release|Any CPU
		{6710ECBD-BEB2-4524-8B32-056C83144559}.Release|x86.ActiveCfg = Release|Any CPU
		{6710ECBD-BEB2-4524-8B32-056C83144559}.Release|x86.Build.0 = Release|Any CPU
		{4A247CB2-1EAB-4799-9E16-E1841BD18601}.Debug|Any CPU.ActiveCfg = Debug|Any CPU
		{4A247CB2-1EAB-4799-9E16-E1841BD18601}.Debug|Any CPU.Build.0 = Debug|Any CPU
		{4A247CB2-1EAB-4799-9E16-E1841BD18601}.Debug|arm64.ActiveCfg = Debug|Any CPU
		{4A247CB2-1EAB-4799-9E16-E1841BD18601}.Debug|arm64.Build.0 = Debug|Any CPU
		{4A247CB2-1EAB-4799-9E16-E1841BD18601}.Debug|x64.ActiveCfg = Debug|Any CPU
		{4A247CB2-1EAB-4799-9E16-E1841BD18601}.Debug|x64.Build.0 = Debug|Any CPU
		{4A247CB2-1EAB-4799-9E16-E1841BD18601}.Debug|x86.ActiveCfg = Debug|Any CPU
		{4A247CB2-1EAB-4799-9E16-E1841BD18601}.Debug|x86.Build.0 = Debug|Any CPU
		{4A247CB2-1EAB-4799-9E16-E1841BD18601}.Release|Any CPU.ActiveCfg = Release|Any CPU
		{4A247CB2-1EAB-4799-9E16-E1841BD18601}.Release|Any CPU.Build.0 = Release|Any CPU
		{4A247CB2-1EAB-4799-9E16-E1841BD18601}.Release|arm64.ActiveCfg = Release|Any CPU
		{4A247CB2-1EAB-4799-9E16-E1841BD18601}.Release|arm64.Build.0 = Release|Any CPU
		{4A247CB2-1EAB-4799-9E16-E1841BD18601}.Release|x64.ActiveCfg = Release|Any CPU
		{4A247CB2-1EAB-4799-9E16-E1841BD18601}.Release|x64.Build.0 = Release|Any CPU
		{4A247CB2-1EAB-4799-9E16-E1841BD18601}.Release|x86.ActiveCfg = Release|Any CPU
		{4A247CB2-1EAB-4799-9E16-E1841BD18601}.Release|x86.Build.0 = Release|Any CPU
		{026F4AAB-4DA4-448C-B611-F03AA032576F}.Debug|Any CPU.ActiveCfg = Debug|Any CPU
		{026F4AAB-4DA4-448C-B611-F03AA032576F}.Debug|Any CPU.Build.0 = Debug|Any CPU
		{026F4AAB-4DA4-448C-B611-F03AA032576F}.Debug|arm64.ActiveCfg = Debug|Any CPU
		{026F4AAB-4DA4-448C-B611-F03AA032576F}.Debug|arm64.Build.0 = Debug|Any CPU
		{026F4AAB-4DA4-448C-B611-F03AA032576F}.Debug|x64.ActiveCfg = Debug|Any CPU
		{026F4AAB-4DA4-448C-B611-F03AA032576F}.Debug|x64.Build.0 = Debug|Any CPU
		{026F4AAB-4DA4-448C-B611-F03AA032576F}.Debug|x86.ActiveCfg = Debug|Any CPU
		{026F4AAB-4DA4-448C-B611-F03AA032576F}.Debug|x86.Build.0 = Debug|Any CPU
		{026F4AAB-4DA4-448C-B611-F03AA032576F}.Release|Any CPU.ActiveCfg = Release|Any CPU
		{026F4AAB-4DA4-448C-B611-F03AA032576F}.Release|Any CPU.Build.0 = Release|Any CPU
		{026F4AAB-4DA4-448C-B611-F03AA032576F}.Release|arm64.ActiveCfg = Release|Any CPU
		{026F4AAB-4DA4-448C-B611-F03AA032576F}.Release|arm64.Build.0 = Release|Any CPU
		{026F4AAB-4DA4-448C-B611-F03AA032576F}.Release|x64.ActiveCfg = Release|Any CPU
		{026F4AAB-4DA4-448C-B611-F03AA032576F}.Release|x64.Build.0 = Release|Any CPU
		{026F4AAB-4DA4-448C-B611-F03AA032576F}.Release|x86.ActiveCfg = Release|Any CPU
		{026F4AAB-4DA4-448C-B611-F03AA032576F}.Release|x86.Build.0 = Release|Any CPU
		{227ED3C8-A44C-4196-8D17-B8E884EF8C38}.Debug|Any CPU.ActiveCfg = Debug|Any CPU
		{227ED3C8-A44C-4196-8D17-B8E884EF8C38}.Debug|Any CPU.Build.0 = Debug|Any CPU
		{227ED3C8-A44C-4196-8D17-B8E884EF8C38}.Debug|arm64.ActiveCfg = Debug|Any CPU
		{227ED3C8-A44C-4196-8D17-B8E884EF8C38}.Debug|arm64.Build.0 = Debug|Any CPU
		{227ED3C8-A44C-4196-8D17-B8E884EF8C38}.Debug|x64.ActiveCfg = Debug|Any CPU
		{227ED3C8-A44C-4196-8D17-B8E884EF8C38}.Debug|x64.Build.0 = Debug|Any CPU
		{227ED3C8-A44C-4196-8D17-B8E884EF8C38}.Debug|x86.ActiveCfg = Debug|Any CPU
		{227ED3C8-A44C-4196-8D17-B8E884EF8C38}.Debug|x86.Build.0 = Debug|Any CPU
		{227ED3C8-A44C-4196-8D17-B8E884EF8C38}.Release|Any CPU.ActiveCfg = Release|Any CPU
		{227ED3C8-A44C-4196-8D17-B8E884EF8C38}.Release|Any CPU.Build.0 = Release|Any CPU
		{227ED3C8-A44C-4196-8D17-B8E884EF8C38}.Release|arm64.ActiveCfg = Release|Any CPU
		{227ED3C8-A44C-4196-8D17-B8E884EF8C38}.Release|arm64.Build.0 = Release|Any CPU
		{227ED3C8-A44C-4196-8D17-B8E884EF8C38}.Release|x64.ActiveCfg = Release|Any CPU
		{227ED3C8-A44C-4196-8D17-B8E884EF8C38}.Release|x64.Build.0 = Release|Any CPU
		{227ED3C8-A44C-4196-8D17-B8E884EF8C38}.Release|x86.ActiveCfg = Release|Any CPU
		{227ED3C8-A44C-4196-8D17-B8E884EF8C38}.Release|x86.Build.0 = Release|Any CPU
		{BBFC3956-7B83-456E-AF6D-E1D6B60DF478}.Debug|Any CPU.ActiveCfg = Debug|Any CPU
		{BBFC3956-7B83-456E-AF6D-E1D6B60DF478}.Debug|Any CPU.Build.0 = Debug|Any CPU
		{BBFC3956-7B83-456E-AF6D-E1D6B60DF478}.Debug|arm64.ActiveCfg = Debug|Any CPU
		{BBFC3956-7B83-456E-AF6D-E1D6B60DF478}.Debug|arm64.Build.0 = Debug|Any CPU
		{BBFC3956-7B83-456E-AF6D-E1D6B60DF478}.Debug|x64.ActiveCfg = Debug|Any CPU
		{BBFC3956-7B83-456E-AF6D-E1D6B60DF478}.Debug|x64.Build.0 = Debug|Any CPU
		{BBFC3956-7B83-456E-AF6D-E1D6B60DF478}.Debug|x86.ActiveCfg = Debug|Any CPU
		{BBFC3956-7B83-456E-AF6D-E1D6B60DF478}.Debug|x86.Build.0 = Debug|Any CPU
		{BBFC3956-7B83-456E-AF6D-E1D6B60DF478}.Release|Any CPU.ActiveCfg = Release|Any CPU
		{BBFC3956-7B83-456E-AF6D-E1D6B60DF478}.Release|Any CPU.Build.0 = Release|Any CPU
		{BBFC3956-7B83-456E-AF6D-E1D6B60DF478}.Release|arm64.ActiveCfg = Release|Any CPU
		{BBFC3956-7B83-456E-AF6D-E1D6B60DF478}.Release|arm64.Build.0 = Release|Any CPU
		{BBFC3956-7B83-456E-AF6D-E1D6B60DF478}.Release|x64.ActiveCfg = Release|Any CPU
		{BBFC3956-7B83-456E-AF6D-E1D6B60DF478}.Release|x64.Build.0 = Release|Any CPU
		{BBFC3956-7B83-456E-AF6D-E1D6B60DF478}.Release|x86.ActiveCfg = Release|Any CPU
		{BBFC3956-7B83-456E-AF6D-E1D6B60DF478}.Release|x86.Build.0 = Release|Any CPU
		{51928B1C-00E4-4693-A6C6-A39ACB0580EE}.Debug|Any CPU.ActiveCfg = Debug|Any CPU
		{51928B1C-00E4-4693-A6C6-A39ACB0580EE}.Debug|Any CPU.Build.0 = Debug|Any CPU
		{51928B1C-00E4-4693-A6C6-A39ACB0580EE}.Debug|arm64.ActiveCfg = Debug|Any CPU
		{51928B1C-00E4-4693-A6C6-A39ACB0580EE}.Debug|arm64.Build.0 = Debug|Any CPU
		{51928B1C-00E4-4693-A6C6-A39ACB0580EE}.Debug|x64.ActiveCfg = Debug|Any CPU
		{51928B1C-00E4-4693-A6C6-A39ACB0580EE}.Debug|x64.Build.0 = Debug|Any CPU
		{51928B1C-00E4-4693-A6C6-A39ACB0580EE}.Debug|x86.ActiveCfg = Debug|Any CPU
		{51928B1C-00E4-4693-A6C6-A39ACB0580EE}.Debug|x86.Build.0 = Debug|Any CPU
		{51928B1C-00E4-4693-A6C6-A39ACB0580EE}.Release|Any CPU.ActiveCfg = Release|Any CPU
		{51928B1C-00E4-4693-A6C6-A39ACB0580EE}.Release|Any CPU.Build.0 = Release|Any CPU
		{51928B1C-00E4-4693-A6C6-A39ACB0580EE}.Release|arm64.ActiveCfg = Release|Any CPU
		{51928B1C-00E4-4693-A6C6-A39ACB0580EE}.Release|arm64.Build.0 = Release|Any CPU
		{51928B1C-00E4-4693-A6C6-A39ACB0580EE}.Release|x64.ActiveCfg = Release|Any CPU
		{51928B1C-00E4-4693-A6C6-A39ACB0580EE}.Release|x64.Build.0 = Release|Any CPU
		{51928B1C-00E4-4693-A6C6-A39ACB0580EE}.Release|x86.ActiveCfg = Release|Any CPU
		{51928B1C-00E4-4693-A6C6-A39ACB0580EE}.Release|x86.Build.0 = Release|Any CPU
		{A3EAA823-F919-47D7-A7FF-CF92BEB5670E}.Debug|Any CPU.ActiveCfg = Debug|Any CPU
		{A3EAA823-F919-47D7-A7FF-CF92BEB5670E}.Debug|Any CPU.Build.0 = Debug|Any CPU
		{A3EAA823-F919-47D7-A7FF-CF92BEB5670E}.Debug|arm64.ActiveCfg = Debug|Any CPU
		{A3EAA823-F919-47D7-A7FF-CF92BEB5670E}.Debug|arm64.Build.0 = Debug|Any CPU
		{A3EAA823-F919-47D7-A7FF-CF92BEB5670E}.Debug|x64.ActiveCfg = Debug|Any CPU
		{A3EAA823-F919-47D7-A7FF-CF92BEB5670E}.Debug|x64.Build.0 = Debug|Any CPU
		{A3EAA823-F919-47D7-A7FF-CF92BEB5670E}.Debug|x86.ActiveCfg = Debug|Any CPU
		{A3EAA823-F919-47D7-A7FF-CF92BEB5670E}.Debug|x86.Build.0 = Debug|Any CPU
		{A3EAA823-F919-47D7-A7FF-CF92BEB5670E}.Release|Any CPU.ActiveCfg = Release|Any CPU
		{A3EAA823-F919-47D7-A7FF-CF92BEB5670E}.Release|Any CPU.Build.0 = Release|Any CPU
		{A3EAA823-F919-47D7-A7FF-CF92BEB5670E}.Release|arm64.ActiveCfg = Release|Any CPU
		{A3EAA823-F919-47D7-A7FF-CF92BEB5670E}.Release|arm64.Build.0 = Release|Any CPU
		{A3EAA823-F919-47D7-A7FF-CF92BEB5670E}.Release|x64.ActiveCfg = Release|Any CPU
		{A3EAA823-F919-47D7-A7FF-CF92BEB5670E}.Release|x64.Build.0 = Release|Any CPU
		{A3EAA823-F919-47D7-A7FF-CF92BEB5670E}.Release|x86.ActiveCfg = Release|Any CPU
		{A3EAA823-F919-47D7-A7FF-CF92BEB5670E}.Release|x86.Build.0 = Release|Any CPU
		{188490D7-19DC-4828-8DE9-91970AA3BCCF}.Debug|Any CPU.ActiveCfg = Debug|Any CPU
		{188490D7-19DC-4828-8DE9-91970AA3BCCF}.Debug|Any CPU.Build.0 = Debug|Any CPU
		{188490D7-19DC-4828-8DE9-91970AA3BCCF}.Debug|arm64.ActiveCfg = Debug|Any CPU
		{188490D7-19DC-4828-8DE9-91970AA3BCCF}.Debug|arm64.Build.0 = Debug|Any CPU
		{188490D7-19DC-4828-8DE9-91970AA3BCCF}.Debug|x64.ActiveCfg = Debug|Any CPU
		{188490D7-19DC-4828-8DE9-91970AA3BCCF}.Debug|x64.Build.0 = Debug|Any CPU
		{188490D7-19DC-4828-8DE9-91970AA3BCCF}.Debug|x86.ActiveCfg = Debug|Any CPU
		{188490D7-19DC-4828-8DE9-91970AA3BCCF}.Debug|x86.Build.0 = Debug|Any CPU
		{188490D7-19DC-4828-8DE9-91970AA3BCCF}.Release|Any CPU.ActiveCfg = Release|Any CPU
		{188490D7-19DC-4828-8DE9-91970AA3BCCF}.Release|Any CPU.Build.0 = Release|Any CPU
		{188490D7-19DC-4828-8DE9-91970AA3BCCF}.Release|arm64.ActiveCfg = Release|Any CPU
		{188490D7-19DC-4828-8DE9-91970AA3BCCF}.Release|arm64.Build.0 = Release|Any CPU
		{188490D7-19DC-4828-8DE9-91970AA3BCCF}.Release|x64.ActiveCfg = Release|Any CPU
		{188490D7-19DC-4828-8DE9-91970AA3BCCF}.Release|x64.Build.0 = Release|Any CPU
		{188490D7-19DC-4828-8DE9-91970AA3BCCF}.Release|x86.ActiveCfg = Release|Any CPU
		{188490D7-19DC-4828-8DE9-91970AA3BCCF}.Release|x86.Build.0 = Release|Any CPU
		{CDF1BB71-38A1-48F1-A969-065500B9431D}.Debug|Any CPU.ActiveCfg = Debug|Any CPU
		{CDF1BB71-38A1-48F1-A969-065500B9431D}.Debug|Any CPU.Build.0 = Debug|Any CPU
		{CDF1BB71-38A1-48F1-A969-065500B9431D}.Debug|arm64.ActiveCfg = Debug|Any CPU
		{CDF1BB71-38A1-48F1-A969-065500B9431D}.Debug|arm64.Build.0 = Debug|Any CPU
		{CDF1BB71-38A1-48F1-A969-065500B9431D}.Debug|x64.ActiveCfg = Debug|Any CPU
		{CDF1BB71-38A1-48F1-A969-065500B9431D}.Debug|x64.Build.0 = Debug|Any CPU
		{CDF1BB71-38A1-48F1-A969-065500B9431D}.Debug|x86.ActiveCfg = Debug|Any CPU
		{CDF1BB71-38A1-48F1-A969-065500B9431D}.Debug|x86.Build.0 = Debug|Any CPU
		{CDF1BB71-38A1-48F1-A969-065500B9431D}.Release|Any CPU.ActiveCfg = Release|Any CPU
		{CDF1BB71-38A1-48F1-A969-065500B9431D}.Release|Any CPU.Build.0 = Release|Any CPU
		{CDF1BB71-38A1-48F1-A969-065500B9431D}.Release|arm64.ActiveCfg = Release|Any CPU
		{CDF1BB71-38A1-48F1-A969-065500B9431D}.Release|arm64.Build.0 = Release|Any CPU
		{CDF1BB71-38A1-48F1-A969-065500B9431D}.Release|x64.ActiveCfg = Release|Any CPU
		{CDF1BB71-38A1-48F1-A969-065500B9431D}.Release|x64.Build.0 = Release|Any CPU
		{CDF1BB71-38A1-48F1-A969-065500B9431D}.Release|x86.ActiveCfg = Release|Any CPU
		{CDF1BB71-38A1-48F1-A969-065500B9431D}.Release|x86.Build.0 = Release|Any CPU
		{A100971C-FAB2-45CD-B3A9-8350415C052B}.Debug|Any CPU.ActiveCfg = Debug|Any CPU
		{A100971C-FAB2-45CD-B3A9-8350415C052B}.Debug|Any CPU.Build.0 = Debug|Any CPU
		{A100971C-FAB2-45CD-B3A9-8350415C052B}.Debug|arm64.ActiveCfg = Debug|Any CPU
		{A100971C-FAB2-45CD-B3A9-8350415C052B}.Debug|arm64.Build.0 = Debug|Any CPU
		{A100971C-FAB2-45CD-B3A9-8350415C052B}.Debug|x64.ActiveCfg = Debug|Any CPU
		{A100971C-FAB2-45CD-B3A9-8350415C052B}.Debug|x64.Build.0 = Debug|Any CPU
		{A100971C-FAB2-45CD-B3A9-8350415C052B}.Debug|x86.ActiveCfg = Debug|Any CPU
		{A100971C-FAB2-45CD-B3A9-8350415C052B}.Debug|x86.Build.0 = Debug|Any CPU
		{A100971C-FAB2-45CD-B3A9-8350415C052B}.Release|Any CPU.ActiveCfg = Release|Any CPU
		{A100971C-FAB2-45CD-B3A9-8350415C052B}.Release|Any CPU.Build.0 = Release|Any CPU
		{A100971C-FAB2-45CD-B3A9-8350415C052B}.Release|arm64.ActiveCfg = Release|Any CPU
		{A100971C-FAB2-45CD-B3A9-8350415C052B}.Release|arm64.Build.0 = Release|Any CPU
		{A100971C-FAB2-45CD-B3A9-8350415C052B}.Release|x64.ActiveCfg = Release|Any CPU
		{A100971C-FAB2-45CD-B3A9-8350415C052B}.Release|x64.Build.0 = Release|Any CPU
		{A100971C-FAB2-45CD-B3A9-8350415C052B}.Release|x86.ActiveCfg = Release|Any CPU
		{A100971C-FAB2-45CD-B3A9-8350415C052B}.Release|x86.Build.0 = Release|Any CPU
		{70CBD07A-0895-47E2-9CB8-6B867A49131F}.Debug|Any CPU.ActiveCfg = Debug|Any CPU
		{70CBD07A-0895-47E2-9CB8-6B867A49131F}.Debug|Any CPU.Build.0 = Debug|Any CPU
		{70CBD07A-0895-47E2-9CB8-6B867A49131F}.Debug|arm64.ActiveCfg = Debug|Any CPU
		{70CBD07A-0895-47E2-9CB8-6B867A49131F}.Debug|arm64.Build.0 = Debug|Any CPU
		{70CBD07A-0895-47E2-9CB8-6B867A49131F}.Debug|x64.ActiveCfg = Debug|Any CPU
		{70CBD07A-0895-47E2-9CB8-6B867A49131F}.Debug|x64.Build.0 = Debug|Any CPU
		{70CBD07A-0895-47E2-9CB8-6B867A49131F}.Debug|x86.ActiveCfg = Debug|Any CPU
		{70CBD07A-0895-47E2-9CB8-6B867A49131F}.Debug|x86.Build.0 = Debug|Any CPU
		{70CBD07A-0895-47E2-9CB8-6B867A49131F}.Release|Any CPU.ActiveCfg = Release|Any CPU
		{70CBD07A-0895-47E2-9CB8-6B867A49131F}.Release|Any CPU.Build.0 = Release|Any CPU
		{70CBD07A-0895-47E2-9CB8-6B867A49131F}.Release|arm64.ActiveCfg = Release|Any CPU
		{70CBD07A-0895-47E2-9CB8-6B867A49131F}.Release|arm64.Build.0 = Release|Any CPU
		{70CBD07A-0895-47E2-9CB8-6B867A49131F}.Release|x64.ActiveCfg = Release|Any CPU
		{70CBD07A-0895-47E2-9CB8-6B867A49131F}.Release|x64.Build.0 = Release|Any CPU
		{70CBD07A-0895-47E2-9CB8-6B867A49131F}.Release|x86.ActiveCfg = Release|Any CPU
		{70CBD07A-0895-47E2-9CB8-6B867A49131F}.Release|x86.Build.0 = Release|Any CPU
		{CFA0E592-F09A-49DE-A576-2A32F477FCE8}.Debug|Any CPU.ActiveCfg = Debug|Any CPU
		{CFA0E592-F09A-49DE-A576-2A32F477FCE8}.Debug|Any CPU.Build.0 = Debug|Any CPU
		{CFA0E592-F09A-49DE-A576-2A32F477FCE8}.Debug|arm64.ActiveCfg = Debug|Any CPU
		{CFA0E592-F09A-49DE-A576-2A32F477FCE8}.Debug|arm64.Build.0 = Debug|Any CPU
		{CFA0E592-F09A-49DE-A576-2A32F477FCE8}.Debug|x64.ActiveCfg = Debug|Any CPU
		{CFA0E592-F09A-49DE-A576-2A32F477FCE8}.Debug|x64.Build.0 = Debug|Any CPU
		{CFA0E592-F09A-49DE-A576-2A32F477FCE8}.Debug|x86.ActiveCfg = Debug|Any CPU
		{CFA0E592-F09A-49DE-A576-2A32F477FCE8}.Debug|x86.Build.0 = Debug|Any CPU
		{CFA0E592-F09A-49DE-A576-2A32F477FCE8}.Release|Any CPU.ActiveCfg = Release|Any CPU
		{CFA0E592-F09A-49DE-A576-2A32F477FCE8}.Release|Any CPU.Build.0 = Release|Any CPU
		{CFA0E592-F09A-49DE-A576-2A32F477FCE8}.Release|arm64.ActiveCfg = Release|Any CPU
		{CFA0E592-F09A-49DE-A576-2A32F477FCE8}.Release|arm64.Build.0 = Release|Any CPU
		{CFA0E592-F09A-49DE-A576-2A32F477FCE8}.Release|x64.ActiveCfg = Release|Any CPU
		{CFA0E592-F09A-49DE-A576-2A32F477FCE8}.Release|x64.Build.0 = Release|Any CPU
		{CFA0E592-F09A-49DE-A576-2A32F477FCE8}.Release|x86.ActiveCfg = Release|Any CPU
		{CFA0E592-F09A-49DE-A576-2A32F477FCE8}.Release|x86.Build.0 = Release|Any CPU
		{68E61446-5F65-497F-B24D-9D89188BB21C}.Debug|Any CPU.ActiveCfg = Debug|Any CPU
		{68E61446-5F65-497F-B24D-9D89188BB21C}.Debug|Any CPU.Build.0 = Debug|Any CPU
		{68E61446-5F65-497F-B24D-9D89188BB21C}.Debug|arm64.ActiveCfg = Debug|Any CPU
		{68E61446-5F65-497F-B24D-9D89188BB21C}.Debug|arm64.Build.0 = Debug|Any CPU
		{68E61446-5F65-497F-B24D-9D89188BB21C}.Debug|x64.ActiveCfg = Debug|Any CPU
		{68E61446-5F65-497F-B24D-9D89188BB21C}.Debug|x64.Build.0 = Debug|Any CPU
		{68E61446-5F65-497F-B24D-9D89188BB21C}.Debug|x86.ActiveCfg = Debug|Any CPU
		{68E61446-5F65-497F-B24D-9D89188BB21C}.Debug|x86.Build.0 = Debug|Any CPU
		{68E61446-5F65-497F-B24D-9D89188BB21C}.Release|Any CPU.ActiveCfg = Release|Any CPU
		{68E61446-5F65-497F-B24D-9D89188BB21C}.Release|Any CPU.Build.0 = Release|Any CPU
		{68E61446-5F65-497F-B24D-9D89188BB21C}.Release|arm64.ActiveCfg = Release|Any CPU
		{68E61446-5F65-497F-B24D-9D89188BB21C}.Release|arm64.Build.0 = Release|Any CPU
		{68E61446-5F65-497F-B24D-9D89188BB21C}.Release|x64.ActiveCfg = Release|Any CPU
		{68E61446-5F65-497F-B24D-9D89188BB21C}.Release|x64.Build.0 = Release|Any CPU
		{68E61446-5F65-497F-B24D-9D89188BB21C}.Release|x86.ActiveCfg = Release|Any CPU
		{68E61446-5F65-497F-B24D-9D89188BB21C}.Release|x86.Build.0 = Release|Any CPU
		{459BDF9D-F681-4FC2-A708-106AF56D80BB}.Debug|Any CPU.ActiveCfg = Debug|Any CPU
		{459BDF9D-F681-4FC2-A708-106AF56D80BB}.Debug|Any CPU.Build.0 = Debug|Any CPU
		{459BDF9D-F681-4FC2-A708-106AF56D80BB}.Debug|arm64.ActiveCfg = Debug|Any CPU
		{459BDF9D-F681-4FC2-A708-106AF56D80BB}.Debug|arm64.Build.0 = Debug|Any CPU
		{459BDF9D-F681-4FC2-A708-106AF56D80BB}.Debug|x64.ActiveCfg = Debug|Any CPU
		{459BDF9D-F681-4FC2-A708-106AF56D80BB}.Debug|x64.Build.0 = Debug|Any CPU
		{459BDF9D-F681-4FC2-A708-106AF56D80BB}.Debug|x86.ActiveCfg = Debug|Any CPU
		{459BDF9D-F681-4FC2-A708-106AF56D80BB}.Debug|x86.Build.0 = Debug|Any CPU
		{459BDF9D-F681-4FC2-A708-106AF56D80BB}.Release|Any CPU.ActiveCfg = Release|Any CPU
		{459BDF9D-F681-4FC2-A708-106AF56D80BB}.Release|Any CPU.Build.0 = Release|Any CPU
		{459BDF9D-F681-4FC2-A708-106AF56D80BB}.Release|arm64.ActiveCfg = Release|Any CPU
		{459BDF9D-F681-4FC2-A708-106AF56D80BB}.Release|arm64.Build.0 = Release|Any CPU
		{459BDF9D-F681-4FC2-A708-106AF56D80BB}.Release|x64.ActiveCfg = Release|Any CPU
		{459BDF9D-F681-4FC2-A708-106AF56D80BB}.Release|x64.Build.0 = Release|Any CPU
		{459BDF9D-F681-4FC2-A708-106AF56D80BB}.Release|x86.ActiveCfg = Release|Any CPU
		{459BDF9D-F681-4FC2-A708-106AF56D80BB}.Release|x86.Build.0 = Release|Any CPU
		{DFA01E4B-E46F-4CCD-949F-4131087AE8C5}.Debug|Any CPU.ActiveCfg = Debug|Any CPU
		{DFA01E4B-E46F-4CCD-949F-4131087AE8C5}.Debug|Any CPU.Build.0 = Debug|Any CPU
		{DFA01E4B-E46F-4CCD-949F-4131087AE8C5}.Debug|arm64.ActiveCfg = Debug|Any CPU
		{DFA01E4B-E46F-4CCD-949F-4131087AE8C5}.Debug|arm64.Build.0 = Debug|Any CPU
		{DFA01E4B-E46F-4CCD-949F-4131087AE8C5}.Debug|x64.ActiveCfg = Debug|Any CPU
		{DFA01E4B-E46F-4CCD-949F-4131087AE8C5}.Debug|x64.Build.0 = Debug|Any CPU
		{DFA01E4B-E46F-4CCD-949F-4131087AE8C5}.Debug|x86.ActiveCfg = Debug|Any CPU
		{DFA01E4B-E46F-4CCD-949F-4131087AE8C5}.Debug|x86.Build.0 = Debug|Any CPU
		{DFA01E4B-E46F-4CCD-949F-4131087AE8C5}.Release|Any CPU.ActiveCfg = Release|Any CPU
		{DFA01E4B-E46F-4CCD-949F-4131087AE8C5}.Release|Any CPU.Build.0 = Release|Any CPU
		{DFA01E4B-E46F-4CCD-949F-4131087AE8C5}.Release|arm64.ActiveCfg = Release|Any CPU
		{DFA01E4B-E46F-4CCD-949F-4131087AE8C5}.Release|arm64.Build.0 = Release|Any CPU
		{DFA01E4B-E46F-4CCD-949F-4131087AE8C5}.Release|x64.ActiveCfg = Release|Any CPU
		{DFA01E4B-E46F-4CCD-949F-4131087AE8C5}.Release|x64.Build.0 = Release|Any CPU
		{DFA01E4B-E46F-4CCD-949F-4131087AE8C5}.Release|x86.ActiveCfg = Release|Any CPU
		{DFA01E4B-E46F-4CCD-949F-4131087AE8C5}.Release|x86.Build.0 = Release|Any CPU
		{030D4DDF-CB35-4895-9E84-D63E700848CF}.Debug|Any CPU.ActiveCfg = Debug|Any CPU
		{030D4DDF-CB35-4895-9E84-D63E700848CF}.Debug|Any CPU.Build.0 = Debug|Any CPU
		{030D4DDF-CB35-4895-9E84-D63E700848CF}.Debug|arm64.ActiveCfg = Debug|Any CPU
		{030D4DDF-CB35-4895-9E84-D63E700848CF}.Debug|arm64.Build.0 = Debug|Any CPU
		{030D4DDF-CB35-4895-9E84-D63E700848CF}.Debug|x64.ActiveCfg = Debug|Any CPU
		{030D4DDF-CB35-4895-9E84-D63E700848CF}.Debug|x64.Build.0 = Debug|Any CPU
		{030D4DDF-CB35-4895-9E84-D63E700848CF}.Debug|x86.ActiveCfg = Debug|Any CPU
		{030D4DDF-CB35-4895-9E84-D63E700848CF}.Debug|x86.Build.0 = Debug|Any CPU
		{030D4DDF-CB35-4895-9E84-D63E700848CF}.Release|Any CPU.ActiveCfg = Release|Any CPU
		{030D4DDF-CB35-4895-9E84-D63E700848CF}.Release|Any CPU.Build.0 = Release|Any CPU
		{030D4DDF-CB35-4895-9E84-D63E700848CF}.Release|arm64.ActiveCfg = Release|Any CPU
		{030D4DDF-CB35-4895-9E84-D63E700848CF}.Release|arm64.Build.0 = Release|Any CPU
		{030D4DDF-CB35-4895-9E84-D63E700848CF}.Release|x64.ActiveCfg = Release|Any CPU
		{030D4DDF-CB35-4895-9E84-D63E700848CF}.Release|x64.Build.0 = Release|Any CPU
		{030D4DDF-CB35-4895-9E84-D63E700848CF}.Release|x86.ActiveCfg = Release|Any CPU
		{030D4DDF-CB35-4895-9E84-D63E700848CF}.Release|x86.Build.0 = Release|Any CPU
		{98C39F6C-CA3C-485F-8B72-C95D1AF6A389}.Debug|Any CPU.ActiveCfg = Debug|Any CPU
		{98C39F6C-CA3C-485F-8B72-C95D1AF6A389}.Debug|Any CPU.Build.0 = Debug|Any CPU
		{98C39F6C-CA3C-485F-8B72-C95D1AF6A389}.Debug|arm64.ActiveCfg = Debug|Any CPU
		{98C39F6C-CA3C-485F-8B72-C95D1AF6A389}.Debug|arm64.Build.0 = Debug|Any CPU
		{98C39F6C-CA3C-485F-8B72-C95D1AF6A389}.Debug|x64.ActiveCfg = Debug|Any CPU
		{98C39F6C-CA3C-485F-8B72-C95D1AF6A389}.Debug|x64.Build.0 = Debug|Any CPU
		{98C39F6C-CA3C-485F-8B72-C95D1AF6A389}.Debug|x86.ActiveCfg = Debug|Any CPU
		{98C39F6C-CA3C-485F-8B72-C95D1AF6A389}.Debug|x86.Build.0 = Debug|Any CPU
		{98C39F6C-CA3C-485F-8B72-C95D1AF6A389}.Release|Any CPU.ActiveCfg = Release|Any CPU
		{98C39F6C-CA3C-485F-8B72-C95D1AF6A389}.Release|Any CPU.Build.0 = Release|Any CPU
		{98C39F6C-CA3C-485F-8B72-C95D1AF6A389}.Release|arm64.ActiveCfg = Release|Any CPU
		{98C39F6C-CA3C-485F-8B72-C95D1AF6A389}.Release|arm64.Build.0 = Release|Any CPU
		{98C39F6C-CA3C-485F-8B72-C95D1AF6A389}.Release|x64.ActiveCfg = Release|Any CPU
		{98C39F6C-CA3C-485F-8B72-C95D1AF6A389}.Release|x64.Build.0 = Release|Any CPU
		{98C39F6C-CA3C-485F-8B72-C95D1AF6A389}.Release|x86.ActiveCfg = Release|Any CPU
		{98C39F6C-CA3C-485F-8B72-C95D1AF6A389}.Release|x86.Build.0 = Release|Any CPU
		{20EA9F32-73D5-49AD-8BE6-F0D9E5C83B32}.Debug|Any CPU.ActiveCfg = Debug|Any CPU
		{20EA9F32-73D5-49AD-8BE6-F0D9E5C83B32}.Debug|Any CPU.Build.0 = Debug|Any CPU
		{20EA9F32-73D5-49AD-8BE6-F0D9E5C83B32}.Debug|arm64.ActiveCfg = Debug|Any CPU
		{20EA9F32-73D5-49AD-8BE6-F0D9E5C83B32}.Debug|arm64.Build.0 = Debug|Any CPU
		{20EA9F32-73D5-49AD-8BE6-F0D9E5C83B32}.Debug|x64.ActiveCfg = Debug|Any CPU
		{20EA9F32-73D5-49AD-8BE6-F0D9E5C83B32}.Debug|x64.Build.0 = Debug|Any CPU
		{20EA9F32-73D5-49AD-8BE6-F0D9E5C83B32}.Debug|x86.ActiveCfg = Debug|Any CPU
		{20EA9F32-73D5-49AD-8BE6-F0D9E5C83B32}.Debug|x86.Build.0 = Debug|Any CPU
		{20EA9F32-73D5-49AD-8BE6-F0D9E5C83B32}.Release|Any CPU.ActiveCfg = Release|Any CPU
		{20EA9F32-73D5-49AD-8BE6-F0D9E5C83B32}.Release|Any CPU.Build.0 = Release|Any CPU
		{20EA9F32-73D5-49AD-8BE6-F0D9E5C83B32}.Release|arm64.ActiveCfg = Release|Any CPU
		{20EA9F32-73D5-49AD-8BE6-F0D9E5C83B32}.Release|arm64.Build.0 = Release|Any CPU
		{20EA9F32-73D5-49AD-8BE6-F0D9E5C83B32}.Release|x64.ActiveCfg = Release|Any CPU
		{20EA9F32-73D5-49AD-8BE6-F0D9E5C83B32}.Release|x64.Build.0 = Release|Any CPU
		{20EA9F32-73D5-49AD-8BE6-F0D9E5C83B32}.Release|x86.ActiveCfg = Release|Any CPU
		{20EA9F32-73D5-49AD-8BE6-F0D9E5C83B32}.Release|x86.Build.0 = Release|Any CPU
		{18B9BC5C-71F6-4400-88E1-28B24484122C}.Debug|Any CPU.ActiveCfg = Debug|Any CPU
		{18B9BC5C-71F6-4400-88E1-28B24484122C}.Debug|Any CPU.Build.0 = Debug|Any CPU
		{18B9BC5C-71F6-4400-88E1-28B24484122C}.Debug|arm64.ActiveCfg = Debug|Any CPU
		{18B9BC5C-71F6-4400-88E1-28B24484122C}.Debug|arm64.Build.0 = Debug|Any CPU
		{18B9BC5C-71F6-4400-88E1-28B24484122C}.Debug|x64.ActiveCfg = Debug|Any CPU
		{18B9BC5C-71F6-4400-88E1-28B24484122C}.Debug|x64.Build.0 = Debug|Any CPU
		{18B9BC5C-71F6-4400-88E1-28B24484122C}.Debug|x86.ActiveCfg = Debug|Any CPU
		{18B9BC5C-71F6-4400-88E1-28B24484122C}.Debug|x86.Build.0 = Debug|Any CPU
		{18B9BC5C-71F6-4400-88E1-28B24484122C}.Release|Any CPU.ActiveCfg = Release|Any CPU
		{18B9BC5C-71F6-4400-88E1-28B24484122C}.Release|Any CPU.Build.0 = Release|Any CPU
		{18B9BC5C-71F6-4400-88E1-28B24484122C}.Release|arm64.ActiveCfg = Release|Any CPU
		{18B9BC5C-71F6-4400-88E1-28B24484122C}.Release|arm64.Build.0 = Release|Any CPU
		{18B9BC5C-71F6-4400-88E1-28B24484122C}.Release|x64.ActiveCfg = Release|Any CPU
		{18B9BC5C-71F6-4400-88E1-28B24484122C}.Release|x64.Build.0 = Release|Any CPU
		{18B9BC5C-71F6-4400-88E1-28B24484122C}.Release|x86.ActiveCfg = Release|Any CPU
		{18B9BC5C-71F6-4400-88E1-28B24484122C}.Release|x86.Build.0 = Release|Any CPU
		{74A84FC5-6323-4F0C-B2FA-72731292F4C9}.Debug|Any CPU.ActiveCfg = Debug|Any CPU
		{74A84FC5-6323-4F0C-B2FA-72731292F4C9}.Debug|Any CPU.Build.0 = Debug|Any CPU
		{74A84FC5-6323-4F0C-B2FA-72731292F4C9}.Debug|arm64.ActiveCfg = Debug|Any CPU
		{74A84FC5-6323-4F0C-B2FA-72731292F4C9}.Debug|arm64.Build.0 = Debug|Any CPU
		{74A84FC5-6323-4F0C-B2FA-72731292F4C9}.Debug|x64.ActiveCfg = Debug|Any CPU
		{74A84FC5-6323-4F0C-B2FA-72731292F4C9}.Debug|x64.Build.0 = Debug|Any CPU
		{74A84FC5-6323-4F0C-B2FA-72731292F4C9}.Debug|x86.ActiveCfg = Debug|Any CPU
		{74A84FC5-6323-4F0C-B2FA-72731292F4C9}.Debug|x86.Build.0 = Debug|Any CPU
		{74A84FC5-6323-4F0C-B2FA-72731292F4C9}.Release|Any CPU.ActiveCfg = Release|Any CPU
		{74A84FC5-6323-4F0C-B2FA-72731292F4C9}.Release|Any CPU.Build.0 = Release|Any CPU
		{74A84FC5-6323-4F0C-B2FA-72731292F4C9}.Release|arm64.ActiveCfg = Release|Any CPU
		{74A84FC5-6323-4F0C-B2FA-72731292F4C9}.Release|arm64.Build.0 = Release|Any CPU
		{74A84FC5-6323-4F0C-B2FA-72731292F4C9}.Release|x64.ActiveCfg = Release|Any CPU
		{74A84FC5-6323-4F0C-B2FA-72731292F4C9}.Release|x64.Build.0 = Release|Any CPU
		{74A84FC5-6323-4F0C-B2FA-72731292F4C9}.Release|x86.ActiveCfg = Release|Any CPU
		{74A84FC5-6323-4F0C-B2FA-72731292F4C9}.Release|x86.Build.0 = Release|Any CPU
		{7A710614-AEBF-4AC3-ADA2-7CED09FAE211}.Debug|Any CPU.ActiveCfg = Debug|Any CPU
		{7A710614-AEBF-4AC3-ADA2-7CED09FAE211}.Debug|Any CPU.Build.0 = Debug|Any CPU
		{7A710614-AEBF-4AC3-ADA2-7CED09FAE211}.Debug|arm64.ActiveCfg = Debug|Any CPU
		{7A710614-AEBF-4AC3-ADA2-7CED09FAE211}.Debug|arm64.Build.0 = Debug|Any CPU
		{7A710614-AEBF-4AC3-ADA2-7CED09FAE211}.Debug|x64.ActiveCfg = Debug|Any CPU
		{7A710614-AEBF-4AC3-ADA2-7CED09FAE211}.Debug|x64.Build.0 = Debug|Any CPU
		{7A710614-AEBF-4AC3-ADA2-7CED09FAE211}.Debug|x86.ActiveCfg = Debug|Any CPU
		{7A710614-AEBF-4AC3-ADA2-7CED09FAE211}.Debug|x86.Build.0 = Debug|Any CPU
		{7A710614-AEBF-4AC3-ADA2-7CED09FAE211}.Release|Any CPU.ActiveCfg = Release|Any CPU
		{7A710614-AEBF-4AC3-ADA2-7CED09FAE211}.Release|Any CPU.Build.0 = Release|Any CPU
		{7A710614-AEBF-4AC3-ADA2-7CED09FAE211}.Release|arm64.ActiveCfg = Release|Any CPU
		{7A710614-AEBF-4AC3-ADA2-7CED09FAE211}.Release|arm64.Build.0 = Release|Any CPU
		{7A710614-AEBF-4AC3-ADA2-7CED09FAE211}.Release|x64.ActiveCfg = Release|Any CPU
		{7A710614-AEBF-4AC3-ADA2-7CED09FAE211}.Release|x64.Build.0 = Release|Any CPU
		{7A710614-AEBF-4AC3-ADA2-7CED09FAE211}.Release|x86.ActiveCfg = Release|Any CPU
		{7A710614-AEBF-4AC3-ADA2-7CED09FAE211}.Release|x86.Build.0 = Release|Any CPU
		{2FEC262D-7BEA-4CCE-8FB4-98729385DF4F}.Debug|Any CPU.ActiveCfg = Debug|Any CPU
		{2FEC262D-7BEA-4CCE-8FB4-98729385DF4F}.Debug|Any CPU.Build.0 = Debug|Any CPU
		{2FEC262D-7BEA-4CCE-8FB4-98729385DF4F}.Debug|arm64.ActiveCfg = Debug|Any CPU
		{2FEC262D-7BEA-4CCE-8FB4-98729385DF4F}.Debug|arm64.Build.0 = Debug|Any CPU
		{2FEC262D-7BEA-4CCE-8FB4-98729385DF4F}.Debug|x64.ActiveCfg = Debug|Any CPU
		{2FEC262D-7BEA-4CCE-8FB4-98729385DF4F}.Debug|x64.Build.0 = Debug|Any CPU
		{2FEC262D-7BEA-4CCE-8FB4-98729385DF4F}.Debug|x86.ActiveCfg = Debug|Any CPU
		{2FEC262D-7BEA-4CCE-8FB4-98729385DF4F}.Debug|x86.Build.0 = Debug|Any CPU
		{2FEC262D-7BEA-4CCE-8FB4-98729385DF4F}.Release|Any CPU.ActiveCfg = Release|Any CPU
		{2FEC262D-7BEA-4CCE-8FB4-98729385DF4F}.Release|Any CPU.Build.0 = Release|Any CPU
		{2FEC262D-7BEA-4CCE-8FB4-98729385DF4F}.Release|arm64.ActiveCfg = Release|Any CPU
		{2FEC262D-7BEA-4CCE-8FB4-98729385DF4F}.Release|arm64.Build.0 = Release|Any CPU
		{2FEC262D-7BEA-4CCE-8FB4-98729385DF4F}.Release|x64.ActiveCfg = Release|Any CPU
		{2FEC262D-7BEA-4CCE-8FB4-98729385DF4F}.Release|x64.Build.0 = Release|Any CPU
		{2FEC262D-7BEA-4CCE-8FB4-98729385DF4F}.Release|x86.ActiveCfg = Release|Any CPU
		{2FEC262D-7BEA-4CCE-8FB4-98729385DF4F}.Release|x86.Build.0 = Release|Any CPU
		{2E2024C9-8D54-4659-A0A5-23A13E78086E}.Debug|Any CPU.ActiveCfg = Debug|Any CPU
		{2E2024C9-8D54-4659-A0A5-23A13E78086E}.Debug|Any CPU.Build.0 = Debug|Any CPU
		{2E2024C9-8D54-4659-A0A5-23A13E78086E}.Debug|arm64.ActiveCfg = Debug|Any CPU
		{2E2024C9-8D54-4659-A0A5-23A13E78086E}.Debug|arm64.Build.0 = Debug|Any CPU
		{2E2024C9-8D54-4659-A0A5-23A13E78086E}.Debug|x64.ActiveCfg = Debug|Any CPU
		{2E2024C9-8D54-4659-A0A5-23A13E78086E}.Debug|x64.Build.0 = Debug|Any CPU
		{2E2024C9-8D54-4659-A0A5-23A13E78086E}.Debug|x86.ActiveCfg = Debug|Any CPU
		{2E2024C9-8D54-4659-A0A5-23A13E78086E}.Debug|x86.Build.0 = Debug|Any CPU
		{2E2024C9-8D54-4659-A0A5-23A13E78086E}.Release|Any CPU.ActiveCfg = Release|Any CPU
		{2E2024C9-8D54-4659-A0A5-23A13E78086E}.Release|Any CPU.Build.0 = Release|Any CPU
		{2E2024C9-8D54-4659-A0A5-23A13E78086E}.Release|arm64.ActiveCfg = Release|Any CPU
		{2E2024C9-8D54-4659-A0A5-23A13E78086E}.Release|arm64.Build.0 = Release|Any CPU
		{2E2024C9-8D54-4659-A0A5-23A13E78086E}.Release|x64.ActiveCfg = Release|Any CPU
		{2E2024C9-8D54-4659-A0A5-23A13E78086E}.Release|x64.Build.0 = Release|Any CPU
		{2E2024C9-8D54-4659-A0A5-23A13E78086E}.Release|x86.ActiveCfg = Release|Any CPU
		{2E2024C9-8D54-4659-A0A5-23A13E78086E}.Release|x86.Build.0 = Release|Any CPU
		{AF05C6AA-2C2B-4B46-BC2D-BB4436B432B1}.Debug|Any CPU.ActiveCfg = Debug|Any CPU
		{AF05C6AA-2C2B-4B46-BC2D-BB4436B432B1}.Debug|Any CPU.Build.0 = Debug|Any CPU
		{AF05C6AA-2C2B-4B46-BC2D-BB4436B432B1}.Debug|arm64.ActiveCfg = Debug|Any CPU
		{AF05C6AA-2C2B-4B46-BC2D-BB4436B432B1}.Debug|arm64.Build.0 = Debug|Any CPU
		{AF05C6AA-2C2B-4B46-BC2D-BB4436B432B1}.Debug|x64.ActiveCfg = Debug|Any CPU
		{AF05C6AA-2C2B-4B46-BC2D-BB4436B432B1}.Debug|x64.Build.0 = Debug|Any CPU
		{AF05C6AA-2C2B-4B46-BC2D-BB4436B432B1}.Debug|x86.ActiveCfg = Debug|Any CPU
		{AF05C6AA-2C2B-4B46-BC2D-BB4436B432B1}.Debug|x86.Build.0 = Debug|Any CPU
		{AF05C6AA-2C2B-4B46-BC2D-BB4436B432B1}.Release|Any CPU.ActiveCfg = Release|Any CPU
		{AF05C6AA-2C2B-4B46-BC2D-BB4436B432B1}.Release|Any CPU.Build.0 = Release|Any CPU
		{AF05C6AA-2C2B-4B46-BC2D-BB4436B432B1}.Release|arm64.ActiveCfg = Release|Any CPU
		{AF05C6AA-2C2B-4B46-BC2D-BB4436B432B1}.Release|arm64.Build.0 = Release|Any CPU
		{AF05C6AA-2C2B-4B46-BC2D-BB4436B432B1}.Release|x64.ActiveCfg = Release|Any CPU
		{AF05C6AA-2C2B-4B46-BC2D-BB4436B432B1}.Release|x64.Build.0 = Release|Any CPU
		{AF05C6AA-2C2B-4B46-BC2D-BB4436B432B1}.Release|x86.ActiveCfg = Release|Any CPU
		{AF05C6AA-2C2B-4B46-BC2D-BB4436B432B1}.Release|x86.Build.0 = Release|Any CPU
		{5C67F6F0-A3EF-4705-9641-B4449C1AA65B}.Debug|Any CPU.ActiveCfg = Debug|Any CPU
		{5C67F6F0-A3EF-4705-9641-B4449C1AA65B}.Debug|Any CPU.Build.0 = Debug|Any CPU
		{5C67F6F0-A3EF-4705-9641-B4449C1AA65B}.Debug|arm64.ActiveCfg = Debug|Any CPU
		{5C67F6F0-A3EF-4705-9641-B4449C1AA65B}.Debug|arm64.Build.0 = Debug|Any CPU
		{5C67F6F0-A3EF-4705-9641-B4449C1AA65B}.Debug|x64.ActiveCfg = Debug|Any CPU
		{5C67F6F0-A3EF-4705-9641-B4449C1AA65B}.Debug|x64.Build.0 = Debug|Any CPU
		{5C67F6F0-A3EF-4705-9641-B4449C1AA65B}.Debug|x86.ActiveCfg = Debug|Any CPU
		{5C67F6F0-A3EF-4705-9641-B4449C1AA65B}.Debug|x86.Build.0 = Debug|Any CPU
		{5C67F6F0-A3EF-4705-9641-B4449C1AA65B}.Release|Any CPU.ActiveCfg = Release|Any CPU
		{5C67F6F0-A3EF-4705-9641-B4449C1AA65B}.Release|Any CPU.Build.0 = Release|Any CPU
		{5C67F6F0-A3EF-4705-9641-B4449C1AA65B}.Release|arm64.ActiveCfg = Release|Any CPU
		{5C67F6F0-A3EF-4705-9641-B4449C1AA65B}.Release|arm64.Build.0 = Release|Any CPU
		{5C67F6F0-A3EF-4705-9641-B4449C1AA65B}.Release|x64.ActiveCfg = Release|Any CPU
		{5C67F6F0-A3EF-4705-9641-B4449C1AA65B}.Release|x64.Build.0 = Release|Any CPU
		{5C67F6F0-A3EF-4705-9641-B4449C1AA65B}.Release|x86.ActiveCfg = Release|Any CPU
		{5C67F6F0-A3EF-4705-9641-B4449C1AA65B}.Release|x86.Build.0 = Release|Any CPU
		{34CB46DF-712C-4FAA-8352-CD097AC6AEAE}.Debug|Any CPU.ActiveCfg = Debug|Any CPU
		{34CB46DF-712C-4FAA-8352-CD097AC6AEAE}.Debug|Any CPU.Build.0 = Debug|Any CPU
		{34CB46DF-712C-4FAA-8352-CD097AC6AEAE}.Debug|arm64.ActiveCfg = Debug|Any CPU
		{34CB46DF-712C-4FAA-8352-CD097AC6AEAE}.Debug|arm64.Build.0 = Debug|Any CPU
		{34CB46DF-712C-4FAA-8352-CD097AC6AEAE}.Debug|x64.ActiveCfg = Debug|Any CPU
		{34CB46DF-712C-4FAA-8352-CD097AC6AEAE}.Debug|x64.Build.0 = Debug|Any CPU
		{34CB46DF-712C-4FAA-8352-CD097AC6AEAE}.Debug|x86.ActiveCfg = Debug|Any CPU
		{34CB46DF-712C-4FAA-8352-CD097AC6AEAE}.Debug|x86.Build.0 = Debug|Any CPU
		{34CB46DF-712C-4FAA-8352-CD097AC6AEAE}.Release|Any CPU.ActiveCfg = Release|Any CPU
		{34CB46DF-712C-4FAA-8352-CD097AC6AEAE}.Release|Any CPU.Build.0 = Release|Any CPU
		{34CB46DF-712C-4FAA-8352-CD097AC6AEAE}.Release|arm64.ActiveCfg = Release|Any CPU
		{34CB46DF-712C-4FAA-8352-CD097AC6AEAE}.Release|arm64.Build.0 = Release|Any CPU
		{34CB46DF-712C-4FAA-8352-CD097AC6AEAE}.Release|x64.ActiveCfg = Release|Any CPU
		{34CB46DF-712C-4FAA-8352-CD097AC6AEAE}.Release|x64.Build.0 = Release|Any CPU
		{34CB46DF-712C-4FAA-8352-CD097AC6AEAE}.Release|x86.ActiveCfg = Release|Any CPU
		{34CB46DF-712C-4FAA-8352-CD097AC6AEAE}.Release|x86.Build.0 = Release|Any CPU
		{81CB72E4-26A1-4B1F-8235-22E0BDB1860A}.Debug|Any CPU.ActiveCfg = Debug|Any CPU
		{81CB72E4-26A1-4B1F-8235-22E0BDB1860A}.Debug|Any CPU.Build.0 = Debug|Any CPU
		{81CB72E4-26A1-4B1F-8235-22E0BDB1860A}.Debug|arm64.ActiveCfg = Debug|Any CPU
		{81CB72E4-26A1-4B1F-8235-22E0BDB1860A}.Debug|arm64.Build.0 = Debug|Any CPU
		{81CB72E4-26A1-4B1F-8235-22E0BDB1860A}.Debug|x64.ActiveCfg = Debug|Any CPU
		{81CB72E4-26A1-4B1F-8235-22E0BDB1860A}.Debug|x64.Build.0 = Debug|Any CPU
		{81CB72E4-26A1-4B1F-8235-22E0BDB1860A}.Debug|x86.ActiveCfg = Debug|Any CPU
		{81CB72E4-26A1-4B1F-8235-22E0BDB1860A}.Debug|x86.Build.0 = Debug|Any CPU
		{81CB72E4-26A1-4B1F-8235-22E0BDB1860A}.Release|Any CPU.ActiveCfg = Release|Any CPU
		{81CB72E4-26A1-4B1F-8235-22E0BDB1860A}.Release|Any CPU.Build.0 = Release|Any CPU
		{81CB72E4-26A1-4B1F-8235-22E0BDB1860A}.Release|arm64.ActiveCfg = Release|Any CPU
		{81CB72E4-26A1-4B1F-8235-22E0BDB1860A}.Release|arm64.Build.0 = Release|Any CPU
		{81CB72E4-26A1-4B1F-8235-22E0BDB1860A}.Release|x64.ActiveCfg = Release|Any CPU
		{81CB72E4-26A1-4B1F-8235-22E0BDB1860A}.Release|x64.Build.0 = Release|Any CPU
		{81CB72E4-26A1-4B1F-8235-22E0BDB1860A}.Release|x86.ActiveCfg = Release|Any CPU
		{81CB72E4-26A1-4B1F-8235-22E0BDB1860A}.Release|x86.Build.0 = Release|Any CPU
		{BE7DB1F6-7EDE-4A1F-8B36-B6BF2A616A00}.Debug|Any CPU.ActiveCfg = Debug|Any CPU
		{BE7DB1F6-7EDE-4A1F-8B36-B6BF2A616A00}.Debug|Any CPU.Build.0 = Debug|Any CPU
		{BE7DB1F6-7EDE-4A1F-8B36-B6BF2A616A00}.Debug|arm64.ActiveCfg = Debug|Any CPU
		{BE7DB1F6-7EDE-4A1F-8B36-B6BF2A616A00}.Debug|arm64.Build.0 = Debug|Any CPU
		{BE7DB1F6-7EDE-4A1F-8B36-B6BF2A616A00}.Debug|x64.ActiveCfg = Debug|Any CPU
		{BE7DB1F6-7EDE-4A1F-8B36-B6BF2A616A00}.Debug|x64.Build.0 = Debug|Any CPU
		{BE7DB1F6-7EDE-4A1F-8B36-B6BF2A616A00}.Debug|x86.ActiveCfg = Debug|Any CPU
		{BE7DB1F6-7EDE-4A1F-8B36-B6BF2A616A00}.Debug|x86.Build.0 = Debug|Any CPU
		{BE7DB1F6-7EDE-4A1F-8B36-B6BF2A616A00}.Release|Any CPU.ActiveCfg = Release|Any CPU
		{BE7DB1F6-7EDE-4A1F-8B36-B6BF2A616A00}.Release|Any CPU.Build.0 = Release|Any CPU
		{BE7DB1F6-7EDE-4A1F-8B36-B6BF2A616A00}.Release|arm64.ActiveCfg = Release|Any CPU
		{BE7DB1F6-7EDE-4A1F-8B36-B6BF2A616A00}.Release|arm64.Build.0 = Release|Any CPU
		{BE7DB1F6-7EDE-4A1F-8B36-B6BF2A616A00}.Release|x64.ActiveCfg = Release|Any CPU
		{BE7DB1F6-7EDE-4A1F-8B36-B6BF2A616A00}.Release|x64.Build.0 = Release|Any CPU
		{BE7DB1F6-7EDE-4A1F-8B36-B6BF2A616A00}.Release|x86.ActiveCfg = Release|Any CPU
		{BE7DB1F6-7EDE-4A1F-8B36-B6BF2A616A00}.Release|x86.Build.0 = Release|Any CPU
		{A2C402CC-628C-452F-AF6E-4AAF7F2A4AB7}.Debug|Any CPU.ActiveCfg = Debug|Any CPU
		{A2C402CC-628C-452F-AF6E-4AAF7F2A4AB7}.Debug|Any CPU.Build.0 = Debug|Any CPU
		{A2C402CC-628C-452F-AF6E-4AAF7F2A4AB7}.Debug|arm64.ActiveCfg = Debug|Any CPU
		{A2C402CC-628C-452F-AF6E-4AAF7F2A4AB7}.Debug|arm64.Build.0 = Debug|Any CPU
		{A2C402CC-628C-452F-AF6E-4AAF7F2A4AB7}.Debug|x64.ActiveCfg = Debug|Any CPU
		{A2C402CC-628C-452F-AF6E-4AAF7F2A4AB7}.Debug|x64.Build.0 = Debug|Any CPU
		{A2C402CC-628C-452F-AF6E-4AAF7F2A4AB7}.Debug|x86.ActiveCfg = Debug|Any CPU
		{A2C402CC-628C-452F-AF6E-4AAF7F2A4AB7}.Debug|x86.Build.0 = Debug|Any CPU
		{A2C402CC-628C-452F-AF6E-4AAF7F2A4AB7}.Release|Any CPU.ActiveCfg = Release|Any CPU
		{A2C402CC-628C-452F-AF6E-4AAF7F2A4AB7}.Release|Any CPU.Build.0 = Release|Any CPU
		{A2C402CC-628C-452F-AF6E-4AAF7F2A4AB7}.Release|arm64.ActiveCfg = Release|Any CPU
		{A2C402CC-628C-452F-AF6E-4AAF7F2A4AB7}.Release|arm64.Build.0 = Release|Any CPU
		{A2C402CC-628C-452F-AF6E-4AAF7F2A4AB7}.Release|x64.ActiveCfg = Release|Any CPU
		{A2C402CC-628C-452F-AF6E-4AAF7F2A4AB7}.Release|x64.Build.0 = Release|Any CPU
		{A2C402CC-628C-452F-AF6E-4AAF7F2A4AB7}.Release|x86.ActiveCfg = Release|Any CPU
		{A2C402CC-628C-452F-AF6E-4AAF7F2A4AB7}.Release|x86.Build.0 = Release|Any CPU
		{91CBD1FE-8AC9-4710-A806-942136864A35}.Debug|Any CPU.ActiveCfg = Debug|Any CPU
		{91CBD1FE-8AC9-4710-A806-942136864A35}.Debug|Any CPU.Build.0 = Debug|Any CPU
		{91CBD1FE-8AC9-4710-A806-942136864A35}.Debug|arm64.ActiveCfg = Debug|Any CPU
		{91CBD1FE-8AC9-4710-A806-942136864A35}.Debug|arm64.Build.0 = Debug|Any CPU
		{91CBD1FE-8AC9-4710-A806-942136864A35}.Debug|x64.ActiveCfg = Debug|Any CPU
		{91CBD1FE-8AC9-4710-A806-942136864A35}.Debug|x64.Build.0 = Debug|Any CPU
		{91CBD1FE-8AC9-4710-A806-942136864A35}.Debug|x86.ActiveCfg = Debug|Any CPU
		{91CBD1FE-8AC9-4710-A806-942136864A35}.Debug|x86.Build.0 = Debug|Any CPU
		{91CBD1FE-8AC9-4710-A806-942136864A35}.Release|Any CPU.ActiveCfg = Release|Any CPU
		{91CBD1FE-8AC9-4710-A806-942136864A35}.Release|Any CPU.Build.0 = Release|Any CPU
		{91CBD1FE-8AC9-4710-A806-942136864A35}.Release|arm64.ActiveCfg = Release|Any CPU
		{91CBD1FE-8AC9-4710-A806-942136864A35}.Release|arm64.Build.0 = Release|Any CPU
		{91CBD1FE-8AC9-4710-A806-942136864A35}.Release|x64.ActiveCfg = Release|Any CPU
		{91CBD1FE-8AC9-4710-A806-942136864A35}.Release|x64.Build.0 = Release|Any CPU
		{91CBD1FE-8AC9-4710-A806-942136864A35}.Release|x86.ActiveCfg = Release|Any CPU
		{91CBD1FE-8AC9-4710-A806-942136864A35}.Release|x86.Build.0 = Release|Any CPU
		{27B0369E-85F1-4C8E-9BB9-66DC1537F72A}.Debug|Any CPU.ActiveCfg = Debug|Any CPU
		{27B0369E-85F1-4C8E-9BB9-66DC1537F72A}.Debug|Any CPU.Build.0 = Debug|Any CPU
		{27B0369E-85F1-4C8E-9BB9-66DC1537F72A}.Debug|arm64.ActiveCfg = Debug|Any CPU
		{27B0369E-85F1-4C8E-9BB9-66DC1537F72A}.Debug|arm64.Build.0 = Debug|Any CPU
		{27B0369E-85F1-4C8E-9BB9-66DC1537F72A}.Debug|x64.ActiveCfg = Debug|Any CPU
		{27B0369E-85F1-4C8E-9BB9-66DC1537F72A}.Debug|x64.Build.0 = Debug|Any CPU
		{27B0369E-85F1-4C8E-9BB9-66DC1537F72A}.Debug|x86.ActiveCfg = Debug|Any CPU
		{27B0369E-85F1-4C8E-9BB9-66DC1537F72A}.Debug|x86.Build.0 = Debug|Any CPU
		{27B0369E-85F1-4C8E-9BB9-66DC1537F72A}.Release|Any CPU.ActiveCfg = Release|Any CPU
		{27B0369E-85F1-4C8E-9BB9-66DC1537F72A}.Release|Any CPU.Build.0 = Release|Any CPU
		{27B0369E-85F1-4C8E-9BB9-66DC1537F72A}.Release|arm64.ActiveCfg = Release|Any CPU
		{27B0369E-85F1-4C8E-9BB9-66DC1537F72A}.Release|arm64.Build.0 = Release|Any CPU
		{27B0369E-85F1-4C8E-9BB9-66DC1537F72A}.Release|x64.ActiveCfg = Release|Any CPU
		{27B0369E-85F1-4C8E-9BB9-66DC1537F72A}.Release|x64.Build.0 = Release|Any CPU
		{27B0369E-85F1-4C8E-9BB9-66DC1537F72A}.Release|x86.ActiveCfg = Release|Any CPU
		{27B0369E-85F1-4C8E-9BB9-66DC1537F72A}.Release|x86.Build.0 = Release|Any CPU
		{BFAD12E8-E09C-4137-A9E6-87C3FB0262FD}.Debug|Any CPU.ActiveCfg = Debug|x64
		{BFAD12E8-E09C-4137-A9E6-87C3FB0262FD}.Debug|Any CPU.Build.0 = Debug|x64
		{BFAD12E8-E09C-4137-A9E6-87C3FB0262FD}.Debug|arm64.ActiveCfg = Debug|ARM64
		{BFAD12E8-E09C-4137-A9E6-87C3FB0262FD}.Debug|arm64.Build.0 = Debug|ARM64
		{BFAD12E8-E09C-4137-A9E6-87C3FB0262FD}.Debug|x64.ActiveCfg = Debug|x64
		{BFAD12E8-E09C-4137-A9E6-87C3FB0262FD}.Debug|x64.Build.0 = Debug|x64
		{BFAD12E8-E09C-4137-A9E6-87C3FB0262FD}.Debug|x86.ActiveCfg = Debug|x86
		{BFAD12E8-E09C-4137-A9E6-87C3FB0262FD}.Debug|x86.Build.0 = Debug|x86
		{BFAD12E8-E09C-4137-A9E6-87C3FB0262FD}.Release|Any CPU.ActiveCfg = Release|x64
		{BFAD12E8-E09C-4137-A9E6-87C3FB0262FD}.Release|Any CPU.Build.0 = Release|x64
		{BFAD12E8-E09C-4137-A9E6-87C3FB0262FD}.Release|arm64.ActiveCfg = Release|ARM64
		{BFAD12E8-E09C-4137-A9E6-87C3FB0262FD}.Release|arm64.Build.0 = Release|ARM64
		{BFAD12E8-E09C-4137-A9E6-87C3FB0262FD}.Release|x64.ActiveCfg = Release|x64
		{BFAD12E8-E09C-4137-A9E6-87C3FB0262FD}.Release|x64.Build.0 = Release|x64
		{BFAD12E8-E09C-4137-A9E6-87C3FB0262FD}.Release|x86.ActiveCfg = Release|x86
		{BFAD12E8-E09C-4137-A9E6-87C3FB0262FD}.Release|x86.Build.0 = Release|x86
		{6F942D5B-74A3-4E51-8FB3-E85CF89D3FBA}.Debug|Any CPU.ActiveCfg = Debug|Any CPU
		{6F942D5B-74A3-4E51-8FB3-E85CF89D3FBA}.Debug|Any CPU.Build.0 = Debug|Any CPU
		{6F942D5B-74A3-4E51-8FB3-E85CF89D3FBA}.Debug|arm64.ActiveCfg = Debug|Any CPU
		{6F942D5B-74A3-4E51-8FB3-E85CF89D3FBA}.Debug|arm64.Build.0 = Debug|Any CPU
		{6F942D5B-74A3-4E51-8FB3-E85CF89D3FBA}.Debug|x64.ActiveCfg = Debug|Any CPU
		{6F942D5B-74A3-4E51-8FB3-E85CF89D3FBA}.Debug|x64.Build.0 = Debug|Any CPU
		{6F942D5B-74A3-4E51-8FB3-E85CF89D3FBA}.Debug|x86.ActiveCfg = Debug|Any CPU
		{6F942D5B-74A3-4E51-8FB3-E85CF89D3FBA}.Debug|x86.Build.0 = Debug|Any CPU
		{6F942D5B-74A3-4E51-8FB3-E85CF89D3FBA}.Release|Any CPU.ActiveCfg = Release|Any CPU
		{6F942D5B-74A3-4E51-8FB3-E85CF89D3FBA}.Release|Any CPU.Build.0 = Release|Any CPU
		{6F942D5B-74A3-4E51-8FB3-E85CF89D3FBA}.Release|arm64.ActiveCfg = Release|Any CPU
		{6F942D5B-74A3-4E51-8FB3-E85CF89D3FBA}.Release|arm64.Build.0 = Release|Any CPU
		{6F942D5B-74A3-4E51-8FB3-E85CF89D3FBA}.Release|x64.ActiveCfg = Release|Any CPU
		{6F942D5B-74A3-4E51-8FB3-E85CF89D3FBA}.Release|x64.Build.0 = Release|Any CPU
		{6F942D5B-74A3-4E51-8FB3-E85CF89D3FBA}.Release|x86.ActiveCfg = Release|Any CPU
		{6F942D5B-74A3-4E51-8FB3-E85CF89D3FBA}.Release|x86.Build.0 = Release|Any CPU
	EndGlobalSection
	GlobalSection(SolutionProperties) = preSolution
		HideSolutionNode = FALSE
	EndGlobalSection
	GlobalSection(NestedProjects) = preSolution
		{44C7D63A-D185-480A-BB51-10F0D35336D4} = {59B8EF45-EA19-477D-B57C-5783B7B1C5CF}
		{B089488B-0DE0-467B-897D-3941397F7124} = {59B8EF45-EA19-477D-B57C-5783B7B1C5CF}
		{90C2B7AF-165E-484B-86AD-C91C96D9F08E} = {59B8EF45-EA19-477D-B57C-5783B7B1C5CF}
		{066B767B-6335-4AD0-98C6-3B313A8A0689} = {59B8EF45-EA19-477D-B57C-5783B7B1C5CF}
		{D1DCAD46-5791-4637-8566-82A05C537E13} = {59B8EF45-EA19-477D-B57C-5783B7B1C5CF}
		{DA47CCA3-B07B-47D3-87E3-23C1C2246A14} = {59B8EF45-EA19-477D-B57C-5783B7B1C5CF}
		{B48149B4-130C-4277-9727-D97C648C91AD} = {B93F3F85-DA80-48CF-A549-9217DD34DD11}
		{453DBCD7-A3E3-4BC4-89D6-DEA0F1BA7AF6} = {B93F3F85-DA80-48CF-A549-9217DD34DD11}
		{3476FF98-7AB8-44D0-811C-AC8453C32387} = {59B8EF45-EA19-477D-B57C-5783B7B1C5CF}
		{67C58445-F269-4BB6-91CA-A9B1712C7DEA} = {59B8EF45-EA19-477D-B57C-5783B7B1C5CF}
		{744D228D-912C-45A2-972F-AE6C623D5D12} = {59B8EF45-EA19-477D-B57C-5783B7B1C5CF}
		{514202E6-F5E2-4220-AD44-829ED84AC850} = {59B8EF45-EA19-477D-B57C-5783B7B1C5CF}
		{0EB5AC29-1F4F-463A-BCBE-AB4B25E7A083} = {59B8EF45-EA19-477D-B57C-5783B7B1C5CF}
		{88D5BF9B-6CFC-4CC2-9286-FC949A3AE3FB} = {B93F3F85-DA80-48CF-A549-9217DD34DD11}
		{A11D8CB7-E5FB-4834-A4E8-311191488633} = {59B8EF45-EA19-477D-B57C-5783B7B1C5CF}
		{A329545C-1BF9-471A-B82F-483063560E26} = {B93F3F85-DA80-48CF-A549-9217DD34DD11}
		{7331DF38-21F2-4039-90E6-1A95351A9114} = {59B8EF45-EA19-477D-B57C-5783B7B1C5CF}
		{06E1474F-B6AE-44AC-993A-5337F62F21AB} = {B93F3F85-DA80-48CF-A549-9217DD34DD11}
		{61897B6E-2FB0-44A6-AE44-6B469A4E257A} = {D4EDD1F3-3147-40A8-A40D-7CF39E190808}
		{658A0673-82C3-4A90-AF76-BC070208FDCD} = {D4EDD1F3-3147-40A8-A40D-7CF39E190808}
		{C3E16E9F-C30F-4491-A767-1B0BD7AFC048} = {B93F3F85-DA80-48CF-A549-9217DD34DD11}
		{4A247CB2-1EAB-4799-9E16-E1841BD18601} = {D4EDD1F3-3147-40A8-A40D-7CF39E190808}
		{026F4AAB-4DA4-448C-B611-F03AA032576F} = {D4EDD1F3-3147-40A8-A40D-7CF39E190808}
		{227ED3C8-A44C-4196-8D17-B8E884EF8C38} = {D4EDD1F3-3147-40A8-A40D-7CF39E190808}
		{BBFC3956-7B83-456E-AF6D-E1D6B60DF478} = {B93F3F85-DA80-48CF-A549-9217DD34DD11}
		{188490D7-19DC-4828-8DE9-91970AA3BCCF} = {DC0016F5-89F2-4164-A4DE-E772B6F75357}
		{CDF1BB71-38A1-48F1-A969-065500B9431D} = {DC0016F5-89F2-4164-A4DE-E772B6F75357}
		{A100971C-FAB2-45CD-B3A9-8350415C052B} = {DC0016F5-89F2-4164-A4DE-E772B6F75357}
		{70CBD07A-0895-47E2-9CB8-6B867A49131F} = {DC0016F5-89F2-4164-A4DE-E772B6F75357}
		{CFA0E592-F09A-49DE-A576-2A32F477FCE8} = {B93F3F85-DA80-48CF-A549-9217DD34DD11}
		{68E61446-5F65-497F-B24D-9D89188BB21C} = {DC0016F5-89F2-4164-A4DE-E772B6F75357}
		{459BDF9D-F681-4FC2-A708-106AF56D80BB} = {B93F3F85-DA80-48CF-A549-9217DD34DD11}
		{DFA01E4B-E46F-4CCD-949F-4131087AE8C5} = {B93F3F85-DA80-48CF-A549-9217DD34DD11}
		{98C39F6C-CA3C-485F-8B72-C95D1AF6A389} = {DC0016F5-89F2-4164-A4DE-E772B6F75357}
		{20EA9F32-73D5-49AD-8BE6-F0D9E5C83B32} = {D4EDD1F3-3147-40A8-A40D-7CF39E190808}
		{74A84FC5-6323-4F0C-B2FA-72731292F4C9} = {B93F3F85-DA80-48CF-A549-9217DD34DD11}
		{7A710614-AEBF-4AC3-ADA2-7CED09FAE211} = {59B8EF45-EA19-477D-B57C-5783B7B1C5CF}
		{2FEC262D-7BEA-4CCE-8FB4-98729385DF4F} = {59B8EF45-EA19-477D-B57C-5783B7B1C5CF}
		{2E2024C9-8D54-4659-A0A5-23A13E78086E} = {B93F3F85-DA80-48CF-A549-9217DD34DD11}
		{5C67F6F0-A3EF-4705-9641-B4449C1AA65B} = {B93F3F85-DA80-48CF-A549-9217DD34DD11}
	EndGlobalSection
	GlobalSection(ExtensibilityGlobals) = postSolution
		SolutionGuid = {E9FEED7F-27EC-4720-9CAB-C2E6FDD8556D}
	EndGlobalSection
EndGlobal
